{
  "originHash" : "e50abf3a9df50adb5b9e84773f355c0c0cdb9b1e20bcb20c3092d5ba8c60a45e",
  "pins" : [
    {
      "identity" : "acheron",
      "kind" : "remoteSourceControl",
      "location" : "https://github.com/aepryus/Acheron.git",
      "state" : {
        "branch" : "master",
        "revision" : "02b29e7b94e6c88fcff47d9308452867b2063dd7"
      }
    },
    {
      "identity" : "ooviumengine",
      "kind" : "remoteSourceControl",
      "location" : "https://github.com/aepryus/OoviumEngine.git",
      "state" : {
        "branch" : "master",
        "revision" : "19de7cba7fa5a3f79d955361797bc106fcd0ae99"
      }
    },
    {
      "identity" : "ooviumkit",
      "kind" : "remoteSourceControl",
      "location" : "git@github.com:aepryus/OoviumKit.git",
      "state" : {
        "branch" : "master",
        "revision" : "98195f10b66f7fa3f282823ed9bfa3ad9e260ee8"
      }
    },
    {
      "identity" : "swift-cmark",
      "kind" : "remoteSourceControl",
      "location" : "https://github.com/swiftlang/swift-cmark.git",
      "state" : {
        "revision" : "5d9bdaa4228b381639fff09403e39a04926e2dbe",
        "version" : "0.7.1"
      }
    },
    {
      "identity" : "swift-markdown",
      "kind" : "remoteSourceControl",
      "location" : "https://github.com/swiftlang/swift-markdown",
      "state" : {
        "revision" : "7d9a5ce307528578dfa777d505496bd5f544ad94",
        "version" : "0.7.3"
      }
    },
    {
      "identity" : "swiftmath",
      "kind" : "remoteSourceControl",
      "location" : "https://github.com/mgriebling/SwiftMath",
      "state" : {
        "revision" : "fa8244ed032f4a1ade4cb0571bf87d2f1a9fd2d7",
        "version" : "1.7.3"
      }
    }
  ],
  "version" : 3
}
