{
  "originHash" : "b95b4b5b5f8e29b87336652d963287ede6f752e4239c83f25894d9c15dd600f1",
  "pins" : [
    {
      "identity" : "acheron",
      "kind" : "remoteSourceControl",
      "location" : "https://github.com/aepryus/Acheron.git",
      "state" : {
        "branch" : "master",
        "revision" : "0f99db40d44966d9e146d51ebdee898c29e04388"
      }
    },
    {
      "identity" : "ooviumengine",
      "kind" : "remoteSourceControl",
      "location" : "https://github.com/aepryus/OoviumEngine.git",
      "state" : {
        "branch" : "master",
        "revision" : "e1cba56e2af31f5a05343ea8afe3f0dd4814bcc0"
      }
    },
    {
      "identity" : "ooviumkit",
      "kind" : "remoteSourceControl",
      "location" : "https://github.com/aepryus/OoviumKit",
      "state" : {
        "branch" : "master",
        "revision" : "f625bc9d2e772bf72c75c87d7a2878df0acf2a3b"
      }
    },
    {
      "identity" : "swift-cmark",
      "kind" : "remoteSourceControl",
      "location" : "https://github.com/swiftlang/swift-cmark.git",
      "state" : {
        "revision" : "924936d0427cb25a61169739a7660230bffa6ea6",
        "version" : "0.8.0"
      }
    },
    {
      "identity" : "swift-markdown",
      "kind" : "remoteSourceControl",
      "location" : "https://github.com/swiftlang/swift-markdown",
      "state" : {
        "revision" : "3c6f9523da3a1ec2fd829673e472d95b8097a3b8",
        "version" : "0.8.0"
      }
    },
    {
      "identity" : "swiftmath",
      "kind" : "remoteSourceControl",
      "location" : "https://github.com/mgriebling/SwiftMath",
      "state" : {
        "revision" : "fa8244ed032f4a1ade4cb0571bf87d2f1a9fd2d7",
        "version" : "1.7.3"
      }
    }
  ],
  "version" : 3
}
