// !$*UTF8*$!
{
	archiveVersion = 1;
	classes = {
	};
	objectVersion = 46;
	objects = {

/* Begin PBXBuildFile section */
		D800DD2C214A3CB90036D023 /* Default-568h@2x.png in Resources */ = {isa = PBXBuildFile; fileRef = D800DD2B214A3CB90036D023 /* Default-568h@2x.png */; };
		D80425981E1B4A97009C9ED3 /* AexelsDelegate.swift in Sources */ = {isa = PBXBuildFile; fileRef = D80425971E1B4A97009C9ED3 /* AexelsDelegate.swift */; };
		D804259F1E1B4A97009C9ED3 /* Assets.xcassets in Resources */ = {isa = PBXBuildFile; fileRef = D804259E1E1B4A97009C9ED3 /* Assets.xcassets */; };
		D80425C51E1B4FBD009C9ED3 /* Icon20.png in Resources */ = {isa = PBXBuildFile; fileRef = D80425B91E1B4FBD009C9ED3 /* Icon20.png */; };
		D80425C61E1B4FBD009C9ED3 /* Icon29.png in Resources */ = {isa = PBXBuildFile; fileRef = D80425BA1E1B4FBD009C9ED3 /* Icon29.png */; };
		D80425C71E1B4FBD009C9ED3 /* Icon40.png in Resources */ = {isa = PBXBuildFile; fileRef = D80425BB1E1B4FBD009C9ED3 /* Icon40.png */; };
		D80425C81E1B4FBD009C9ED3 /* Icon58.png in Resources */ = {isa = PBXBuildFile; fileRef = D80425BC1E1B4FBD009C9ED3 /* Icon58.png */; };
		D80425C91E1B4FBD009C9ED3 /* Icon60.png in Resources */ = {isa = PBXBuildFile; fileRef = D80425BD1E1B4FBD009C9ED3 /* Icon60.png */; };
		D80425CA1E1B4FBD009C9ED3 /* Icon76.png in Resources */ = {isa = PBXBuildFile; fileRef = D80425BE1E1B4FBD009C9ED3 /* Icon76.png */; };
		D80425CB1E1B4FBD009C9ED3 /* Icon80.png in Resources */ = {isa = PBXBuildFile; fileRef = D80425BF1E1B4FBD009C9ED3 /* Icon80.png */; };
		D80425CC1E1B4FBD009C9ED3 /* Icon87.png in Resources */ = {isa = PBXBuildFile; fileRef = D80425C01E1B4FBD009C9ED3 /* Icon87.png */; };
		D80425CD1E1B4FBD009C9ED3 /* Icon120.png in Resources */ = {isa = PBXBuildFile; fileRef = D80425C11E1B4FBD009C9ED3 /* Icon120.png */; };
		D80425CE1E1B4FBD009C9ED3 /* Icon152.png in Resources */ = {isa = PBXBuildFile; fileRef = D80425C21E1B4FBD009C9ED3 /* Icon152.png */; };
		D80425CF1E1B4FBD009C9ED3 /* Icon167.png in Resources */ = {isa = PBXBuildFile; fileRef = D80425C31E1B4FBD009C9ED3 /* Icon167.png */; };
		D80425D01E1B4FBD009C9ED3 /* Icon180.png in Resources */ = {isa = PBXBuildFile; fileRef = D80425C41E1B4FBD009C9ED3 /* Icon180.png */; };
		D80425D71E1B50D7009C9ED3 /* Aexels.txt in Resources */ = {isa = PBXBuildFile; fileRef = D80425D11E1B50D7009C9ED3 /* Aexels.txt */; };
		D80425D81E1B50D7009C9ED3 /* BackiPad.png in Resources */ = {isa = PBXBuildFile; fileRef = D80425D21E1B50D7009C9ED3 /* BackiPad.png */; };
		D80425D91E1B50D7009C9ED3 /* Demons.oo in Resources */ = {isa = PBXBuildFile; fileRef = D80425D31E1B50D7009C9ED3 /* Demons.oo */; };
		D80425DA1E1B50D7009C9ED3 /* Game of Life.oo in Resources */ = {isa = PBXBuildFile; fileRef = D80425D41E1B50D7009C9ED3 /* Game of Life.oo */; };
		D80425DB1E1B50D7009C9ED3 /* TrajanPro-Bold.ttf in Resources */ = {isa = PBXBuildFile; fileRef = D80425D51E1B50D7009C9ED3 /* TrajanPro-Bold.ttf */; };
		D80425DC1E1B50D7009C9ED3 /* TrajanPro-Regular.otf in Resources */ = {isa = PBXBuildFile; fileRef = D80425D61E1B50D7009C9ED3 /* TrajanPro-Regular.otf */; };
		D80425E51E1B5876009C9ED3 /* Aexels.swift in Sources */ = {isa = PBXBuildFile; fileRef = D80425E41E1B5876009C9ED3 /* Aexels.swift */; };
		D80425E91E1B5C74009C9ED3 /* NexusViewController.swift in Sources */ = {isa = PBXBuildFile; fileRef = D80425E81E1B5C74009C9ED3 /* NexusViewController.swift */; };
		D80425EB1E1B5EEE009C9ED3 /* NexusButton.swift in Sources */ = {isa = PBXBuildFile; fileRef = D80425EA1E1B5EEE009C9ED3 /* NexusButton.swift */; };
		D80425F01E1B70FA009C9ED3 /* UIFont+AX.swift in Sources */ = {isa = PBXBuildFile; fileRef = D80425EF1E1B70FA009C9ED3 /* UIFont+AX.swift */; };
		D80425F21E1B7A70009C9ED3 /* NexusLabel.swift in Sources */ = {isa = PBXBuildFile; fileRef = D80425F11E1B7A70009C9ED3 /* NexusLabel.swift */; };
		D80425F91E1B9157009C9ED3 /* MessageLimbo.swift in Sources */ = {isa = PBXBuildFile; fileRef = D80425F81E1B9157009C9ED3 /* MessageLimbo.swift */; };
		D80425FB1E1B9172009C9ED3 /* Limbo.swift in Sources */ = {isa = PBXBuildFile; fileRef = D80425FA1E1B9172009C9ED3 /* Limbo.swift */; };
		D80426001E1BA7C6009C9ED3 /* Localizable.strings in Resources */ = {isa = PBXBuildFile; fileRef = D80425FE1E1BA7C6009C9ED3 /* Localizable.strings */; };
		D81D322821611DB9005959EE /* Day & Night iP.oo in Resources */ = {isa = PBXBuildFile; fileRef = D81D322721611DB9005959EE /* Day & Night iP.oo */; };
		D81D322A21611EAA005959EE /* WalledCities iP.oo in Resources */ = {isa = PBXBuildFile; fileRef = D81D322921611EAA005959EE /* WalledCities iP.oo */; };
		D81D322C216120A7005959EE /* Move iP.oo in Resources */ = {isa = PBXBuildFile; fileRef = D81D322B216120A7005959EE /* Move iP.oo */; };
		D81D322E216125FC005959EE /* Day & Night.oo in Resources */ = {isa = PBXBuildFile; fileRef = D81D322D216125FC005959EE /* Day & Night.oo */; };
		D81D3232216126D3005959EE /* WalledCities.oo in Resources */ = {isa = PBXBuildFile; fileRef = D81D3231216126D3005959EE /* WalledCities.oo */; };
		D81D3234216127A2005959EE /* Move.oo in Resources */ = {isa = PBXBuildFile; fileRef = D81D3233216127A2005959EE /* Move.oo */; };
		D828617A1E6B8666006E76F1 /* Back6.png in Resources */ = {isa = PBXBuildFile; fileRef = D82861791E6B8666006E76F1 /* Back6.png */; };
		D828617D1E6B87A4006E76F1 /* Back4.png in Resources */ = {isa = PBXBuildFile; fileRef = D828617B1E6B87A4006E76F1 /* Back4.png */; };
		D8354B4B1E20D32700288C72 /* CellularView.swift in Sources */ = {isa = PBXBuildFile; fileRef = D8354B4A1E20D32700288C72 /* CellularView.swift */; };
		D8354B4D1E217CF300288C72 /* PlayButton.swift in Sources */ = {isa = PBXBuildFile; fileRef = D8354B4C1E217CF300288C72 /* PlayButton.swift */; };
		D83BB807229B9ABF0010D4D0 /* Acheron.framework in Frameworks */ = {isa = PBXBuildFile; fileRef = D8C4554C2234D134004D971E /* Acheron.framework */; };
		D83BB808229B9ABF0010D4D0 /* Acheron.framework in Embed Frameworks */ = {isa = PBXBuildFile; fileRef = D8C4554C2234D134004D971E /* Acheron.framework */; settings = {ATTRIBUTES = (CodeSignOnCopy, RemoveHeadersOnCopy, ); }; };
		D841756D2147765D006C1C5B /* ExpButton.swift in Sources */ = {isa = PBXBuildFile; fileRef = D841756C2147765D006C1C5B /* ExpButton.swift */; };
		D84ABD0D2148DAF20036E909 /* Game of Life iP.oo in Resources */ = {isa = PBXBuildFile; fileRef = D84ABD0C2148DAF20036E909 /* Game of Life iP.oo */; };
		D84ABD0F2148DB090036E909 /* Demons iP.oo in Resources */ = {isa = PBXBuildFile; fileRef = D84ABD0E2148DB090036E909 /* Demons iP.oo */; };
		D84B0C141E4EF126001472FC /* ResetButton.swift in Sources */ = {isa = PBXBuildFile; fileRef = D84B0C131E4EF126001472FC /* ResetButton.swift */; };
		D84B0C161E4EF132001472FC /* GuideButton.swift in Sources */ = {isa = PBXBuildFile; fileRef = D84B0C151E4EF132001472FC /* GuideButton.swift */; };
		D84B0C181E5051DC001472FC /* DilatorView.swift in Sources */ = {isa = PBXBuildFile; fileRef = D84B0C171E5051DC001472FC /* DilatorView.swift */; };
		D85C82E520C6FE1300B0D931 /* NetButton.swift in Sources */ = {isa = PBXBuildFile; fileRef = D85C82E420C6FE1300B0D931 /* NetButton.swift */; };
		D862F1B71E59842000612627 /* NewtonianView.swift in Sources */ = {isa = PBXBuildFile; fileRef = D862F1B61E59842000612627 /* NewtonianView.swift */; };
		D862F1B91E59844000612627 /* KinematicsView.swift in Sources */ = {isa = PBXBuildFile; fileRef = D862F1B81E59844000612627 /* KinematicsView.swift */; };
		D862F1BB1E5984C600612627 /* Simulation.swift in Sources */ = {isa = PBXBuildFile; fileRef = D862F1BA1E5984C600612627 /* Simulation.swift */; };
		D865EC3C215E1774003A2570 /* Back5.png in Resources */ = {isa = PBXBuildFile; fileRef = D865EC3B215E1774003A2570 /* Back5.png */; };
		D879EA1922B5BE81003B9B47 /* GravityView.swift in Sources */ = {isa = PBXBuildFile; fileRef = D879EA1822B5BE81003B9B47 /* GravityView.swift */; };
		D87E1C9422873C23003608EB /* AXSync.swift in Sources */ = {isa = PBXBuildFile; fileRef = D87E1C9322873C23003608EB /* AXSync.swift */; };
		D88C3F0521751FCE005B2EB0 /* Gravity@2x.png in Resources */ = {isa = PBXBuildFile; fileRef = D88C3F0421751FCE005B2EB0 /* Gravity@2x.png */; };
		D8966ECB214535910002D6E8 /* LimboButton.swift in Sources */ = {isa = PBXBuildFile; fileRef = D8966ECA214535910002D6E8 /* LimboButton.swift */; };
		D897475B2164E88A0065FFAC /* Sweetness iP.oo in Resources */ = {isa = PBXBuildFile; fileRef = D897475A2164E88A0065FFAC /* Sweetness iP.oo */; };
		D897475D2164E8B40065FFAC /* Sweetness.oo in Resources */ = {isa = PBXBuildFile; fileRef = D897475C2164E8B40065FFAC /* Sweetness.oo */; };
		D8A09D5426E0CDF900A7BB5C /* OoviumKit.framework in Frameworks */ = {isa = PBXBuildFile; fileRef = D8A09D5326E0CDF900A7BB5C /* OoviumKit.framework */; };
		D8A09D5526E0CDF900A7BB5C /* OoviumKit.framework in Embed Frameworks */ = {isa = PBXBuildFile; fileRef = D8A09D5326E0CDF900A7BB5C /* OoviumKit.framework */; settings = {ATTRIBUTES = (CodeSignOnCopy, RemoveHeadersOnCopy, ); }; };
		D8A09D5726E18A2D00A7BB5C /* ChicagoFLF.ttf in Resources */ = {isa = PBXBuildFile; fileRef = D8A09D5626E0D8B500A7BB5C /* ChicagoFLF.ttf */; };
		D8A19A9820B1ECCD002518F4 /* AXButton.swift in Sources */ = {isa = PBXBuildFile; fileRef = D8A19A9720B1ECCD002518F4 /* AXButton.swift */; };
		D8ABB6F31E7537F1001FE14F /* SliderView.swift in Sources */ = {isa = PBXBuildFile; fileRef = D8ABB6F21E7537F1001FE14F /* SliderView.swift */; };
		D8ABF4B91E21925400F7B4D6 /* CellularEngine.swift in Sources */ = {isa = PBXBuildFile; fileRef = D8ABF4B81E21925400F7B4D6 /* CellularEngine.swift */; };
		D8AC412B24D66EF6003D14B0 /* EquivalenceExplorer.swift in Sources */ = {isa = PBXBuildFile; fileRef = D8AC412A24D66EF6003D14B0 /* EquivalenceExplorer.swift */; };
		D8ACCCEB217657FC00B2C1A6 /* TouchingGesture.swift in Sources */ = {isa = PBXBuildFile; fileRef = D8ACCCEA217657FC00B2C1A6 /* TouchingGesture.swift */; };
		D8AEA9142172FE4300303E1F /* DilaDeriv@2x.png in Resources */ = {isa = PBXBuildFile; fileRef = D8AEA9132172FE4300303E1F /* DilaDeriv@2x.png */; };
		D8AEA91621737D4300303E1F /* Escape@2x.png in Resources */ = {isa = PBXBuildFile; fileRef = D8AEA91521737D4300303E1F /* Escape@2x.png */; };
		D8AEA9182173A7AF00303E1F /* SurfDila@2x.png in Resources */ = {isa = PBXBuildFile; fileRef = D8AEA9172173A7AF00303E1F /* SurfDila@2x.png */; };
		D8AEA91A217420D700303E1F /* InfinDila@2x.png in Resources */ = {isa = PBXBuildFile; fileRef = D8AEA919217420D700303E1F /* InfinDila@2x.png */; };
		D8B13C021E1E2ECF00E02E16 /* Explorer.swift in Sources */ = {isa = PBXBuildFile; fileRef = D8B13C011E1E2ECF00E02E16 /* Explorer.swift */; };
		D8B13C0B1E1E3E0400E02E16 /* IntroExplorer.swift in Sources */ = {isa = PBXBuildFile; fileRef = D8B13C0A1E1E3E0400E02E16 /* IntroExplorer.swift */; };
		D8B13C0D1E1E3E3A00E02E16 /* CellularExplorer.swift in Sources */ = {isa = PBXBuildFile; fileRef = D8B13C0C1E1E3E3A00E02E16 /* CellularExplorer.swift */; };
		D8B13C0F1E1E3E7000E02E16 /* KinematicsExplorer.swift in Sources */ = {isa = PBXBuildFile; fileRef = D8B13C0E1E1E3E7000E02E16 /* KinematicsExplorer.swift */; };
		D8B13C131E1E3EA800E02E16 /* GravityExplorer.swift in Sources */ = {isa = PBXBuildFile; fileRef = D8B13C121E1E3EA800E02E16 /* GravityExplorer.swift */; };
		D8B13C151E1E3ED200E02E16 /* DilationExplorer.swift in Sources */ = {isa = PBXBuildFile; fileRef = D8B13C141E1E3ED200E02E16 /* DilationExplorer.swift */; };
		D8B13C171E1E3EF800E02E16 /* ContractionExplorer.swift in Sources */ = {isa = PBXBuildFile; fileRef = D8B13C161E1E3EF800E02E16 /* ContractionExplorer.swift */; };
		D8B13C191E1E3F2900E02E16 /* DarknessExplorer.swift in Sources */ = {isa = PBXBuildFile; fileRef = D8B13C181E1E3F2900E02E16 /* DarknessExplorer.swift */; };
		D8B13C1B1E1EBD5700E02E16 /* MaskView.swift in Sources */ = {isa = PBXBuildFile; fileRef = D8B13C1A1E1EBD5700E02E16 /* MaskView.swift */; };
		D8B32FB91E90B2560052BF21 /* SwapButton.swift in Sources */ = {isa = PBXBuildFile; fileRef = D8B32FB81E90B2560052BF21 /* SwapButton.swift */; };
		D8B32FBB1E9202080052BF21 /* VectorView.swift in Sources */ = {isa = PBXBuildFile; fileRef = D8B32FBA1E9202080052BF21 /* VectorView.swift */; };
		D8B6EBC820B16E4100852A48 /* ContentLimbo.swift in Sources */ = {isa = PBXBuildFile; fileRef = D8B6EBC720B16E4100852A48 /* ContentLimbo.swift */; };
		D8C2648E21713ABF00E03E77 /* OddsAndEndsExplorer.swift in Sources */ = {isa = PBXBuildFile; fileRef = D8C2648D21713ABF00E03E77 /* OddsAndEndsExplorer.swift */; };
		D8C64A7C2171D90800F56591 /* Dilation@2x.png in Resources */ = {isa = PBXBuildFile; fileRef = D8C64A7B2171D90800F56591 /* Dilation@2x.png */; };
		D8E666F71FB022A3009D136C /* Icon1024.png in Resources */ = {isa = PBXBuildFile; fileRef = D8E666F61FB022A3009D136C /* Icon1024.png */; };
/* End PBXBuildFile section */

/* Begin PBXCopyFilesBuildPhase section */
		D83BB809229B9ABF0010D4D0 /* Embed Frameworks */ = {
			isa = PBXCopyFilesBuildPhase;
			buildActionMask = 2147483647;
			dstPath = "";
			dstSubfolderSpec = 10;
			files = (
				D8A09D5526E0CDF900A7BB5C /* OoviumKit.framework in Embed Frameworks */,
				D83BB808229B9ABF0010D4D0 /* Acheron.framework in Embed Frameworks */,
			);
			name = "Embed Frameworks";
			runOnlyForDeploymentPostprocessing = 0;
		};
/* End PBXCopyFilesBuildPhase section */

/* Begin PBXFileReference section */
		D800DD2B214A3CB90036D023 /* Default-568h@2x.png */ = {isa = PBXFileReference; lastKnownFileType = image.png; path = "Default-568h@2x.png"; sourceTree = "<group>"; };
		D80425941E1B4A97009C9ED3 /* Aexels.app */ = {isa = PBXFileReference; explicitFileType = wrapper.application; includeInIndex = 0; path = Aexels.app; sourceTree = BUILT_PRODUCTS_DIR; };
		D80425971E1B4A97009C9ED3 /* AexelsDelegate.swift */ = {isa = PBXFileReference; lastKnownFileType = sourcecode.swift; path = AexelsDelegate.swift; sourceTree = "<group>"; };
		D804259E1E1B4A97009C9ED3 /* Assets.xcassets */ = {isa = PBXFileReference; lastKnownFileType = folder.assetcatalog; name = Assets.xcassets; path = ../Aexels/Assets.xcassets; sourceTree = "<group>"; };
		D80425A31E1B4A97009C9ED3 /* Info.plist */ = {isa = PBXFileReference; lastKnownFileType = text.plist.xml; path = Info.plist; sourceTree = "<group>"; };
		D80425B91E1B4FBD009C9ED3 /* Icon20.png */ = {isa = PBXFileReference; lastKnownFileType = image.png; path = Icon20.png; sourceTree = "<group>"; };
		D80425BA1E1B4FBD009C9ED3 /* Icon29.png */ = {isa = PBXFileReference; lastKnownFileType = image.png; path = Icon29.png; sourceTree = "<group>"; };
		D80425BB1E1B4FBD009C9ED3 /* Icon40.png */ = {isa = PBXFileReference; lastKnownFileType = image.png; path = Icon40.png; sourceTree = "<group>"; };
		D80425BC1E1B4FBD009C9ED3 /* Icon58.png */ = {isa = PBXFileReference; lastKnownFileType = image.png; path = Icon58.png; sourceTree = "<group>"; };
		D80425BD1E1B4FBD009C9ED3 /* Icon60.png */ = {isa = PBXFileReference; lastKnownFileType = image.png; path = Icon60.png; sourceTree = "<group>"; };
		D80425BE1E1B4FBD009C9ED3 /* Icon76.png */ = {isa = PBXFileReference; lastKnownFileType = image.png; path = Icon76.png; sourceTree = "<group>"; };
		D80425BF1E1B4FBD009C9ED3 /* Icon80.png */ = {isa = PBXFileReference; lastKnownFileType = image.png; path = Icon80.png; sourceTree = "<group>"; };
		D80425C01E1B4FBD009C9ED3 /* Icon87.png */ = {isa = PBXFileReference; lastKnownFileType = image.png; path = Icon87.png; sourceTree = "<group>"; };
		D80425C11E1B4FBD009C9ED3 /* Icon120.png */ = {isa = PBXFileReference; lastKnownFileType = image.png; path = Icon120.png; sourceTree = "<group>"; };
		D80425C21E1B4FBD009C9ED3 /* Icon152.png */ = {isa = PBXFileReference; lastKnownFileType = image.png; path = Icon152.png; sourceTree = "<group>"; };
		D80425C31E1B4FBD009C9ED3 /* Icon167.png */ = {isa = PBXFileReference; lastKnownFileType = image.png; path = Icon167.png; sourceTree = "<group>"; };
		D80425C41E1B4FBD009C9ED3 /* Icon180.png */ = {isa = PBXFileReference; lastKnownFileType = image.png; path = Icon180.png; sourceTree = "<group>"; };
		D80425D11E1B50D7009C9ED3 /* Aexels.txt */ = {isa = PBXFileReference; fileEncoding = 4; lastKnownFileType = text; path = Aexels.txt; sourceTree = "<group>"; };
		D80425D21E1B50D7009C9ED3 /* BackiPad.png */ = {isa = PBXFileReference; lastKnownFileType = image.png; path = BackiPad.png; sourceTree = "<group>"; };
		D80425D31E1B50D7009C9ED3 /* Demons.oo */ = {isa = PBXFileReference; explicitFileType = text.json; fileEncoding = 4; path = Demons.oo; sourceTree = "<group>"; };
		D80425D41E1B50D7009C9ED3 /* Game of Life.oo */ = {isa = PBXFileReference; explicitFileType = text.json; fileEncoding = 4; path = "Game of Life.oo"; sourceTree = "<group>"; };
		D80425D51E1B50D7009C9ED3 /* TrajanPro-Bold.ttf */ = {isa = PBXFileReference; lastKnownFileType = file; path = "TrajanPro-Bold.ttf"; sourceTree = "<group>"; };
		D80425D61E1B50D7009C9ED3 /* TrajanPro-Regular.otf */ = {isa = PBXFileReference; lastKnownFileType = file; path = "TrajanPro-Regular.otf"; sourceTree = "<group>"; };
		D80425E41E1B5876009C9ED3 /* Aexels.swift */ = {isa = PBXFileReference; fileEncoding = 4; lastKnownFileType = sourcecode.swift; path = Aexels.swift; sourceTree = "<group>"; };
		D80425E81E1B5C74009C9ED3 /* NexusViewController.swift */ = {isa = PBXFileReference; fileEncoding = 4; lastKnownFileType = sourcecode.swift; path = NexusViewController.swift; sourceTree = "<group>"; };
		D80425EA1E1B5EEE009C9ED3 /* NexusButton.swift */ = {isa = PBXFileReference; fileEncoding = 4; lastKnownFileType = sourcecode.swift; path = NexusButton.swift; sourceTree = "<group>"; };
		D80425EF1E1B70FA009C9ED3 /* UIFont+AX.swift */ = {isa = PBXFileReference; fileEncoding = 4; lastKnownFileType = sourcecode.swift; path = "UIFont+AX.swift"; sourceTree = "<group>"; };
		D80425F11E1B7A70009C9ED3 /* NexusLabel.swift */ = {isa = PBXFileReference; fileEncoding = 4; lastKnownFileType = sourcecode.swift; path = NexusLabel.swift; sourceTree = "<group>"; };
		D80425F81E1B9157009C9ED3 /* MessageLimbo.swift */ = {isa = PBXFileReference; fileEncoding = 4; lastKnownFileType = sourcecode.swift; path = MessageLimbo.swift; sourceTree = "<group>"; };
		D80425FA1E1B9172009C9ED3 /* Limbo.swift */ = {isa = PBXFileReference; fileEncoding = 4; lastKnownFileType = sourcecode.swift; path = Limbo.swift; sourceTree = "<group>"; };
		D80425FF1E1BA7C6009C9ED3 /* en */ = {isa = PBXFileReference; lastKnownFileType = text.plist.strings; name = en; path = Resources/en.lproj/Localizable.strings; sourceTree = "<group>"; };
		D81D322721611DB9005959EE /* Day & Night iP.oo */ = {isa = PBXFileReference; explicitFileType = text.json; path = "Day & Night iP.oo"; sourceTree = "<group>"; };
		D81D322921611EAA005959EE /* WalledCities iP.oo */ = {isa = PBXFileReference; explicitFileType = text.json; path = "WalledCities iP.oo"; sourceTree = "<group>"; };
		D81D322B216120A7005959EE /* Move iP.oo */ = {isa = PBXFileReference; explicitFileType = text.json; path = "Move iP.oo"; sourceTree = "<group>"; };
		D81D322D216125FC005959EE /* Day & Night.oo */ = {isa = PBXFileReference; explicitFileType = text.json; path = "Day & Night.oo"; sourceTree = "<group>"; };
		D81D3231216126D3005959EE /* WalledCities.oo */ = {isa = PBXFileReference; explicitFileType = text.json; path = WalledCities.oo; sourceTree = "<group>"; };
		D81D3233216127A2005959EE /* Move.oo */ = {isa = PBXFileReference; explicitFileType = text.json; path = Move.oo; sourceTree = "<group>"; };
		D82861791E6B8666006E76F1 /* Back6.png */ = {isa = PBXFileReference; lastKnownFileType = image.png; path = Back6.png; sourceTree = "<group>"; };
		D828617B1E6B87A4006E76F1 /* Back4.png */ = {isa = PBXFileReference; lastKnownFileType = image.png; path = Back4.png; sourceTree = "<group>"; };
		D8354B4A1E20D32700288C72 /* CellularView.swift */ = {isa = PBXFileReference; fileEncoding = 4; lastKnownFileType = sourcecode.swift; path = CellularView.swift; sourceTree = "<group>"; };
		D8354B4C1E217CF300288C72 /* PlayButton.swift */ = {isa = PBXFileReference; fileEncoding = 4; lastKnownFileType = sourcecode.swift; path = PlayButton.swift; sourceTree = "<group>"; };
		D841756C2147765D006C1C5B /* ExpButton.swift */ = {isa = PBXFileReference; lastKnownFileType = sourcecode.swift; path = ExpButton.swift; sourceTree = "<group>"; };
		D84ABD0C2148DAF20036E909 /* Game of Life iP.oo */ = {isa = PBXFileReference; explicitFileType = text.json; path = "Game of Life iP.oo"; sourceTree = "<group>"; };
		D84ABD0E2148DB090036E909 /* Demons iP.oo */ = {isa = PBXFileReference; explicitFileType = text.json; path = "Demons iP.oo"; sourceTree = "<group>"; };
		D84B0C131E4EF126001472FC /* ResetButton.swift */ = {isa = PBXFileReference; fileEncoding = 4; lastKnownFileType = sourcecode.swift; path = ResetButton.swift; sourceTree = "<group>"; };
		D84B0C151E4EF132001472FC /* GuideButton.swift */ = {isa = PBXFileReference; fileEncoding = 4; lastKnownFileType = sourcecode.swift; path = GuideButton.swift; sourceTree = "<group>"; };
		D84B0C171E5051DC001472FC /* DilatorView.swift */ = {isa = PBXFileReference; fileEncoding = 4; lastKnownFileType = sourcecode.swift; path = DilatorView.swift; sourceTree = "<group>"; };
		D85C82E420C6FE1300B0D931 /* NetButton.swift */ = {isa = PBXFileReference; lastKnownFileType = sourcecode.swift; path = NetButton.swift; sourceTree = "<group>"; };
		D862F1B61E59842000612627 /* NewtonianView.swift */ = {isa = PBXFileReference; fileEncoding = 4; lastKnownFileType = sourcecode.swift; path = NewtonianView.swift; sourceTree = "<group>"; };
		D862F1B81E59844000612627 /* KinematicsView.swift */ = {isa = PBXFileReference; fileEncoding = 4; lastKnownFileType = sourcecode.swift; path = KinematicsView.swift; sourceTree = "<group>"; };
		D862F1BA1E5984C600612627 /* Simulation.swift */ = {isa = PBXFileReference; fileEncoding = 4; lastKnownFileType = sourcecode.swift; path = Simulation.swift; sourceTree = "<group>"; };
		D865EC3B215E1774003A2570 /* Back5.png */ = {isa = PBXFileReference; lastKnownFileType = image.png; path = Back5.png; sourceTree = "<group>"; };
		D879EA1822B5BE81003B9B47 /* GravityView.swift */ = {isa = PBXFileReference; lastKnownFileType = sourcecode.swift; path = GravityView.swift; sourceTree = "<group>"; };
		D87E1C9322873C23003608EB /* AXSync.swift */ = {isa = PBXFileReference; lastKnownFileType = sourcecode.swift; path = AXSync.swift; sourceTree = "<group>"; };
		D88C3F0421751FCE005B2EB0 /* Gravity@2x.png */ = {isa = PBXFileReference; lastKnownFileType = image.png; path = "Gravity@2x.png"; sourceTree = "<group>"; };
		D8966ECA214535910002D6E8 /* LimboButton.swift */ = {isa = PBXFileReference; lastKnownFileType = sourcecode.swift; path = LimboButton.swift; sourceTree = "<group>"; };
		D897475A2164E88A0065FFAC /* Sweetness iP.oo */ = {isa = PBXFileReference; explicitFileType = text.json; path = "Sweetness iP.oo"; sourceTree = "<group>"; };
		D897475C2164E8B40065FFAC /* Sweetness.oo */ = {isa = PBXFileReference; explicitFileType = text.json; path = Sweetness.oo; sourceTree = "<group>"; };
		D8A09D5326E0CDF900A7BB5C /* OoviumKit.framework */ = {isa = PBXFileReference; explicitFileType = wrapper.framework; path = OoviumKit.framework; sourceTree = BUILT_PRODUCTS_DIR; };
		D8A09D5626E0D8B500A7BB5C /* ChicagoFLF.ttf */ = {isa = PBXFileReference; lastKnownFileType = file; path = ChicagoFLF.ttf; sourceTree = "<group>"; };
		D8A19A9720B1ECCD002518F4 /* AXButton.swift */ = {isa = PBXFileReference; lastKnownFileType = sourcecode.swift; path = AXButton.swift; sourceTree = "<group>"; };
		D8ABB6F21E7537F1001FE14F /* SliderView.swift */ = {isa = PBXFileReference; fileEncoding = 4; lastKnownFileType = sourcecode.swift; path = SliderView.swift; sourceTree = "<group>"; };
		D8ABF4B51E218F2500F7B4D6 /* OoviumLib.framework */ = {isa = PBXFileReference; explicitFileType = wrapper.framework; path = OoviumLib.framework; sourceTree = BUILT_PRODUCTS_DIR; };
		D8ABF4B81E21925400F7B4D6 /* CellularEngine.swift */ = {isa = PBXFileReference; fileEncoding = 4; lastKnownFileType = sourcecode.swift; path = CellularEngine.swift; sourceTree = "<group>"; };
		D8AC412A24D66EF6003D14B0 /* EquivalenceExplorer.swift */ = {isa = PBXFileReference; lastKnownFileType = sourcecode.swift; path = EquivalenceExplorer.swift; sourceTree = "<group>"; };
		D8ACCCEA217657FC00B2C1A6 /* TouchingGesture.swift */ = {isa = PBXFileReference; lastKnownFileType = sourcecode.swift; path = TouchingGesture.swift; sourceTree = "<group>"; };
		D8AEA9132172FE4300303E1F /* DilaDeriv@2x.png */ = {isa = PBXFileReference; lastKnownFileType = image.png; path = "DilaDeriv@2x.png"; sourceTree = "<group>"; };
		D8AEA91521737D4300303E1F /* Escape@2x.png */ = {isa = PBXFileReference; lastKnownFileType = image.png; path = "Escape@2x.png"; sourceTree = "<group>"; };
		D8AEA9172173A7AF00303E1F /* SurfDila@2x.png */ = {isa = PBXFileReference; lastKnownFileType = image.png; path = "SurfDila@2x.png"; sourceTree = "<group>"; };
		D8AEA919217420D700303E1F /* InfinDila@2x.png */ = {isa = PBXFileReference; lastKnownFileType = image.png; path = "InfinDila@2x.png"; sourceTree = "<group>"; };
		D8B13C011E1E2ECF00E02E16 /* Explorer.swift */ = {isa = PBXFileReference; fileEncoding = 4; lastKnownFileType = sourcecode.swift; path = Explorer.swift; sourceTree = "<group>"; };
		D8B13C0A1E1E3E0400E02E16 /* IntroExplorer.swift */ = {isa = PBXFileReference; fileEncoding = 4; lastKnownFileType = sourcecode.swift; path = IntroExplorer.swift; sourceTree = "<group>"; };
		D8B13C0C1E1E3E3A00E02E16 /* CellularExplorer.swift */ = {isa = PBXFileReference; fileEncoding = 4; lastKnownFileType = sourcecode.swift; path = CellularExplorer.swift; sourceTree = "<group>"; };
		D8B13C0E1E1E3E7000E02E16 /* KinematicsExplorer.swift */ = {isa = PBXFileReference; fileEncoding = 4; lastKnownFileType = sourcecode.swift; path = KinematicsExplorer.swift; sourceTree = "<group>"; };
		D8B13C121E1E3EA800E02E16 /* GravityExplorer.swift */ = {isa = PBXFileReference; fileEncoding = 4; lastKnownFileType = sourcecode.swift; path = GravityExplorer.swift; sourceTree = "<group>"; };
		D8B13C141E1E3ED200E02E16 /* DilationExplorer.swift */ = {isa = PBXFileReference; fileEncoding = 4; lastKnownFileType = sourcecode.swift; path = DilationExplorer.swift; sourceTree = "<group>"; };
		D8B13C161E1E3EF800E02E16 /* ContractionExplorer.swift */ = {isa = PBXFileReference; fileEncoding = 4; lastKnownFileType = sourcecode.swift; path = ContractionExplorer.swift; sourceTree = "<group>"; };
		D8B13C181E1E3F2900E02E16 /* DarknessExplorer.swift */ = {isa = PBXFileReference; fileEncoding = 4; lastKnownFileType = sourcecode.swift; path = DarknessExplorer.swift; sourceTree = "<group>"; };
		D8B13C1A1E1EBD5700E02E16 /* MaskView.swift */ = {isa = PBXFileReference; fileEncoding = 4; lastKnownFileType = sourcecode.swift; path = MaskView.swift; sourceTree = "<group>"; };
		D8B32FB81E90B2560052BF21 /* SwapButton.swift */ = {isa = PBXFileReference; fileEncoding = 4; lastKnownFileType = sourcecode.swift; path = SwapButton.swift; sourceTree = "<group>"; };
		D8B32FBA1E9202080052BF21 /* VectorView.swift */ = {isa = PBXFileReference; fileEncoding = 4; lastKnownFileType = sourcecode.swift; path = VectorView.swift; sourceTree = "<group>"; };
		D8B6EBC720B16E4100852A48 /* ContentLimbo.swift */ = {isa = PBXFileReference; lastKnownFileType = sourcecode.swift; path = ContentLimbo.swift; sourceTree = "<group>"; };
		D8BA9DCA2364025C00E5E47F /* Aexels.entitlements */ = {isa = PBXFileReference; lastKnownFileType = text.plist.entitlements; path = Aexels.entitlements; sourceTree = "<group>"; };
		D8C2648D21713ABF00E03E77 /* OddsAndEndsExplorer.swift */ = {isa = PBXFileReference; lastKnownFileType = sourcecode.swift; path = OddsAndEndsExplorer.swift; sourceTree = "<group>"; };
		D8C4554C2234D134004D971E /* Acheron.framework */ = {isa = PBXFileReference; explicitFileType = wrapper.framework; path = Acheron.framework; sourceTree = BUILT_PRODUCTS_DIR; };
		D8C64A7B2171D90800F56591 /* Dilation@2x.png */ = {isa = PBXFileReference; lastKnownFileType = image.png; path = "Dilation@2x.png"; sourceTree = "<group>"; };
		D8CB605624550B82006B5B1F /* OoviumLib.framework */ = {isa = PBXFileReference; explicitFileType = wrapper.framework; path = OoviumLib.framework; sourceTree = BUILT_PRODUCTS_DIR; };
		D8CB605924550C3E006B5B1F /* OoviumLib.framework */ = {isa = PBXFileReference; explicitFileType = wrapper.framework; path = OoviumLib.framework; sourceTree = BUILT_PRODUCTS_DIR; };
		D8E666F61FB022A3009D136C /* Icon1024.png */ = {isa = PBXFileReference; lastKnownFileType = image.png; path = Icon1024.png; sourceTree = "<group>"; };
		D8FD7E6E1E1E20CD00325115 /* Crashlytics.framework */ = {isa = PBXFileReference; lastKnownFileType = wrapper.framework; name = Crashlytics.framework; path = Frameworks/Crashlytics.framework; sourceTree = "<group>"; };
		D8FD7E6F1E1E20CD00325115 /* Fabric.framework */ = {isa = PBXFileReference; lastKnownFileType = wrapper.framework; name = Fabric.framework; path = Frameworks/Fabric.framework; sourceTree = "<group>"; };
/* End PBXFileReference section */

/* Begin PBXFrameworksBuildPhase section */
		D80425911E1B4A97009C9ED3 /* Frameworks */ = {
			isa = PBXFrameworksBuildPhase;
			buildActionMask = 2147483647;
			files = (
				D8A09D5426E0CDF900A7BB5C /* OoviumKit.framework in Frameworks */,
				D83BB807229B9ABF0010D4D0 /* Acheron.framework in Frameworks */,
			);
			runOnlyForDeploymentPostprocessing = 0;
		};
/* End PBXFrameworksBuildPhase section */

/* Begin PBXGroup section */
		D804258B1E1B4A97009C9ED3 = {
			isa = PBXGroup;
			children = (
				D80425961E1B4A97009C9ED3 /* Aexels */,
				D80425A91E1B4B7A009C9ED3 /* Resources */,
				D8FD7E6C1E1E1FAD00325115 /* Frameworks */,
				D80425951E1B4A97009C9ED3 /* Products */,
			);
			sourceTree = "<group>";
		};
		D80425951E1B4A97009C9ED3 /* Products */ = {
			isa = PBXGroup;
			children = (
				D80425941E1B4A97009C9ED3 /* Aexels.app */,
			);
			name = Products;
			sourceTree = "<group>";
		};
		D80425961E1B4A97009C9ED3 /* Aexels */ = {
			isa = PBXGroup;
			children = (
				D80425E01E1B5444009C9ED3 /* Utility */,
				D80425E31E1B5465009C9ED3 /* Simulation */,
				D80425E21E1B5450009C9ED3 /* Interface */,
				D80425E11E1B544A009C9ED3 /* Global */,
			);
			path = Aexels;
			sourceTree = "<group>";
		};
		D80425A91E1B4B7A009C9ED3 /* Resources */ = {
			isa = PBXGroup;
			children = (
				D80425AA1E1B4BF3009C9ED3 /* Icons */,
				D80425DF1E1B50E9009C9ED3 /* Images */,
				D80425DD1E1B50DC009C9ED3 /* Fonts */,
				D80425DE1E1B50E3009C9ED3 /* Aethers */,
				D804259E1E1B4A97009C9ED3 /* Assets.xcassets */,
				D80425FE1E1BA7C6009C9ED3 /* Localizable.strings */,
				D80425D11E1B50D7009C9ED3 /* Aexels.txt */,
			);
			path = Resources;
			sourceTree = "<group>";
		};
		D80425AA1E1B4BF3009C9ED3 /* Icons */ = {
			isa = PBXGroup;
			children = (
				D80425B91E1B4FBD009C9ED3 /* Icon20.png */,
				D80425BA1E1B4FBD009C9ED3 /* Icon29.png */,
				D80425BB1E1B4FBD009C9ED3 /* Icon40.png */,
				D80425BC1E1B4FBD009C9ED3 /* Icon58.png */,
				D80425BD1E1B4FBD009C9ED3 /* Icon60.png */,
				D80425BE1E1B4FBD009C9ED3 /* Icon76.png */,
				D80425BF1E1B4FBD009C9ED3 /* Icon80.png */,
				D80425C01E1B4FBD009C9ED3 /* Icon87.png */,
				D80425C11E1B4FBD009C9ED3 /* Icon120.png */,
				D80425C21E1B4FBD009C9ED3 /* Icon152.png */,
				D80425C31E1B4FBD009C9ED3 /* Icon167.png */,
				D80425C41E1B4FBD009C9ED3 /* Icon180.png */,
				D8E666F61FB022A3009D136C /* Icon1024.png */,
			);
			name = Icons;
			sourceTree = "<group>";
		};
		D80425DD1E1B50DC009C9ED3 /* Fonts */ = {
			isa = PBXGroup;
			children = (
				D80425D61E1B50D7009C9ED3 /* TrajanPro-Regular.otf */,
				D80425D51E1B50D7009C9ED3 /* TrajanPro-Bold.ttf */,
				D8A09D5626E0D8B500A7BB5C /* ChicagoFLF.ttf */,
			);
			name = Fonts;
			sourceTree = "<group>";
		};
		D80425DE1E1B50E3009C9ED3 /* Aethers */ = {
			isa = PBXGroup;
			children = (
				D81D322721611DB9005959EE /* Day & Night iP.oo */,
				D81D322D216125FC005959EE /* Day & Night.oo */,
				D84ABD0E2148DB090036E909 /* Demons iP.oo */,
				D80425D31E1B50D7009C9ED3 /* Demons.oo */,
				D84ABD0C2148DAF20036E909 /* Game of Life iP.oo */,
				D80425D41E1B50D7009C9ED3 /* Game of Life.oo */,
				D81D322B216120A7005959EE /* Move iP.oo */,
				D81D3233216127A2005959EE /* Move.oo */,
				D897475A2164E88A0065FFAC /* Sweetness iP.oo */,
				D897475C2164E8B40065FFAC /* Sweetness.oo */,
				D81D322921611EAA005959EE /* WalledCities iP.oo */,
				D81D3231216126D3005959EE /* WalledCities.oo */,
			);
			name = Aethers;
			sourceTree = "<group>";
		};
		D80425DF1E1B50E9009C9ED3 /* Images */ = {
			isa = PBXGroup;
			children = (
				D828617B1E6B87A4006E76F1 /* Back4.png */,
				D865EC3B215E1774003A2570 /* Back5.png */,
				D82861791E6B8666006E76F1 /* Back6.png */,
				D80425D21E1B50D7009C9ED3 /* BackiPad.png */,
				D800DD2B214A3CB90036D023 /* Default-568h@2x.png */,
				D8AEA9132172FE4300303E1F /* DilaDeriv@2x.png */,
				D8C64A7B2171D90800F56591 /* Dilation@2x.png */,
				D8AEA91521737D4300303E1F /* Escape@2x.png */,
				D88C3F0421751FCE005B2EB0 /* Gravity@2x.png */,
				D8AEA919217420D700303E1F /* InfinDila@2x.png */,
				D8AEA9172173A7AF00303E1F /* SurfDila@2x.png */,
			);
			name = Images;
			sourceTree = "<group>";
		};
		D80425E01E1B5444009C9ED3 /* Utility */ = {
			isa = PBXGroup;
			children = (
				D80425F31E1B8A8B009C9ED3 /* Extensions */,
			);
			name = Utility;
			sourceTree = "<group>";
		};
		D80425E11E1B544A009C9ED3 /* Global */ = {
			isa = PBXGroup;
			children = (
				D80425E61E1B5943009C9ED3 /* Support Files */,
				D80425971E1B4A97009C9ED3 /* AexelsDelegate.swift */,
				D80425E41E1B5876009C9ED3 /* Aexels.swift */,
			);
			name = Global;
			sourceTree = "<group>";
		};
		D80425E21E1B5450009C9ED3 /* Interface */ = {
			isa = PBXGroup;
			children = (
				D80425EC1E1B6DCC009C9ED3 /* Utility */,
				D82861781E6B51EE006E76F1 /* Explorers */,
				D80425E71E1B5C43009C9ED3 /* Nexus */,
			);
			name = Interface;
			sourceTree = "<group>";
		};
		D80425E31E1B5465009C9ED3 /* Simulation */ = {
			isa = PBXGroup;
			children = (
				D87E1C9322873C23003608EB /* AXSync.swift */,
				D862F1BA1E5984C600612627 /* Simulation.swift */,
			);
			name = Simulation;
			sourceTree = "<group>";
		};
		D80425E61E1B5943009C9ED3 /* Support Files */ = {
			isa = PBXGroup;
			children = (
				D80425A31E1B4A97009C9ED3 /* Info.plist */,
				D8BA9DCA2364025C00E5E47F /* Aexels.entitlements */,
			);
			name = "Support Files";
			sourceTree = "<group>";
		};
		D80425E71E1B5C43009C9ED3 /* Nexus */ = {
			isa = PBXGroup;
			children = (
				D8ACCCEA217657FC00B2C1A6 /* TouchingGesture.swift */,
				D8B13C011E1E2ECF00E02E16 /* Explorer.swift */,
				D80425F11E1B7A70009C9ED3 /* NexusLabel.swift */,
				D80425EA1E1B5EEE009C9ED3 /* NexusButton.swift */,
				D80425E81E1B5C74009C9ED3 /* NexusViewController.swift */,
			);
			name = Nexus;
			sourceTree = "<group>";
		};
		D80425EC1E1B6DCC009C9ED3 /* Utility */ = {
			isa = PBXGroup;
			children = (
				D8B13C1A1E1EBD5700E02E16 /* MaskView.swift */,
				D8ABB6F21E7537F1001FE14F /* SliderView.swift */,
				D8A19A9720B1ECCD002518F4 /* AXButton.swift */,
				D8354B4C1E217CF300288C72 /* PlayButton.swift */,
				D8B32FB81E90B2560052BF21 /* SwapButton.swift */,
				D80425FA1E1B9172009C9ED3 /* Limbo.swift */,
				D8966ECA214535910002D6E8 /* LimboButton.swift */,
				D8B6EBC720B16E4100852A48 /* ContentLimbo.swift */,
				D80425F81E1B9157009C9ED3 /* MessageLimbo.swift */,
			);
			name = Utility;
			sourceTree = "<group>";
		};
		D80425F31E1B8A8B009C9ED3 /* Extensions */ = {
			isa = PBXGroup;
			children = (
				D80425EF1E1B70FA009C9ED3 /* UIFont+AX.swift */,
			);
			name = Extensions;
			sourceTree = "<group>";
		};
		D82861781E6B51EE006E76F1 /* Explorers */ = {
			isa = PBXGroup;
			children = (
				D8B13C091E1E3DF000E02E16 /* Intro */,
				D8B13C031E1E2EDA00E02E16 /* Cellular Automata */,
				D8B13C041E1E2EEB00E02E16 /* Kinematics */,
				D8B13C051E1E2EF100E02E16 /* Gravity */,
				D8B13C061E1E2F0000E02E16 /* Dilation */,
				D8B13C071E1E2F0700E02E16 /* Contraction */,
				D8B13C081E1E2F1200E02E16 /* Darkness */,
				D8AC412924D66ED2003D14B0 /* Equivalence */,
				D8C2648A21713A7C00E03E77 /* Odds and Ends */,
			);
			name = Explorers;
			sourceTree = "<group>";
		};
		D8AC412924D66ED2003D14B0 /* Equivalence */ = {
			isa = PBXGroup;
			children = (
				D8AC412A24D66EF6003D14B0 /* EquivalenceExplorer.swift */,
			);
			name = Equivalence;
			sourceTree = "<group>";
		};
		D8B13C031E1E2EDA00E02E16 /* Cellular Automata */ = {
			isa = PBXGroup;
			children = (
				D84B0C131E4EF126001472FC /* ResetButton.swift */,
				D84B0C151E4EF132001472FC /* GuideButton.swift */,
				D84B0C171E5051DC001472FC /* DilatorView.swift */,
				D8354B4A1E20D32700288C72 /* CellularView.swift */,
				D8ABF4B81E21925400F7B4D6 /* CellularEngine.swift */,
				D8B13C0C1E1E3E3A00E02E16 /* CellularExplorer.swift */,
			);
			name = "Cellular Automata";
			sourceTree = "<group>";
		};
		D8B13C041E1E2EEB00E02E16 /* Kinematics */ = {
			isa = PBXGroup;
			children = (
				D841756C2147765D006C1C5B /* ExpButton.swift */,
				D85C82E420C6FE1300B0D931 /* NetButton.swift */,
				D8B32FBA1E9202080052BF21 /* VectorView.swift */,
				D862F1B61E59842000612627 /* NewtonianView.swift */,
				D862F1B81E59844000612627 /* KinematicsView.swift */,
				D8B13C0E1E1E3E7000E02E16 /* KinematicsExplorer.swift */,
			);
			name = Kinematics;
			sourceTree = "<group>";
		};
		D8B13C051E1E2EF100E02E16 /* Gravity */ = {
			isa = PBXGroup;
			children = (
				D879EA1822B5BE81003B9B47 /* GravityView.swift */,
				D8B13C121E1E3EA800E02E16 /* GravityExplorer.swift */,
			);
			name = Gravity;
			sourceTree = "<group>";
		};
		D8B13C061E1E2F0000E02E16 /* Dilation */ = {
			isa = PBXGroup;
			children = (
				D8B13C141E1E3ED200E02E16 /* DilationExplorer.swift */,
			);
			name = Dilation;
			sourceTree = "<group>";
		};
		D8B13C071E1E2F0700E02E16 /* Contraction */ = {
			isa = PBXGroup;
			children = (
				D8B13C161E1E3EF800E02E16 /* ContractionExplorer.swift */,
			);
			name = Contraction;
			sourceTree = "<group>";
		};
		D8B13C081E1E2F1200E02E16 /* Darkness */ = {
			isa = PBXGroup;
			children = (
				D8B13C181E1E3F2900E02E16 /* DarknessExplorer.swift */,
			);
			name = Darkness;
			sourceTree = "<group>";
		};
		D8B13C091E1E3DF000E02E16 /* Intro */ = {
			isa = PBXGroup;
			children = (
				D8B13C0A1E1E3E0400E02E16 /* IntroExplorer.swift */,
			);
			name = Intro;
			sourceTree = "<group>";
		};
		D8C2648A21713A7C00E03E77 /* Odds and Ends */ = {
			isa = PBXGroup;
			children = (
				D8C2648D21713ABF00E03E77 /* OddsAndEndsExplorer.swift */,
			);
			name = "Odds and Ends";
			sourceTree = "<group>";
		};
		D8FD7E6C1E1E1FAD00325115 /* Frameworks */ = {
			isa = PBXGroup;
			children = (
				D8A09D5326E0CDF900A7BB5C /* OoviumKit.framework */,
				D8CB605924550C3E006B5B1F /* OoviumLib.framework */,
				D8CB605624550B82006B5B1F /* OoviumLib.framework */,
				D8C4554C2234D134004D971E /* Acheron.framework */,
				D8FD7E6E1E1E20CD00325115 /* Crashlytics.framework */,
				D8FD7E6F1E1E20CD00325115 /* Fabric.framework */,
				D8ABF4B51E218F2500F7B4D6 /* OoviumLib.framework */,
			);
			name = Frameworks;
			sourceTree = "<group>";
		};
/* End PBXGroup section */

/* Begin PBXNativeTarget section */
		D80425931E1B4A97009C9ED3 /* Aexels */ = {
			isa = PBXNativeTarget;
			buildConfigurationList = D80425A61E1B4A97009C9ED3 /* Build configuration list for PBXNativeTarget "Aexels" */;
			buildPhases = (
				D80425901E1B4A97009C9ED3 /* Sources */,
				D80425911E1B4A97009C9ED3 /* Frameworks */,
				D80425921E1B4A97009C9ED3 /* Resources */,
				D83BB809229B9ABF0010D4D0 /* Embed Frameworks */,
			);
			buildRules = (
			);
			dependencies = (
			);
			name = Aexels;
			productName = Aexels;
			productReference = D80425941E1B4A97009C9ED3 /* Aexels.app */;
			productType = "com.apple.product-type.application";
		};
/* End PBXNativeTarget section */

/* Begin PBXProject section */
		D804258C1E1B4A97009C9ED3 /* Project object */ = {
			isa = PBXProject;
			attributes = {
				LastSwiftUpdateCheck = 0820;
				LastUpgradeCheck = 1240;
				ORGANIZATIONNAME = "Aepryus Software";
				TargetAttributes = {
					D80425931E1B4A97009C9ED3 = {
						CreatedOnToolsVersion = 8.2.1;
						DevelopmentTeam = Z6PFG8RC6V;
						LastSwiftMigration = 1020;
						ProvisioningStyle = Automatic;
						SystemCapabilities = {
							com.apple.AccessWiFi = {
								enabled = 0;
							};
							com.apple.ApplePay = {
								enabled = 0;
							};
							com.apple.ApplicationGroups.iOS = {
								enabled = 0;
							};
							com.apple.AutoFillCredentialProvider = {
								enabled = 0;
							};
							com.apple.BackgroundModes = {
								enabled = 0;
							};
							com.apple.ClassKit = {
								enabled = 0;
							};
							com.apple.DataProtection = {
								enabled = 0;
							};
							com.apple.GameCenter.iOS = {
								enabled = 0;
							};
							com.apple.HealthKit = {
								enabled = 0;
							};
							com.apple.HomeKit = {
								enabled = 0;
							};
							com.apple.HotspotConfiguration = {
								enabled = 0;
							};
							com.apple.InAppPurchase = {
								enabled = 0;
							};
							com.apple.InterAppAudio = {
								enabled = 0;
							};
							com.apple.Keychain = {
								enabled = 0;
							};
							com.apple.Maps.iOS = {
								enabled = 0;
							};
							com.apple.Multipath = {
								enabled = 0;
							};
							com.apple.NearFieldCommunicationTagReading = {
								enabled = 0;
							};
							com.apple.NetworkExtensions.iOS = {
								enabled = 0;
							};
							com.apple.Push = {
								enabled = 0;
							};
							com.apple.SafariKeychain = {
								enabled = 0;
							};
							com.apple.Siri = {
								enabled = 0;
							};
							com.apple.VPNLite = {
								enabled = 0;
							};
							com.apple.WAC = {
								enabled = 0;
							};
							com.apple.Wallet = {
								enabled = 0;
							};
							com.apple.iCloud = {
								enabled = 0;
							};
						};
					};
				};
			};
			buildConfigurationList = D804258F1E1B4A97009C9ED3 /* Build configuration list for PBXProject "Aexels" */;
			compatibilityVersion = "Xcode 3.2";
			developmentRegion = en;
			hasScannedForEncodings = 0;
			knownRegions = (
				en,
				Base,
			);
			mainGroup = D804258B1E1B4A97009C9ED3;
			productRefGroup = D80425951E1B4A97009C9ED3 /* Products */;
			projectDirPath = "";
			projectRoot = "";
			targets = (
				D80425931E1B4A97009C9ED3 /* Aexels */,
			);
		};
/* End PBXProject section */

/* Begin PBXResourcesBuildPhase section */
		D80425921E1B4A97009C9ED3 /* Resources */ = {
			isa = PBXResourcesBuildPhase;
			buildActionMask = 2147483647;
			files = (
				D80425DA1E1B50D7009C9ED3 /* Game of Life.oo in Resources */,
				D80425C61E1B4FBD009C9ED3 /* Icon29.png in Resources */,
				D8A09D5726E18A2D00A7BB5C /* ChicagoFLF.ttf in Resources */,
				D80425CE1E1B4FBD009C9ED3 /* Icon152.png in Resources */,
				D80425DC1E1B50D7009C9ED3 /* TrajanPro-Regular.otf in Resources */,
				D80425C51E1B4FBD009C9ED3 /* Icon20.png in Resources */,
				D80426001E1BA7C6009C9ED3 /* Localizable.strings in Resources */,
				D80425CD1E1B4FBD009C9ED3 /* Icon120.png in Resources */,
				D897475B2164E88A0065FFAC /* Sweetness iP.oo in Resources */,
				D828617D1E6B87A4006E76F1 /* Back4.png in Resources */,
				D81D322821611DB9005959EE /* Day & Night iP.oo in Resources */,
				D80425CC1E1B4FBD009C9ED3 /* Icon87.png in Resources */,
				D81D322C216120A7005959EE /* Move iP.oo in Resources */,
				D88C3F0521751FCE005B2EB0 /* Gravity@2x.png in Resources */,
				D80425CF1E1B4FBD009C9ED3 /* Icon167.png in Resources */,
				D800DD2C214A3CB90036D023 /* Default-568h@2x.png in Resources */,
				D80425C71E1B4FBD009C9ED3 /* Icon40.png in Resources */,
				D8AEA9182173A7AF00303E1F /* SurfDila@2x.png in Resources */,
				D897475D2164E8B40065FFAC /* Sweetness.oo in Resources */,
				D80425CA1E1B4FBD009C9ED3 /* Icon76.png in Resources */,
				D81D3234216127A2005959EE /* Move.oo in Resources */,
				D8AEA91A217420D700303E1F /* InfinDila@2x.png in Resources */,
				D80425C81E1B4FBD009C9ED3 /* Icon58.png in Resources */,
				D80425C91E1B4FBD009C9ED3 /* Icon60.png in Resources */,
				D81D322E216125FC005959EE /* Day & Night.oo in Resources */,
				D8E666F71FB022A3009D136C /* Icon1024.png in Resources */,
				D828617A1E6B8666006E76F1 /* Back6.png in Resources */,
				D80425CB1E1B4FBD009C9ED3 /* Icon80.png in Resources */,
				D81D3232216126D3005959EE /* WalledCities.oo in Resources */,
				D80425D91E1B50D7009C9ED3 /* Demons.oo in Resources */,
				D804259F1E1B4A97009C9ED3 /* Assets.xcassets in Resources */,
				D8AEA9142172FE4300303E1F /* DilaDeriv@2x.png in Resources */,
				D8C64A7C2171D90800F56591 /* Dilation@2x.png in Resources */,
				D8AEA91621737D4300303E1F /* Escape@2x.png in Resources */,
				D80425D81E1B50D7009C9ED3 /* BackiPad.png in Resources */,
				D84ABD0F2148DB090036E909 /* Demons iP.oo in Resources */,
				D80425DB1E1B50D7009C9ED3 /* TrajanPro-Bold.ttf in Resources */,
				D80425D71E1B50D7009C9ED3 /* Aexels.txt in Resources */,
				D80425D01E1B4FBD009C9ED3 /* Icon180.png in Resources */,
				D81D322A21611EAA005959EE /* WalledCities iP.oo in Resources */,
				D865EC3C215E1774003A2570 /* Back5.png in Resources */,
				D84ABD0D2148DAF20036E909 /* Game of Life iP.oo in Resources */,
			);
			runOnlyForDeploymentPostprocessing = 0;
		};
/* End PBXResourcesBuildPhase section */

/* Begin PBXSourcesBuildPhase section */
		D80425901E1B4A97009C9ED3 /* Sources */ = {
			isa = PBXSourcesBuildPhase;
			buildActionMask = 2147483647;
			files = (
				D862F1B91E59844000612627 /* KinematicsView.swift in Sources */,
				D879EA1922B5BE81003B9B47 /* GravityView.swift in Sources */,
				D80425981E1B4A97009C9ED3 /* AexelsDelegate.swift in Sources */,
				D862F1BB1E5984C600612627 /* Simulation.swift in Sources */,
				D862F1B71E59842000612627 /* NewtonianView.swift in Sources */,
				D80425F01E1B70FA009C9ED3 /* UIFont+AX.swift in Sources */,
				D8B13C171E1E3EF800E02E16 /* ContractionExplorer.swift in Sources */,
				D8AC412B24D66EF6003D14B0 /* EquivalenceExplorer.swift in Sources */,
				D80425FB1E1B9172009C9ED3 /* Limbo.swift in Sources */,
				D87E1C9422873C23003608EB /* AXSync.swift in Sources */,
				D8ABF4B91E21925400F7B4D6 /* CellularEngine.swift in Sources */,
				D8B13C131E1E3EA800E02E16 /* GravityExplorer.swift in Sources */,
				D80425F91E1B9157009C9ED3 /* MessageLimbo.swift in Sources */,
				D8ACCCEB217657FC00B2C1A6 /* TouchingGesture.swift in Sources */,
				D8B13C0D1E1E3E3A00E02E16 /* CellularExplorer.swift in Sources */,
				D8354B4D1E217CF300288C72 /* PlayButton.swift in Sources */,
				D8ABB6F31E7537F1001FE14F /* SliderView.swift in Sources */,
				D8354B4B1E20D32700288C72 /* CellularView.swift in Sources */,
				D8B13C0F1E1E3E7000E02E16 /* KinematicsExplorer.swift in Sources */,
				D8A19A9820B1ECCD002518F4 /* AXButton.swift in Sources */,
				D80425E91E1B5C74009C9ED3 /* NexusViewController.swift in Sources */,
				D8B13C151E1E3ED200E02E16 /* DilationExplorer.swift in Sources */,
				D80425E51E1B5876009C9ED3 /* Aexels.swift in Sources */,
				D8C2648E21713ABF00E03E77 /* OddsAndEndsExplorer.swift in Sources */,
				D80425F21E1B7A70009C9ED3 /* NexusLabel.swift in Sources */,
				D8B32FB91E90B2560052BF21 /* SwapButton.swift in Sources */,
				D841756D2147765D006C1C5B /* ExpButton.swift in Sources */,
				D85C82E520C6FE1300B0D931 /* NetButton.swift in Sources */,
				D8B32FBB1E9202080052BF21 /* VectorView.swift in Sources */,
				D8B13C021E1E2ECF00E02E16 /* Explorer.swift in Sources */,
				D84B0C161E4EF132001472FC /* GuideButton.swift in Sources */,
				D84B0C141E4EF126001472FC /* ResetButton.swift in Sources */,
				D8B13C191E1E3F2900E02E16 /* DarknessExplorer.swift in Sources */,
				D8B6EBC820B16E4100852A48 /* ContentLimbo.swift in Sources */,
				D84B0C181E5051DC001472FC /* DilatorView.swift in Sources */,
				D80425EB1E1B5EEE009C9ED3 /* NexusButton.swift in Sources */,
				D8966ECB214535910002D6E8 /* LimboButton.swift in Sources */,
				D8B13C0B1E1E3E0400E02E16 /* IntroExplorer.swift in Sources */,
				D8B13C1B1E1EBD5700E02E16 /* MaskView.swift in Sources */,
			);
			runOnlyForDeploymentPostprocessing = 0;
		};
/* End PBXSourcesBuildPhase section */

/* Begin PBXVariantGroup section */
		D80425FE1E1BA7C6009C9ED3 /* Localizable.strings */ = {
			isa = PBXVariantGroup;
			children = (
				D80425FF1E1BA7C6009C9ED3 /* en */,
			);
			name = Localizable.strings;
			path = ..;
			sourceTree = "<group>";
		};
/* End PBXVariantGroup section */

/* Begin XCBuildConfiguration section */
		D80425A41E1B4A97009C9ED3 /* Debug */ = {
			isa = XCBuildConfiguration;
			buildSettings = {
				ALWAYS_SEARCH_USER_PATHS = NO;
				CLANG_ANALYZER_LOCALIZABILITY_NONLOCALIZED = YES;
				CLANG_ANALYZER_NONNULL = YES;
				CLANG_CXX_LANGUAGE_STANDARD = "gnu++0x";
				CLANG_CXX_LIBRARY = "libc++";
				CLANG_ENABLE_MODULES = YES;
				CLANG_ENABLE_OBJC_ARC = YES;
				CLANG_WARN_BLOCK_CAPTURE_AUTORELEASING = YES;
				CLANG_WARN_BOOL_CONVERSION = YES;
				CLANG_WARN_COMMA = YES;
				CLANG_WARN_CONSTANT_CONVERSION = YES;
				CLANG_WARN_DEPRECATED_OBJC_IMPLEMENTATIONS = YES;
				CLANG_WARN_DIRECT_OBJC_ISA_USAGE = YES_ERROR;
				CLANG_WARN_DOCUMENTATION_COMMENTS = YES;
				CLANG_WARN_EMPTY_BODY = YES;
				CLANG_WARN_ENUM_CONVERSION = YES;
				CLANG_WARN_INFINITE_RECURSION = YES;
				CLANG_WARN_INT_CONVERSION = YES;
				CLANG_WARN_NON_LITERAL_NULL_CONVERSION = YES;
				CLANG_WARN_OBJC_IMPLICIT_RETAIN_SELF = YES;
				CLANG_WARN_OBJC_LITERAL_CONVERSION = YES;
				CLANG_WARN_OBJC_ROOT_CLASS = YES_ERROR;
				CLANG_WARN_QUOTED_INCLUDE_IN_FRAMEWORK_HEADER = YES;
				CLANG_WARN_RANGE_LOOP_ANALYSIS = YES;
				CLANG_WARN_STRICT_PROTOTYPES = YES;
				CLANG_WARN_SUSPICIOUS_MOVE = YES;
				CLANG_WARN_UNREACHABLE_CODE = YES;
				CLANG_WARN__DUPLICATE_METHOD_MATCH = YES;
				"CODE_SIGN_IDENTITY[sdk=iphoneos*]" = "iPhone Developer";
				COPY_PHASE_STRIP = NO;
				DEBUG_INFORMATION_FORMAT = "dwarf-with-dsym";
				ENABLE_STRICT_OBJC_MSGSEND = YES;
				ENABLE_TESTABILITY = YES;
				GCC_C_LANGUAGE_STANDARD = gnu99;
				GCC_DYNAMIC_NO_PIC = NO;
				GCC_NO_COMMON_BLOCKS = YES;
				GCC_OPTIMIZATION_LEVEL = 0;
				GCC_PREPROCESSOR_DEFINITIONS = (
					"DEBUG=1",
					"$(inherited)",
				);
				GCC_WARN_64_TO_32_BIT_CONVERSION = YES;
				GCC_WARN_ABOUT_RETURN_TYPE = YES_ERROR;
				GCC_WARN_UNDECLARED_SELECTOR = YES;
				GCC_WARN_UNINITIALIZED_AUTOS = YES_AGGRESSIVE;
				GCC_WARN_UNUSED_FUNCTION = YES;
				GCC_WARN_UNUSED_VARIABLE = YES;
				IPHONEOS_DEPLOYMENT_TARGET = 12.0;
				MTL_ENABLE_DEBUG_INFO = YES;
				ONLY_ACTIVE_ARCH = YES;
				SDKROOT = iphoneos;
				SWIFT_ACTIVE_COMPILATION_CONDITIONS = DEBUG;
				SWIFT_OPTIMIZATION_LEVEL = "-Onone";
				SWIFT_VERSION = 4.0;
				TARGETED_DEVICE_FAMILY = "1,2";
			};
			name = Debug;
		};
		D80425A51E1B4A97009C9ED3 /* Release */ = {
			isa = XCBuildConfiguration;
			buildSettings = {
				ALWAYS_SEARCH_USER_PATHS = NO;
				CLANG_ANALYZER_LOCALIZABILITY_NONLOCALIZED = YES;
				CLANG_ANALYZER_NONNULL = YES;
				CLANG_CXX_LANGUAGE_STANDARD = "gnu++0x";
				CLANG_CXX_LIBRARY = "libc++";
				CLANG_ENABLE_MODULES = YES;
				CLANG_ENABLE_OBJC_ARC = YES;
				CLANG_WARN_BLOCK_CAPTURE_AUTORELEASING = YES;
				CLANG_WARN_BOOL_CONVERSION = YES;
				CLANG_WARN_COMMA = YES;
				CLANG_WARN_CONSTANT_CONVERSION = YES;
				CLANG_WARN_DEPRECATED_OBJC_IMPLEMENTATIONS = YES;
				CLANG_WARN_DIRECT_OBJC_ISA_USAGE = YES_ERROR;
				CLANG_WARN_DOCUMENTATION_COMMENTS = YES;
				CLANG_WARN_EMPTY_BODY = YES;
				CLANG_WARN_ENUM_CONVERSION = YES;
				CLANG_WARN_INFINITE_RECURSION = YES;
				CLANG_WARN_INT_CONVERSION = YES;
				CLANG_WARN_NON_LITERAL_NULL_CONVERSION = YES;
				CLANG_WARN_OBJC_IMPLICIT_RETAIN_SELF = YES;
				CLANG_WARN_OBJC_LITERAL_CONVERSION = YES;
				CLANG_WARN_OBJC_ROOT_CLASS = YES_ERROR;
				CLANG_WARN_QUOTED_INCLUDE_IN_FRAMEWORK_HEADER = YES;
				CLANG_WARN_RANGE_LOOP_ANALYSIS = YES;
				CLANG_WARN_STRICT_PROTOTYPES = YES;
				CLANG_WARN_SUSPICIOUS_MOVE = YES;
				CLANG_WARN_UNREACHABLE_CODE = YES;
				CLANG_WARN__DUPLICATE_METHOD_MATCH = YES;
				"CODE_SIGN_IDENTITY[sdk=iphoneos*]" = "iPhone Developer";
				COPY_PHASE_STRIP = NO;
				DEBUG_INFORMATION_FORMAT = "dwarf-with-dsym";
				ENABLE_NS_ASSERTIONS = NO;
				ENABLE_STRICT_OBJC_MSGSEND = YES;
				GCC_C_LANGUAGE_STANDARD = gnu99;
				GCC_NO_COMMON_BLOCKS = YES;
				GCC_WARN_64_TO_32_BIT_CONVERSION = YES;
				GCC_WARN_ABOUT_RETURN_TYPE = YES_ERROR;
				GCC_WARN_UNDECLARED_SELECTOR = YES;
				GCC_WARN_UNINITIALIZED_AUTOS = YES_AGGRESSIVE;
				GCC_WARN_UNUSED_FUNCTION = YES;
				GCC_WARN_UNUSED_VARIABLE = YES;
				IPHONEOS_DEPLOYMENT_TARGET = 12.0;
				MTL_ENABLE_DEBUG_INFO = NO;
				SDKROOT = iphoneos;
				SWIFT_OPTIMIZATION_LEVEL = "-Owholemodule";
				SWIFT_VERSION = 4.0;
				TARGETED_DEVICE_FAMILY = "1,2";
				VALIDATE_PRODUCT = YES;
			};
			name = Release;
		};
		D80425A71E1B4A97009C9ED3 /* Debug */ = {
			isa = XCBuildConfiguration;
			buildSettings = {
				ASSETCATALOG_COMPILER_APPICON_NAME = AppIcon;
				CODE_SIGN_ENTITLEMENTS = Aexels/Aexels.entitlements;
				CODE_SIGN_IDENTITY = "iPhone Developer";
				CODE_SIGN_STYLE = Automatic;
				CURRENT_PROJECT_VERSION = 22;
				DEVELOPMENT_TEAM = "";
				FRAMEWORK_SEARCH_PATHS = (
					"$(inherited)",
					"$(PROJECT_DIR)/Frameworks",
				);
				INFOPLIST_FILE = Aexels/Info.plist;
				IPHONEOS_DEPLOYMENT_TARGET = 13.0;
				"IPHONEOS_DEPLOYMENT_TARGET[sdk=macosx*]" = 14.2;
				LD_RUNPATH_SEARCH_PATHS = "$(inherited) @executable_path/Frameworks";
				MARKETING_VERSION = 2.5.1;
				PRODUCT_BUNDLE_IDENTIFIER = com.aepryus.aexels;
				PRODUCT_NAME = "$(TARGET_NAME)";
				PROVISIONING_PROFILE = "";
				PROVISIONING_PROFILE_SPECIFIER = "";
				SUPPORTS_MACCATALYST = YES;
				SUPPORTS_MAC_DESIGNED_FOR_IPHONE_IPAD = NO;
				SWIFT_VERSION = 5.0;
				TARGETED_DEVICE_FAMILY = "1,2,6";
			};
			name = Debug;
		};
		D80425A81E1B4A97009C9ED3 /* Release */ = {
			isa = XCBuildConfiguration;
			buildSettings = {
				ASSETCATALOG_COMPILER_APPICON_NAME = AppIcon;
				CODE_SIGN_ENTITLEMENTS = Aexels/Aexels.entitlements;
				CODE_SIGN_IDENTITY = "iPhone Developer";
				CODE_SIGN_STYLE = Automatic;
				CURRENT_PROJECT_VERSION = 22;
				DEVELOPMENT_TEAM = "";
				FRAMEWORK_SEARCH_PATHS = (
					"$(inherited)",
					"$(PROJECT_DIR)/Frameworks",
				);
				INFOPLIST_FILE = Aexels/Info.plist;
				IPHONEOS_DEPLOYMENT_TARGET = 13.0;
				"IPHONEOS_DEPLOYMENT_TARGET[sdk=macosx*]" = 14.2;
				LD_RUNPATH_SEARCH_PATHS = "$(inherited) @executable_path/Frameworks";
				MARKETING_VERSION = 2.5.1;
				PRODUCT_BUNDLE_IDENTIFIER = com.aepryus.aexels;
				PRODUCT_NAME = "$(TARGET_NAME)";
				PROVISIONING_PROFILE = "b9334b21-cf6c-4c4c-866c-b9a86bbd0b24";
				PROVISIONING_PROFILE_SPECIFIER = "";
				SUPPORTS_MACCATALYST = YES;
				SUPPORTS_MAC_DESIGNED_FOR_IPHONE_IPAD = NO;
				SWIFT_VERSION = 5.0;
				TARGETED_DEVICE_FAMILY = "1,2,6";
			};
			name = Release;
		};
/* End XCBuildConfiguration section */

/* Begin XCConfigurationList section */
		D804258F1E1B4A97009C9ED3 /* Build configuration list for PBXProject "Aexels" */ = {
			isa = XCConfigurationList;
			buildConfigurations = (
				D80425A41E1B4A97009C9ED3 /* Debug */,
				D80425A51E1B4A97009C9ED3 /* Release */,
			);
			defaultConfigurationIsVisible = 0;
			defaultConfigurationName = Release;
		};
		D80425A61E1B4A97009C9ED3 /* Build configuration list for PBXNativeTarget "Aexels" */ = {
			isa = XCConfigurationList;
			buildConfigurations = (
				D80425A71E1B4A97009C9ED3 /* Debug */,
				D80425A81E1B4A97009C9ED3 /* Release */,
			);
			defaultConfigurationIsVisible = 0;
			defaultConfigurationName = Release;
		};
/* End XCConfigurationList section */
	};
	rootObject = D804258C1E1B4A97009C9ED3 /* Project object */;
}
