// !$*UTF8*$!
{
	archiveVersion = 1;
	classes = {
	};
	objectVersion = 55;
	objects = {

/* Begin PBXBuildFile section */
		D804561C281534BF0018223B /* Acheron in Frameworks */ = {isa = PBXBuildFile; productRef = D804561B281534BF0018223B /* Acheron */; };
		D804561E281534BF0018223B /* OoviumEngine in Frameworks */ = {isa = PBXBuildFile; productRef = D804561D281534BF0018223B /* OoviumEngine */; };
		D829BCED28152FBA005B3461 /* OoviumKit in Frameworks */ = {isa = PBXBuildFile; productRef = D829BCEC28152FBA005B3461 /* OoviumKit */; };
		D8AE17442814E97300E74CB8 /* Assets.xcassets in Resources */ = {isa = PBXBuildFile; fileRef = D8AE17432814E97300E74CB8 /* Assets.xcassets */; };
		D8AE17612814F06E00E74CB8 /* UIFont+AX.swift in Sources */ = {isa = PBXBuildFile; fileRef = D8AE17602814F06E00E74CB8 /* UIFont+AX.swift */; };
		D8AE17642814F08400E74CB8 /* AXSync.swift in Sources */ = {isa = PBXBuildFile; fileRef = D8AE17622814F08400E74CB8 /* AXSync.swift */; };
		D8AE17652814F08400E74CB8 /* Simulation.swift in Sources */ = {isa = PBXBuildFile; fileRef = D8AE17632814F08400E74CB8 /* Simulation.swift */; };
		D8AE17912814F0D300E74CB8 /* Localizable.strings in Resources */ = {isa = PBXBuildFile; fileRef = D8AE17672814F0D300E74CB8 /* Localizable.strings */; };
		D8AE17922814F0D300E74CB8 /* Back5.png in Resources */ = {isa = PBXBuildFile; fileRef = D8AE17692814F0D300E74CB8 /* Back5.png */; };
		D8AE17932814F0D300E74CB8 /* Day & Night.oo in Resources */ = {isa = PBXBuildFile; fileRef = D8AE176A2814F0D300E74CB8 /* Day & Night.oo */; };
		D8AE17942814F0D300E74CB8 /* Sweetness.oo in Resources */ = {isa = PBXBuildFile; fileRef = D8AE176B2814F0D300E74CB8 /* Sweetness.oo */; };
		D8AE17962814F0D300E74CB8 /* Back4.png in Resources */ = {isa = PBXBuildFile; fileRef = D8AE176D2814F0D300E74CB8 /* Back4.png */; };
		D8AE17972814F0D300E74CB8 /* Game of Life.oo in Resources */ = {isa = PBXBuildFile; fileRef = D8AE176E2814F0D300E74CB8 /* Game of Life.oo */; };
		D8AE17982814F0D300E74CB8 /* Demons.oo in Resources */ = {isa = PBXBuildFile; fileRef = D8AE176F2814F0D300E74CB8 /* Demons.oo */; };
		D8AE17992814F0D300E74CB8 /* ChicagoFLF.ttf in Resources */ = {isa = PBXBuildFile; fileRef = D8AE17702814F0D300E74CB8 /* ChicagoFLF.ttf */; };
		D8AE179C2814F0D300E74CB8 /* WalledCities iP.oo in Resources */ = {isa = PBXBuildFile; fileRef = D8AE17732814F0D300E74CB8 /* WalledCities iP.oo */; };
		D8AE179E2814F0D300E74CB8 /* WalledCities.oo in Resources */ = {isa = PBXBuildFile; fileRef = D8AE17752814F0D300E74CB8 /* WalledCities.oo */; };
		D8AE179F2814F0D300E74CB8 /* BackiPad.png in Resources */ = {isa = PBXBuildFile; fileRef = D8AE17762814F0D300E74CB8 /* BackiPad.png */; };
		D8AE17A02814F0D300E74CB8 /* SurfDila@2x.png in Resources */ = {isa = PBXBuildFile; fileRef = D8AE17772814F0D300E74CB8 /* SurfDila@2x.png */; };
		D8AE17A12814F0D300E74CB8 /* Dilation@2x.png in Resources */ = {isa = PBXBuildFile; fileRef = D8AE17782814F0D300E74CB8 /* Dilation@2x.png */; };
		D8AE17A22814F0D300E74CB8 /* DilaDeriv@2x.png in Resources */ = {isa = PBXBuildFile; fileRef = D8AE17792814F0D300E74CB8 /* DilaDeriv@2x.png */; };
		D8AE17A42814F0D300E74CB8 /* Sweetness iP.oo in Resources */ = {isa = PBXBuildFile; fileRef = D8AE177B2814F0D300E74CB8 /* Sweetness iP.oo */; };
		D8AE17A52814F0D300E74CB8 /* Default-568h@2x.png in Resources */ = {isa = PBXBuildFile; fileRef = D8AE177C2814F0D300E74CB8 /* Default-568h@2x.png */; };
		D8AE17A62814F0D300E74CB8 /* Move.oo in Resources */ = {isa = PBXBuildFile; fileRef = D8AE177D2814F0D300E74CB8 /* Move.oo */; };
		D8AE17A72814F0D300E74CB8 /* Escape@2x.png in Resources */ = {isa = PBXBuildFile; fileRef = D8AE177E2814F0D300E74CB8 /* Escape@2x.png */; };
		D8AE17AB2814F0D300E74CB8 /* Gravity@2x.png in Resources */ = {isa = PBXBuildFile; fileRef = D8AE17822814F0D300E74CB8 /* Gravity@2x.png */; };
		D8AE17AC2814F0D300E74CB8 /* Back6.png in Resources */ = {isa = PBXBuildFile; fileRef = D8AE17832814F0D300E74CB8 /* Back6.png */; };
		D8AE17AE2814F0D300E74CB8 /* Day & Night iP.oo in Resources */ = {isa = PBXBuildFile; fileRef = D8AE17852814F0D300E74CB8 /* Day & Night iP.oo */; };
		D8AE17B12814F0D300E74CB8 /* Demons iP.oo in Resources */ = {isa = PBXBuildFile; fileRef = D8AE17882814F0D300E74CB8 /* Demons iP.oo */; };
		D8AE17B32814F0D300E74CB8 /* InfinDila@2x.png in Resources */ = {isa = PBXBuildFile; fileRef = D8AE178A2814F0D300E74CB8 /* InfinDila@2x.png */; };
		D8AE17B42814F0D300E74CB8 /* TrajanPro-Regular.otf in Resources */ = {isa = PBXBuildFile; fileRef = D8AE178B2814F0D300E74CB8 /* TrajanPro-Regular.otf */; };
		D8AE17B52814F0D300E74CB8 /* Move iP.oo in Resources */ = {isa = PBXBuildFile; fileRef = D8AE178C2814F0D300E74CB8 /* Move iP.oo */; };
		D8AE17B72814F0D300E74CB8 /* TrajanPro-Bold.ttf in Resources */ = {isa = PBXBuildFile; fileRef = D8AE178E2814F0D300E74CB8 /* TrajanPro-Bold.ttf */; };
		D8AE17B82814F0D300E74CB8 /* Game of Life iP.oo in Resources */ = {isa = PBXBuildFile; fileRef = D8AE178F2814F0D300E74CB8 /* Game of Life iP.oo */; };
		D8AE17C12814F1AF00E74CB8 /* Aexels.swift in Sources */ = {isa = PBXBuildFile; fileRef = D8AE17BF2814F1AF00E74CB8 /* Aexels.swift */; };
		D8AE17C22814F1AF00E74CB8 /* AexelsDelegate.swift in Sources */ = {isa = PBXBuildFile; fileRef = D8AE17C02814F1AF00E74CB8 /* AexelsDelegate.swift */; };
		D8AE17C82814F1C700E74CB8 /* NexusButton.swift in Sources */ = {isa = PBXBuildFile; fileRef = D8AE17C32814F1C700E74CB8 /* NexusButton.swift */; };
		D8AE17C92814F1C700E74CB8 /* NexusLabel.swift in Sources */ = {isa = PBXBuildFile; fileRef = D8AE17C42814F1C700E74CB8 /* NexusLabel.swift */; };
		D8AE17CA2814F1C700E74CB8 /* TouchingGesture.swift in Sources */ = {isa = PBXBuildFile; fileRef = D8AE17C52814F1C700E74CB8 /* TouchingGesture.swift */; };
		D8AE17CB2814F1C700E74CB8 /* Explorer.swift in Sources */ = {isa = PBXBuildFile; fileRef = D8AE17C62814F1C700E74CB8 /* Explorer.swift */; };
		D8AE17CC2814F1C700E74CB8 /* NexusViewController.swift in Sources */ = {isa = PBXBuildFile; fileRef = D8AE17C72814F1C700E74CB8 /* NexusViewController.swift */; };
		D8AE17D62814F1EC00E74CB8 /* PlayButton.swift in Sources */ = {isa = PBXBuildFile; fileRef = D8AE17CD2814F1EC00E74CB8 /* PlayButton.swift */; };
		D8AE17D72814F1EC00E74CB8 /* SwapButton.swift in Sources */ = {isa = PBXBuildFile; fileRef = D8AE17CE2814F1EC00E74CB8 /* SwapButton.swift */; };
		D8AE17D82814F1EC00E74CB8 /* MessageLimbo.swift in Sources */ = {isa = PBXBuildFile; fileRef = D8AE17CF2814F1EC00E74CB8 /* MessageLimbo.swift */; };
		D8AE17D92814F1EC00E74CB8 /* LimboButton.swift in Sources */ = {isa = PBXBuildFile; fileRef = D8AE17D02814F1EC00E74CB8 /* LimboButton.swift */; };
		D8AE17DA2814F1EC00E74CB8 /* AXButton.swift in Sources */ = {isa = PBXBuildFile; fileRef = D8AE17D12814F1EC00E74CB8 /* AXButton.swift */; };
		D8AE17DB2814F1EC00E74CB8 /* MaskView.swift in Sources */ = {isa = PBXBuildFile; fileRef = D8AE17D22814F1EC00E74CB8 /* MaskView.swift */; };
		D8AE17DC2814F1EC00E74CB8 /* ContentLimbo.swift in Sources */ = {isa = PBXBuildFile; fileRef = D8AE17D32814F1EC00E74CB8 /* ContentLimbo.swift */; };
		D8AE17DD2814F1EC00E74CB8 /* Limbo.swift in Sources */ = {isa = PBXBuildFile; fileRef = D8AE17D42814F1EC00E74CB8 /* Limbo.swift */; };
		D8AE17DE2814F1EC00E74CB8 /* SliderView.swift in Sources */ = {isa = PBXBuildFile; fileRef = D8AE17D52814F1EC00E74CB8 /* SliderView.swift */; };
		D8AE17E02814F1FA00E74CB8 /* IntroExplorer.swift in Sources */ = {isa = PBXBuildFile; fileRef = D8AE17DF2814F1FA00E74CB8 /* IntroExplorer.swift */; };
		D8AE17E72814F20500E74CB8 /* CellularExplorer.swift in Sources */ = {isa = PBXBuildFile; fileRef = D8AE17E12814F20500E74CB8 /* CellularExplorer.swift */; };
		D8AE17E82814F20500E74CB8 /* CellularView.swift in Sources */ = {isa = PBXBuildFile; fileRef = D8AE17E22814F20500E74CB8 /* CellularView.swift */; };
		D8AE17E92814F20500E74CB8 /* DilatorView.swift in Sources */ = {isa = PBXBuildFile; fileRef = D8AE17E32814F20500E74CB8 /* DilatorView.swift */; };
		D8AE17EA2814F20500E74CB8 /* CellularEngine.swift in Sources */ = {isa = PBXBuildFile; fileRef = D8AE17E42814F20500E74CB8 /* CellularEngine.swift */; };
		D8AE17EB2814F20500E74CB8 /* ResetButton.swift in Sources */ = {isa = PBXBuildFile; fileRef = D8AE17E52814F20500E74CB8 /* ResetButton.swift */; };
		D8AE17EC2814F20500E74CB8 /* GuideButton.swift in Sources */ = {isa = PBXBuildFile; fileRef = D8AE17E62814F20500E74CB8 /* GuideButton.swift */; };
		D8AE17F32814F20E00E74CB8 /* NewtonianView.swift in Sources */ = {isa = PBXBuildFile; fileRef = D8AE17ED2814F20E00E74CB8 /* NewtonianView.swift */; };
		D8AE17F42814F20E00E74CB8 /* VectorView.swift in Sources */ = {isa = PBXBuildFile; fileRef = D8AE17EE2814F20E00E74CB8 /* VectorView.swift */; };
		D8AE17F52814F20E00E74CB8 /* KinematicsView.swift in Sources */ = {isa = PBXBuildFile; fileRef = D8AE17EF2814F20E00E74CB8 /* KinematicsView.swift */; };
		D8AE17F62814F20E00E74CB8 /* ExpButton.swift in Sources */ = {isa = PBXBuildFile; fileRef = D8AE17F02814F20E00E74CB8 /* ExpButton.swift */; };
		D8AE17F72814F20E00E74CB8 /* NetButton.swift in Sources */ = {isa = PBXBuildFile; fileRef = D8AE17F12814F20E00E74CB8 /* NetButton.swift */; };
		D8AE17F82814F20E00E74CB8 /* KinematicsExplorer.swift in Sources */ = {isa = PBXBuildFile; fileRef = D8AE17F22814F20E00E74CB8 /* KinematicsExplorer.swift */; };
		D8AE17FB2814F21700E74CB8 /* GravityExplorer.swift in Sources */ = {isa = PBXBuildFile; fileRef = D8AE17F92814F21700E74CB8 /* GravityExplorer.swift */; };
		D8AE17FC2814F21700E74CB8 /* GravityView.swift in Sources */ = {isa = PBXBuildFile; fileRef = D8AE17FA2814F21700E74CB8 /* GravityView.swift */; };
		D8AE17FE2814F21F00E74CB8 /* DilationExplorer.swift in Sources */ = {isa = PBXBuildFile; fileRef = D8AE17FD2814F21F00E74CB8 /* DilationExplorer.swift */; };
		D8AE18002814F22700E74CB8 /* ContractionExplorer.swift in Sources */ = {isa = PBXBuildFile; fileRef = D8AE17FF2814F22700E74CB8 /* ContractionExplorer.swift */; };
		D8AE18022814F22F00E74CB8 /* DarknessExplorer.swift in Sources */ = {isa = PBXBuildFile; fileRef = D8AE18012814F22F00E74CB8 /* DarknessExplorer.swift */; };
		D8AE18042814F23600E74CB8 /* EquivalenceExplorer.swift in Sources */ = {isa = PBXBuildFile; fileRef = D8AE18032814F23600E74CB8 /* EquivalenceExplorer.swift */; };
		D8AE18062814F23D00E74CB8 /* OddsAndEndsExplorer.swift in Sources */ = {isa = PBXBuildFile; fileRef = D8AE18052814F23D00E74CB8 /* OddsAndEndsExplorer.swift */; };
		D8AE18152814F59D00E74CB8 /* Ionian.c in Sources */ = {isa = PBXBuildFile; fileRef = D8AE18132814F59D00E74CB8 /* Ionian.c */; };
/* End PBXBuildFile section */

/* Begin PBXFileReference section */
		D8AE17372814E97200E74CB8 /* Aexels.app */ = {isa = PBXFileReference; explicitFileType = wrapper.application; includeInIndex = 0; path = Aexels.app; sourceTree = BUILT_PRODUCTS_DIR; };
		D8AE17432814E97300E74CB8 /* Assets.xcassets */ = {isa = PBXFileReference; lastKnownFileType = folder.assetcatalog; path = Assets.xcassets; sourceTree = "<group>"; };
		D8AE17602814F06E00E74CB8 /* UIFont+AX.swift */ = {isa = PBXFileReference; fileEncoding = 4; lastKnownFileType = sourcecode.swift; path = "UIFont+AX.swift"; sourceTree = "<group>"; };
		D8AE17622814F08400E74CB8 /* AXSync.swift */ = {isa = PBXFileReference; fileEncoding = 4; lastKnownFileType = sourcecode.swift; path = AXSync.swift; sourceTree = "<group>"; };
		D8AE17632814F08400E74CB8 /* Simulation.swift */ = {isa = PBXFileReference; fileEncoding = 4; lastKnownFileType = sourcecode.swift; path = Simulation.swift; sourceTree = "<group>"; };
		D8AE17682814F0D300E74CB8 /* en */ = {isa = PBXFileReference; lastKnownFileType = text.plist.strings; name = en; path = Localizable.strings; sourceTree = "<group>"; };
		D8AE17692814F0D300E74CB8 /* Back5.png */ = {isa = PBXFileReference; lastKnownFileType = image.png; path = Back5.png; sourceTree = "<group>"; };
		D8AE176A2814F0D300E74CB8 /* Day & Night.oo */ = {isa = PBXFileReference; fileEncoding = 4; lastKnownFileType = text; path = "Day & Night.oo"; sourceTree = "<group>"; };
		D8AE176B2814F0D300E74CB8 /* Sweetness.oo */ = {isa = PBXFileReference; fileEncoding = 4; lastKnownFileType = text; path = Sweetness.oo; sourceTree = "<group>"; };
		D8AE176D2814F0D300E74CB8 /* Back4.png */ = {isa = PBXFileReference; lastKnownFileType = image.png; path = Back4.png; sourceTree = "<group>"; };
		D8AE176E2814F0D300E74CB8 /* Game of Life.oo */ = {isa = PBXFileReference; fileEncoding = 4; lastKnownFileType = text; path = "Game of Life.oo"; sourceTree = "<group>"; };
		D8AE176F2814F0D300E74CB8 /* Demons.oo */ = {isa = PBXFileReference; fileEncoding = 4; lastKnownFileType = text; path = Demons.oo; sourceTree = "<group>"; };
		D8AE17702814F0D300E74CB8 /* ChicagoFLF.ttf */ = {isa = PBXFileReference; lastKnownFileType = file; path = ChicagoFLF.ttf; sourceTree = "<group>"; };
		D8AE17732814F0D300E74CB8 /* WalledCities iP.oo */ = {isa = PBXFileReference; fileEncoding = 4; lastKnownFileType = text; path = "WalledCities iP.oo"; sourceTree = "<group>"; };
		D8AE17752814F0D300E74CB8 /* WalledCities.oo */ = {isa = PBXFileReference; fileEncoding = 4; lastKnownFileType = text; path = WalledCities.oo; sourceTree = "<group>"; };
		D8AE17762814F0D300E74CB8 /* BackiPad.png */ = {isa = PBXFileReference; lastKnownFileType = image.png; path = BackiPad.png; sourceTree = "<group>"; };
		D8AE17772814F0D300E74CB8 /* SurfDila@2x.png */ = {isa = PBXFileReference; lastKnownFileType = image.png; path = "SurfDila@2x.png"; sourceTree = "<group>"; };
		D8AE17782814F0D300E74CB8 /* Dilation@2x.png */ = {isa = PBXFileReference; lastKnownFileType = image.png; path = "Dilation@2x.png"; sourceTree = "<group>"; };
		D8AE17792814F0D300E74CB8 /* DilaDeriv@2x.png */ = {isa = PBXFileReference; lastKnownFileType = image.png; path = "DilaDeriv@2x.png"; sourceTree = "<group>"; };
		D8AE177B2814F0D300E74CB8 /* Sweetness iP.oo */ = {isa = PBXFileReference; fileEncoding = 4; lastKnownFileType = text; path = "Sweetness iP.oo"; sourceTree = "<group>"; };
		D8AE177C2814F0D300E74CB8 /* Default-568h@2x.png */ = {isa = PBXFileReference; lastKnownFileType = image.png; path = "Default-568h@2x.png"; sourceTree = "<group>"; };
		D8AE177D2814F0D300E74CB8 /* Move.oo */ = {isa = PBXFileReference; fileEncoding = 4; lastKnownFileType = text; path = Move.oo; sourceTree = "<group>"; };
		D8AE177E2814F0D300E74CB8 /* Escape@2x.png */ = {isa = PBXFileReference; lastKnownFileType = image.png; path = "Escape@2x.png"; sourceTree = "<group>"; };
		D8AE17822814F0D300E74CB8 /* Gravity@2x.png */ = {isa = PBXFileReference; lastKnownFileType = image.png; path = "Gravity@2x.png"; sourceTree = "<group>"; };
		D8AE17832814F0D300E74CB8 /* Back6.png */ = {isa = PBXFileReference; lastKnownFileType = image.png; path = Back6.png; sourceTree = "<group>"; };
		D8AE17852814F0D300E74CB8 /* Day & Night iP.oo */ = {isa = PBXFileReference; fileEncoding = 4; lastKnownFileType = text; path = "Day & Night iP.oo"; sourceTree = "<group>"; };
		D8AE17882814F0D300E74CB8 /* Demons iP.oo */ = {isa = PBXFileReference; fileEncoding = 4; lastKnownFileType = text; path = "Demons iP.oo"; sourceTree = "<group>"; };
		D8AE178A2814F0D300E74CB8 /* InfinDila@2x.png */ = {isa = PBXFileReference; lastKnownFileType = image.png; path = "InfinDila@2x.png"; sourceTree = "<group>"; };
		D8AE178B2814F0D300E74CB8 /* TrajanPro-Regular.otf */ = {isa = PBXFileReference; lastKnownFileType = file; path = "TrajanPro-Regular.otf"; sourceTree = "<group>"; };
		D8AE178C2814F0D300E74CB8 /* Move iP.oo */ = {isa = PBXFileReference; fileEncoding = 4; lastKnownFileType = text; path = "Move iP.oo"; sourceTree = "<group>"; };
		D8AE178E2814F0D300E74CB8 /* TrajanPro-Bold.ttf */ = {isa = PBXFileReference; lastKnownFileType = file; path = "TrajanPro-Bold.ttf"; sourceTree = "<group>"; };
		D8AE178F2814F0D300E74CB8 /* Game of Life iP.oo */ = {isa = PBXFileReference; fileEncoding = 4; lastKnownFileType = text; path = "Game of Life iP.oo"; sourceTree = "<group>"; };
		D8AE17BD2814F1A600E74CB8 /* Info.plist */ = {isa = PBXFileReference; fileEncoding = 4; lastKnownFileType = text.plist.xml; path = Info.plist; sourceTree = "<group>"; };
		D8AE17BF2814F1AF00E74CB8 /* Aexels.swift */ = {isa = PBXFileReference; fileEncoding = 4; lastKnownFileType = sourcecode.swift; path = Aexels.swift; sourceTree = "<group>"; };
		D8AE17C02814F1AF00E74CB8 /* AexelsDelegate.swift */ = {isa = PBXFileReference; fileEncoding = 4; lastKnownFileType = sourcecode.swift; path = AexelsDelegate.swift; sourceTree = "<group>"; };
		D8AE17C32814F1C700E74CB8 /* NexusButton.swift */ = {isa = PBXFileReference; fileEncoding = 4; lastKnownFileType = sourcecode.swift; path = NexusButton.swift; sourceTree = "<group>"; };
		D8AE17C42814F1C700E74CB8 /* NexusLabel.swift */ = {isa = PBXFileReference; fileEncoding = 4; lastKnownFileType = sourcecode.swift; path = NexusLabel.swift; sourceTree = "<group>"; };
		D8AE17C52814F1C700E74CB8 /* TouchingGesture.swift */ = {isa = PBXFileReference; fileEncoding = 4; lastKnownFileType = sourcecode.swift; path = TouchingGesture.swift; sourceTree = "<group>"; };
		D8AE17C62814F1C700E74CB8 /* Explorer.swift */ = {isa = PBXFileReference; fileEncoding = 4; lastKnownFileType = sourcecode.swift; path = Explorer.swift; sourceTree = "<group>"; };
		D8AE17C72814F1C700E74CB8 /* NexusViewController.swift */ = {isa = PBXFileReference; fileEncoding = 4; lastKnownFileType = sourcecode.swift; path = NexusViewController.swift; sourceTree = "<group>"; };
		D8AE17CD2814F1EC00E74CB8 /* PlayButton.swift */ = {isa = PBXFileReference; fileEncoding = 4; lastKnownFileType = sourcecode.swift; path = PlayButton.swift; sourceTree = "<group>"; };
		D8AE17CE2814F1EC00E74CB8 /* SwapButton.swift */ = {isa = PBXFileReference; fileEncoding = 4; lastKnownFileType = sourcecode.swift; path = SwapButton.swift; sourceTree = "<group>"; };
		D8AE17CF2814F1EC00E74CB8 /* MessageLimbo.swift */ = {isa = PBXFileReference; fileEncoding = 4; lastKnownFileType = sourcecode.swift; path = MessageLimbo.swift; sourceTree = "<group>"; };
		D8AE17D02814F1EC00E74CB8 /* LimboButton.swift */ = {isa = PBXFileReference; fileEncoding = 4; lastKnownFileType = sourcecode.swift; path = LimboButton.swift; sourceTree = "<group>"; };
		D8AE17D12814F1EC00E74CB8 /* AXButton.swift */ = {isa = PBXFileReference; fileEncoding = 4; lastKnownFileType = sourcecode.swift; path = AXButton.swift; sourceTree = "<group>"; };
		D8AE17D22814F1EC00E74CB8 /* MaskView.swift */ = {isa = PBXFileReference; fileEncoding = 4; lastKnownFileType = sourcecode.swift; path = MaskView.swift; sourceTree = "<group>"; };
		D8AE17D32814F1EC00E74CB8 /* ContentLimbo.swift */ = {isa = PBXFileReference; fileEncoding = 4; lastKnownFileType = sourcecode.swift; path = ContentLimbo.swift; sourceTree = "<group>"; };
		D8AE17D42814F1EC00E74CB8 /* Limbo.swift */ = {isa = PBXFileReference; fileEncoding = 4; lastKnownFileType = sourcecode.swift; path = Limbo.swift; sourceTree = "<group>"; };
		D8AE17D52814F1EC00E74CB8 /* SliderView.swift */ = {isa = PBXFileReference; fileEncoding = 4; lastKnownFileType = sourcecode.swift; path = SliderView.swift; sourceTree = "<group>"; };
		D8AE17DF2814F1FA00E74CB8 /* IntroExplorer.swift */ = {isa = PBXFileReference; fileEncoding = 4; lastKnownFileType = sourcecode.swift; path = IntroExplorer.swift; sourceTree = "<group>"; };
		D8AE17E12814F20500E74CB8 /* CellularExplorer.swift */ = {isa = PBXFileReference; fileEncoding = 4; lastKnownFileType = sourcecode.swift; path = CellularExplorer.swift; sourceTree = "<group>"; };
		D8AE17E22814F20500E74CB8 /* CellularView.swift */ = {isa = PBXFileReference; fileEncoding = 4; lastKnownFileType = sourcecode.swift; path = CellularView.swift; sourceTree = "<group>"; };
		D8AE17E32814F20500E74CB8 /* DilatorView.swift */ = {isa = PBXFileReference; fileEncoding = 4; lastKnownFileType = sourcecode.swift; path = DilatorView.swift; sourceTree = "<group>"; };
		D8AE17E42814F20500E74CB8 /* CellularEngine.swift */ = {isa = PBXFileReference; fileEncoding = 4; lastKnownFileType = sourcecode.swift; path = CellularEngine.swift; sourceTree = "<group>"; };
		D8AE17E52814F20500E74CB8 /* ResetButton.swift */ = {isa = PBXFileReference; fileEncoding = 4; lastKnownFileType = sourcecode.swift; path = ResetButton.swift; sourceTree = "<group>"; };
		D8AE17E62814F20500E74CB8 /* GuideButton.swift */ = {isa = PBXFileReference; fileEncoding = 4; lastKnownFileType = sourcecode.swift; path = GuideButton.swift; sourceTree = "<group>"; };
		D8AE17ED2814F20E00E74CB8 /* NewtonianView.swift */ = {isa = PBXFileReference; fileEncoding = 4; lastKnownFileType = sourcecode.swift; path = NewtonianView.swift; sourceTree = "<group>"; };
		D8AE17EE2814F20E00E74CB8 /* VectorView.swift */ = {isa = PBXFileReference; fileEncoding = 4; lastKnownFileType = sourcecode.swift; path = VectorView.swift; sourceTree = "<group>"; };
		D8AE17EF2814F20E00E74CB8 /* KinematicsView.swift */ = {isa = PBXFileReference; fileEncoding = 4; lastKnownFileType = sourcecode.swift; path = KinematicsView.swift; sourceTree = "<group>"; };
		D8AE17F02814F20E00E74CB8 /* ExpButton.swift */ = {isa = PBXFileReference; fileEncoding = 4; lastKnownFileType = sourcecode.swift; path = ExpButton.swift; sourceTree = "<group>"; };
		D8AE17F12814F20E00E74CB8 /* NetButton.swift */ = {isa = PBXFileReference; fileEncoding = 4; lastKnownFileType = sourcecode.swift; path = NetButton.swift; sourceTree = "<group>"; };
		D8AE17F22814F20E00E74CB8 /* KinematicsExplorer.swift */ = {isa = PBXFileReference; fileEncoding = 4; lastKnownFileType = sourcecode.swift; path = KinematicsExplorer.swift; sourceTree = "<group>"; };
		D8AE17F92814F21700E74CB8 /* GravityExplorer.swift */ = {isa = PBXFileReference; fileEncoding = 4; lastKnownFileType = sourcecode.swift; path = GravityExplorer.swift; sourceTree = "<group>"; };
		D8AE17FA2814F21700E74CB8 /* GravityView.swift */ = {isa = PBXFileReference; fileEncoding = 4; lastKnownFileType = sourcecode.swift; path = GravityView.swift; sourceTree = "<group>"; };
		D8AE17FD2814F21F00E74CB8 /* DilationExplorer.swift */ = {isa = PBXFileReference; fileEncoding = 4; lastKnownFileType = sourcecode.swift; path = DilationExplorer.swift; sourceTree = "<group>"; };
		D8AE17FF2814F22700E74CB8 /* ContractionExplorer.swift */ = {isa = PBXFileReference; fileEncoding = 4; lastKnownFileType = sourcecode.swift; path = ContractionExplorer.swift; sourceTree = "<group>"; };
		D8AE18012814F22F00E74CB8 /* DarknessExplorer.swift */ = {isa = PBXFileReference; fileEncoding = 4; lastKnownFileType = sourcecode.swift; path = DarknessExplorer.swift; sourceTree = "<group>"; };
		D8AE18032814F23600E74CB8 /* EquivalenceExplorer.swift */ = {isa = PBXFileReference; fileEncoding = 4; lastKnownFileType = sourcecode.swift; path = EquivalenceExplorer.swift; sourceTree = "<group>"; };
		D8AE18052814F23D00E74CB8 /* OddsAndEndsExplorer.swift */ = {isa = PBXFileReference; fileEncoding = 4; lastKnownFileType = sourcecode.swift; path = OddsAndEndsExplorer.swift; sourceTree = "<group>"; };
		D8AE18072814F27C00E74CB8 /* Aexels.entitlements */ = {isa = PBXFileReference; lastKnownFileType = text.plist.entitlements; path = Aexels.entitlements; sourceTree = "<group>"; };
		D8AE18122814F59D00E74CB8 /* Aexels-Bridging-Header.h */ = {isa = PBXFileReference; lastKnownFileType = sourcecode.c.h; path = "Aexels-Bridging-Header.h"; sourceTree = "<group>"; };
		D8AE18132814F59D00E74CB8 /* Ionian.c */ = {isa = PBXFileReference; fileEncoding = 4; lastKnownFileType = sourcecode.c.c; path = Ionian.c; sourceTree = "<group>"; };
		D8AE18142814F59D00E74CB8 /* Ionian.h */ = {isa = PBXFileReference; fileEncoding = 4; lastKnownFileType = sourcecode.c.h; path = Ionian.h; sourceTree = "<group>"; };
/* End PBXFileReference section */

/* Begin PBXFrameworksBuildPhase section */
		D8AE17342814E97200E74CB8 /* Frameworks */ = {
			isa = PBXFrameworksBuildPhase;
			buildActionMask = 2147483647;
			files = (
				D829BCED28152FBA005B3461 /* OoviumKit in Frameworks */,
				D804561C281534BF0018223B /* Acheron in Frameworks */,
				D804561E281534BF0018223B /* OoviumEngine in Frameworks */,
			);
			runOnlyForDeploymentPostprocessing = 0;
		};
/* End PBXFrameworksBuildPhase section */

/* Begin PBXGroup section */
		D804561A281534BF0018223B /* Frameworks */ = {
			isa = PBXGroup;
			children = (
			);
			name = Frameworks;
			sourceTree = "<group>";
		};
		D8AE172E2814E97200E74CB8 = {
			isa = PBXGroup;
			children = (
				D8AE17392814E97200E74CB8 /* Aexels */,
				D8AE174E2814EA5A00E74CB8 /* Resources */,
				D8AE17382814E97200E74CB8 /* Products */,
				D804561A281534BF0018223B /* Frameworks */,
			);
			sourceTree = "<group>";
		};
		D8AE17382814E97200E74CB8 /* Products */ = {
			isa = PBXGroup;
			children = (
				D8AE17372814E97200E74CB8 /* Aexels.app */,
			);
			name = Products;
			sourceTree = "<group>";
		};
		D8AE17392814E97200E74CB8 /* Aexels */ = {
			isa = PBXGroup;
			children = (
				D8AE174F2814EACC00E74CB8 /* Extensions */,
				D8AE17502814EAD400E74CB8 /* Simulation */,
				D8AE17522814EAED00E74CB8 /* Interface */,
				D8AE17512814EADC00E74CB8 /* Global */,
			);
			path = Aexels;
			sourceTree = "<group>";
		};
		D8AE174E2814EA5A00E74CB8 /* Resources */ = {
			isa = PBXGroup;
			children = (
				D8AE17432814E97300E74CB8 /* Assets.xcassets */,
				D8AE17662814F0D300E74CB8 /* en.lproj */,
				D8AE17BC2814F13F00E74CB8 /* Images */,
				D8AE17BB2814F11900E74CB8 /* Fonts */,
				D8AE17BA2814F10000E74CB8 /* Aethers */,
			);
			path = Resources;
			sourceTree = "<group>";
		};
		D8AE174F2814EACC00E74CB8 /* Extensions */ = {
			isa = PBXGroup;
			children = (
				D8AE17602814F06E00E74CB8 /* UIFont+AX.swift */,
			);
			path = Extensions;
			sourceTree = "<group>";
		};
		D8AE17502814EAD400E74CB8 /* Simulation */ = {
			isa = PBXGroup;
			children = (
				D8AE17622814F08400E74CB8 /* AXSync.swift */,
				D8AE17632814F08400E74CB8 /* Simulation.swift */,
			);
			path = Simulation;
			sourceTree = "<group>";
		};
		D8AE17512814EADC00E74CB8 /* Global */ = {
			isa = PBXGroup;
			children = (
				D8AE175F2814F00E00E74CB8 /* Support Files */,
				D8AE17C02814F1AF00E74CB8 /* AexelsDelegate.swift */,
				D8AE17BF2814F1AF00E74CB8 /* Aexels.swift */,
			);
			path = Global;
			sourceTree = "<group>";
		};
		D8AE17522814EAED00E74CB8 /* Interface */ = {
			isa = PBXGroup;
			children = (
				D8AE17532814EAFD00E74CB8 /* Utility */,
				D8AE17542814EB0400E74CB8 /* Explorers */,
				D8AE17552814EB0D00E74CB8 /* Nexus */,
			);
			path = Interface;
			sourceTree = "<group>";
		};
		D8AE17532814EAFD00E74CB8 /* Utility */ = {
			isa = PBXGroup;
			children = (
				D8AE17D12814F1EC00E74CB8 /* AXButton.swift */,
				D8AE17D32814F1EC00E74CB8 /* ContentLimbo.swift */,
				D8AE17D42814F1EC00E74CB8 /* Limbo.swift */,
				D8AE17D02814F1EC00E74CB8 /* LimboButton.swift */,
				D8AE17D22814F1EC00E74CB8 /* MaskView.swift */,
				D8AE17CF2814F1EC00E74CB8 /* MessageLimbo.swift */,
				D8AE17CD2814F1EC00E74CB8 /* PlayButton.swift */,
				D8AE17D52814F1EC00E74CB8 /* SliderView.swift */,
				D8AE17CE2814F1EC00E74CB8 /* SwapButton.swift */,
			);
			path = Utility;
			sourceTree = "<group>";
		};
		D8AE17542814EB0400E74CB8 /* Explorers */ = {
			isa = PBXGroup;
			children = (
				D8AE17562814EB1D00E74CB8 /* Intro */,
				D8AE17572814EB2300E74CB8 /* Cellular Automata */,
				D8AE17582814EB2F00E74CB8 /* Kinematics */,
				D8AE17592814EB3600E74CB8 /* Gravity */,
				D8AE175A2814EB3E00E74CB8 /* Dilation */,
				D8AE175B2814EB4400E74CB8 /* Contraction */,
				D8AE175C2814EB4A00E74CB8 /* Darkness */,
				D8AE175D2814EB5400E74CB8 /* Equivalence */,
				D8AE175E2814EB5C00E74CB8 /* Odds and Ends */,
			);
			path = Explorers;
			sourceTree = "<group>";
		};
		D8AE17552814EB0D00E74CB8 /* Nexus */ = {
			isa = PBXGroup;
			children = (
				D8AE17C52814F1C700E74CB8 /* TouchingGesture.swift */,
				D8AE17C32814F1C700E74CB8 /* NexusButton.swift */,
				D8AE17C42814F1C700E74CB8 /* NexusLabel.swift */,
				D8AE17C62814F1C700E74CB8 /* Explorer.swift */,
				D8AE17C72814F1C700E74CB8 /* NexusViewController.swift */,
			);
			path = Nexus;
			sourceTree = "<group>";
		};
		D8AE17562814EB1D00E74CB8 /* Intro */ = {
			isa = PBXGroup;
			children = (
				D8AE17DF2814F1FA00E74CB8 /* IntroExplorer.swift */,
			);
			path = Intro;
			sourceTree = "<group>";
		};
		D8AE17572814EB2300E74CB8 /* Cellular Automata */ = {
			isa = PBXGroup;
			children = (
				D8AE17E52814F20500E74CB8 /* ResetButton.swift */,
				D8AE17E62814F20500E74CB8 /* GuideButton.swift */,
				D8AE17E32814F20500E74CB8 /* DilatorView.swift */,
				D8AE17E22814F20500E74CB8 /* CellularView.swift */,
				D8AE17E42814F20500E74CB8 /* CellularEngine.swift */,
				D8AE17E12814F20500E74CB8 /* CellularExplorer.swift */,
			);
			path = "Cellular Automata";
			sourceTree = "<group>";
		};
		D8AE17582814EB2F00E74CB8 /* Kinematics */ = {
			isa = PBXGroup;
			children = (
				D8AE17F02814F20E00E74CB8 /* ExpButton.swift */,
				D8AE17F22814F20E00E74CB8 /* KinematicsExplorer.swift */,
				D8AE17EF2814F20E00E74CB8 /* KinematicsView.swift */,
				D8AE17F12814F20E00E74CB8 /* NetButton.swift */,
				D8AE17ED2814F20E00E74CB8 /* NewtonianView.swift */,
				D8AE17EE2814F20E00E74CB8 /* VectorView.swift */,
			);
			path = Kinematics;
			sourceTree = "<group>";
		};
		D8AE17592814EB3600E74CB8 /* Gravity */ = {
			isa = PBXGroup;
			children = (
				D8AE18162814F61E00E74CB8 /* Ionian */,
				D8AE17F92814F21700E74CB8 /* GravityExplorer.swift */,
				D8AE17FA2814F21700E74CB8 /* GravityView.swift */,
			);
			path = Gravity;
			sourceTree = "<group>";
		};
		D8AE175A2814EB3E00E74CB8 /* Dilation */ = {
			isa = PBXGroup;
			children = (
				D8AE17FD2814F21F00E74CB8 /* DilationExplorer.swift */,
			);
			path = Dilation;
			sourceTree = "<group>";
		};
		D8AE175B2814EB4400E74CB8 /* Contraction */ = {
			isa = PBXGroup;
			children = (
				D8AE17FF2814F22700E74CB8 /* ContractionExplorer.swift */,
			);
			path = Contraction;
			sourceTree = "<group>";
		};
		D8AE175C2814EB4A00E74CB8 /* Darkness */ = {
			isa = PBXGroup;
			children = (
				D8AE18012814F22F00E74CB8 /* DarknessExplorer.swift */,
			);
			path = Darkness;
			sourceTree = "<group>";
		};
		D8AE175D2814EB5400E74CB8 /* Equivalence */ = {
			isa = PBXGroup;
			children = (
				D8AE18032814F23600E74CB8 /* EquivalenceExplorer.swift */,
			);
			path = Equivalence;
			sourceTree = "<group>";
		};
		D8AE175E2814EB5C00E74CB8 /* Odds and Ends */ = {
			isa = PBXGroup;
			children = (
				D8AE18052814F23D00E74CB8 /* OddsAndEndsExplorer.swift */,
			);
			path = "Odds and Ends";
			sourceTree = "<group>";
		};
		D8AE175F2814F00E00E74CB8 /* Support Files */ = {
			isa = PBXGroup;
			children = (
				D8AE17BD2814F1A600E74CB8 /* Info.plist */,
				D8AE18072814F27C00E74CB8 /* Aexels.entitlements */,
				D8AE18122814F59D00E74CB8 /* Aexels-Bridging-Header.h */,
			);
			name = "Support Files";
			sourceTree = "<group>";
		};
		D8AE17662814F0D300E74CB8 /* en.lproj */ = {
			isa = PBXGroup;
			children = (
				D8AE17672814F0D300E74CB8 /* Localizable.strings */,
			);
			path = en.lproj;
			sourceTree = "<group>";
		};
		D8AE17BA2814F10000E74CB8 /* Aethers */ = {
			isa = PBXGroup;
			children = (
				D8AE17852814F0D300E74CB8 /* Day & Night iP.oo */,
				D8AE176A2814F0D300E74CB8 /* Day & Night.oo */,
				D8AE17882814F0D300E74CB8 /* Demons iP.oo */,
				D8AE176F2814F0D300E74CB8 /* Demons.oo */,
				D8AE178F2814F0D300E74CB8 /* Game of Life iP.oo */,
				D8AE176E2814F0D300E74CB8 /* Game of Life.oo */,
				D8AE178C2814F0D300E74CB8 /* Move iP.oo */,
				D8AE177D2814F0D300E74CB8 /* Move.oo */,
				D8AE177B2814F0D300E74CB8 /* Sweetness iP.oo */,
				D8AE176B2814F0D300E74CB8 /* Sweetness.oo */,
				D8AE17732814F0D300E74CB8 /* WalledCities iP.oo */,
				D8AE17752814F0D300E74CB8 /* WalledCities.oo */,
			);
			path = Aethers;
			sourceTree = "<group>";
		};
		D8AE17BB2814F11900E74CB8 /* Fonts */ = {
			isa = PBXGroup;
			children = (
				D8AE17702814F0D300E74CB8 /* ChicagoFLF.ttf */,
				D8AE178E2814F0D300E74CB8 /* TrajanPro-Bold.ttf */,
				D8AE178B2814F0D300E74CB8 /* TrajanPro-Regular.otf */,
			);
			path = Fonts;
			sourceTree = "<group>";
		};
		D8AE17BC2814F13F00E74CB8 /* Images */ = {
			isa = PBXGroup;
			children = (
				D8AE176D2814F0D300E74CB8 /* Back4.png */,
				D8AE17692814F0D300E74CB8 /* Back5.png */,
				D8AE17832814F0D300E74CB8 /* Back6.png */,
				D8AE17762814F0D300E74CB8 /* BackiPad.png */,
				D8AE177C2814F0D300E74CB8 /* Default-568h@2x.png */,
				D8AE17792814F0D300E74CB8 /* DilaDeriv@2x.png */,
				D8AE17782814F0D300E74CB8 /* Dilation@2x.png */,
				D8AE177E2814F0D300E74CB8 /* Escape@2x.png */,
				D8AE17822814F0D300E74CB8 /* Gravity@2x.png */,
				D8AE178A2814F0D300E74CB8 /* InfinDila@2x.png */,
				D8AE17772814F0D300E74CB8 /* SurfDila@2x.png */,
			);
			path = Images;
			sourceTree = "<group>";
		};
		D8AE18162814F61E00E74CB8 /* Ionian */ = {
			isa = PBXGroup;
			children = (
				D8AE18142814F59D00E74CB8 /* Ionian.h */,
				D8AE18132814F59D00E74CB8 /* Ionian.c */,
			);
			name = Ionian;
			sourceTree = "<group>";
		};
/* End PBXGroup section */

/* Begin PBXNativeTarget section */
		D8AE17362814E97200E74CB8 /* Aexels */ = {
			isa = PBXNativeTarget;
			buildConfigurationList = D8AE174B2814E97300E74CB8 /* Build configuration list for PBXNativeTarget "Aexels" */;
			buildPhases = (
				D8AE17332814E97200E74CB8 /* Sources */,
				D8AE17342814E97200E74CB8 /* Frameworks */,
				D8AE17352814E97200E74CB8 /* Resources */,
			);
			buildRules = (
			);
			dependencies = (
			);
			name = Aexels;
			packageProductDependencies = (
				D829BCEC28152FBA005B3461 /* OoviumKit */,
				D804561B281534BF0018223B /* Acheron */,
				D804561D281534BF0018223B /* OoviumEngine */,
			);
			productName = Aexels;
			productReference = D8AE17372814E97200E74CB8 /* Aexels.app */;
			productType = "com.apple.product-type.application";
		};
/* End PBXNativeTarget section */

/* Begin PBXProject section */
		D8AE172F2814E97200E74CB8 /* Project object */ = {
			isa = PBXProject;
			attributes = {
				BuildIndependentTargetsInParallel = 1;
				LastSwiftUpdateCheck = 1330;
				LastUpgradeCheck = 1330;
				TargetAttributes = {
					D8AE17362814E97200E74CB8 = {
						CreatedOnToolsVersion = 13.3.1;
						LastSwiftMigration = 1330;
					};
				};
			};
			buildConfigurationList = D8AE17322814E97200E74CB8 /* Build configuration list for PBXProject "Aexels" */;
			compatibilityVersion = "Xcode 13.0";
			developmentRegion = en;
			hasScannedForEncodings = 0;
			knownRegions = (
				en,
				Base,
			);
			mainGroup = D8AE172E2814E97200E74CB8;
			packageReferences = (
				D829BCEB28152FBA005B3461 /* XCRemoteSwiftPackageReference "OoviumKit" */,
			);
			productRefGroup = D8AE17382814E97200E74CB8 /* Products */;
			projectDirPath = "";
			projectRoot = "";
			targets = (
				D8AE17362814E97200E74CB8 /* Aexels */,
			);
		};
/* End PBXProject section */

/* Begin PBXResourcesBuildPhase section */
		D8AE17352814E97200E74CB8 /* Resources */ = {
			isa = PBXResourcesBuildPhase;
			buildActionMask = 2147483647;
			files = (
				D8AE17942814F0D300E74CB8 /* Sweetness.oo in Resources */,
				D8AE17B82814F0D300E74CB8 /* Game of Life iP.oo in Resources */,
				D8AE17AB2814F0D300E74CB8 /* Gravity@2x.png in Resources */,
				D8AE17A52814F0D300E74CB8 /* Default-568h@2x.png in Resources */,
				D8AE179C2814F0D300E74CB8 /* WalledCities iP.oo in Resources */,
				D8AE17932814F0D300E74CB8 /* Day & Night.oo in Resources */,
				D8AE17A62814F0D300E74CB8 /* Move.oo in Resources */,
				D8AE17AC2814F0D300E74CB8 /* Back6.png in Resources */,
				D8AE17972814F0D300E74CB8 /* Game of Life.oo in Resources */,
				D8AE17442814E97300E74CB8 /* Assets.xcassets in Resources */,
				D8AE17922814F0D300E74CB8 /* Back5.png in Resources */,
				D8AE17AE2814F0D300E74CB8 /* Day & Night iP.oo in Resources */,
				D8AE17982814F0D300E74CB8 /* Demons.oo in Resources */,
				D8AE17A02814F0D300E74CB8 /* SurfDila@2x.png in Resources */,
				D8AE17A12814F0D300E74CB8 /* Dilation@2x.png in Resources */,
				D8AE17B12814F0D300E74CB8 /* Demons iP.oo in Resources */,
				D8AE179E2814F0D300E74CB8 /* WalledCities.oo in Resources */,
				D8AE17962814F0D300E74CB8 /* Back4.png in Resources */,
				D8AE17B32814F0D300E74CB8 /* InfinDila@2x.png in Resources */,
				D8AE17992814F0D300E74CB8 /* ChicagoFLF.ttf in Resources */,
				D8AE179F2814F0D300E74CB8 /* BackiPad.png in Resources */,
				D8AE17A72814F0D300E74CB8 /* Escape@2x.png in Resources */,
				D8AE17A22814F0D300E74CB8 /* DilaDeriv@2x.png in Resources */,
				D8AE17912814F0D300E74CB8 /* Localizable.strings in Resources */,
				D8AE17A42814F0D300E74CB8 /* Sweetness iP.oo in Resources */,
				D8AE17B42814F0D300E74CB8 /* TrajanPro-Regular.otf in Resources */,
				D8AE17B52814F0D300E74CB8 /* Move iP.oo in Resources */,
				D8AE17B72814F0D300E74CB8 /* TrajanPro-Bold.ttf in Resources */,
			);
			runOnlyForDeploymentPostprocessing = 0;
		};
/* End PBXResourcesBuildPhase section */

/* Begin PBXSourcesBuildPhase section */
		D8AE17332814E97200E74CB8 /* Sources */ = {
			isa = PBXSourcesBuildPhase;
			buildActionMask = 2147483647;
			files = (
				D8AE17DB2814F1EC00E74CB8 /* MaskView.swift in Sources */,
				D8AE17CA2814F1C700E74CB8 /* TouchingGesture.swift in Sources */,
				D8AE18062814F23D00E74CB8 /* OddsAndEndsExplorer.swift in Sources */,
				D8AE17612814F06E00E74CB8 /* UIFont+AX.swift in Sources */,
				D8AE18042814F23600E74CB8 /* EquivalenceExplorer.swift in Sources */,
				D8AE17C22814F1AF00E74CB8 /* AexelsDelegate.swift in Sources */,
				D8AE17FB2814F21700E74CB8 /* GravityExplorer.swift in Sources */,
				D8AE17E82814F20500E74CB8 /* CellularView.swift in Sources */,
				D8AE17C12814F1AF00E74CB8 /* Aexels.swift in Sources */,
				D8AE17C82814F1C700E74CB8 /* NexusButton.swift in Sources */,
				D8AE17F62814F20E00E74CB8 /* ExpButton.swift in Sources */,
				D8AE17FC2814F21700E74CB8 /* GravityView.swift in Sources */,
				D8AE17DA2814F1EC00E74CB8 /* AXButton.swift in Sources */,
				D8AE17D82814F1EC00E74CB8 /* MessageLimbo.swift in Sources */,
				D8AE17D62814F1EC00E74CB8 /* PlayButton.swift in Sources */,
				D8AE17FE2814F21F00E74CB8 /* DilationExplorer.swift in Sources */,
				D8AE17F32814F20E00E74CB8 /* NewtonianView.swift in Sources */,
				D8AE17F82814F20E00E74CB8 /* KinematicsExplorer.swift in Sources */,
				D8AE17D92814F1EC00E74CB8 /* LimboButton.swift in Sources */,
				D8AE17E72814F20500E74CB8 /* CellularExplorer.swift in Sources */,
				D8AE17C92814F1C700E74CB8 /* NexusLabel.swift in Sources */,
				D8AE17DD2814F1EC00E74CB8 /* Limbo.swift in Sources */,
				D8AE17CC2814F1C700E74CB8 /* NexusViewController.swift in Sources */,
				D8AE18152814F59D00E74CB8 /* Ionian.c in Sources */,
				D8AE17DC2814F1EC00E74CB8 /* ContentLimbo.swift in Sources */,
				D8AE17CB2814F1C700E74CB8 /* Explorer.swift in Sources */,
				D8AE17EA2814F20500E74CB8 /* CellularEngine.swift in Sources */,
				D8AE17E02814F1FA00E74CB8 /* IntroExplorer.swift in Sources */,
				D8AE17652814F08400E74CB8 /* Simulation.swift in Sources */,
				D8AE17D72814F1EC00E74CB8 /* SwapButton.swift in Sources */,
				D8AE17EB2814F20500E74CB8 /* ResetButton.swift in Sources */,
				D8AE17E92814F20500E74CB8 /* DilatorView.swift in Sources */,
				D8AE17642814F08400E74CB8 /* AXSync.swift in Sources */,
				D8AE18022814F22F00E74CB8 /* DarknessExplorer.swift in Sources */,
				D8AE17F42814F20E00E74CB8 /* VectorView.swift in Sources */,
				D8AE17EC2814F20500E74CB8 /* GuideButton.swift in Sources */,
				D8AE17F52814F20E00E74CB8 /* KinematicsView.swift in Sources */,
				D8AE18002814F22700E74CB8 /* ContractionExplorer.swift in Sources */,
				D8AE17DE2814F1EC00E74CB8 /* SliderView.swift in Sources */,
				D8AE17F72814F20E00E74CB8 /* NetButton.swift in Sources */,
			);
			runOnlyForDeploymentPostprocessing = 0;
		};
/* End PBXSourcesBuildPhase section */

/* Begin PBXVariantGroup section */
		D8AE17672814F0D300E74CB8 /* Localizable.strings */ = {
			isa = PBXVariantGroup;
			children = (
				D8AE17682814F0D300E74CB8 /* en */,
			);
			name = Localizable.strings;
			sourceTree = "<group>";
		};
/* End PBXVariantGroup section */

/* Begin XCBuildConfiguration section */
		D8AE17492814E97300E74CB8 /* Debug */ = {
			isa = XCBuildConfiguration;
			buildSettings = {
				ALWAYS_SEARCH_USER_PATHS = NO;
				CLANG_ANALYZER_NONNULL = YES;
				CLANG_ANALYZER_NUMBER_OBJECT_CONVERSION = YES_AGGRESSIVE;
				CLANG_CXX_LANGUAGE_STANDARD = "gnu++17";
				CLANG_ENABLE_MODULES = YES;
				CLANG_ENABLE_OBJC_ARC = YES;
				CLANG_ENABLE_OBJC_WEAK = YES;
				CLANG_WARN_BLOCK_CAPTURE_AUTORELEASING = YES;
				CLANG_WARN_BOOL_CONVERSION = YES;
				CLANG_WARN_COMMA = YES;
				CLANG_WARN_CONSTANT_CONVERSION = YES;
				CLANG_WARN_DEPRECATED_OBJC_IMPLEMENTATIONS = YES;
				CLANG_WARN_DIRECT_OBJC_ISA_USAGE = YES_ERROR;
				CLANG_WARN_DOCUMENTATION_COMMENTS = YES;
				CLANG_WARN_EMPTY_BODY = YES;
				CLANG_WARN_ENUM_CONVERSION = YES;
				CLANG_WARN_INFINITE_RECURSION = YES;
				CLANG_WARN_INT_CONVERSION = YES;
				CLANG_WARN_NON_LITERAL_NULL_CONVERSION = YES;
				CLANG_WARN_OBJC_IMPLICIT_RETAIN_SELF = YES;
				CLANG_WARN_OBJC_LITERAL_CONVERSION = YES;
				CLANG_WARN_OBJC_ROOT_CLASS = YES_ERROR;
				CLANG_WARN_QUOTED_INCLUDE_IN_FRAMEWORK_HEADER = YES;
				CLANG_WARN_RANGE_LOOP_ANALYSIS = YES;
				CLANG_WARN_STRICT_PROTOTYPES = YES;
				CLANG_WARN_SUSPICIOUS_MOVE = YES;
				CLANG_WARN_UNGUARDED_AVAILABILITY = YES_AGGRESSIVE;
				CLANG_WARN_UNREACHABLE_CODE = YES;
				CLANG_WARN__DUPLICATE_METHOD_MATCH = YES;
				COPY_PHASE_STRIP = NO;
				DEBUG_INFORMATION_FORMAT = dwarf;
				ENABLE_STRICT_OBJC_MSGSEND = YES;
				ENABLE_TESTABILITY = YES;
				GCC_C_LANGUAGE_STANDARD = gnu11;
				GCC_DYNAMIC_NO_PIC = NO;
				GCC_NO_COMMON_BLOCKS = YES;
				GCC_OPTIMIZATION_LEVEL = 0;
				GCC_PREPROCESSOR_DEFINITIONS = (
					"DEBUG=1",
					"$(inherited)",
				);
				GCC_WARN_64_TO_32_BIT_CONVERSION = YES;
				GCC_WARN_ABOUT_RETURN_TYPE = YES_ERROR;
				GCC_WARN_UNDECLARED_SELECTOR = YES;
				GCC_WARN_UNINITIALIZED_AUTOS = YES_AGGRESSIVE;
				GCC_WARN_UNUSED_FUNCTION = YES;
				GCC_WARN_UNUSED_VARIABLE = YES;
				IPHONEOS_DEPLOYMENT_TARGET = 15.4;
				MTL_ENABLE_DEBUG_INFO = INCLUDE_SOURCE;
				MTL_FAST_MATH = YES;
				ONLY_ACTIVE_ARCH = YES;
				SDKROOT = iphoneos;
				SWIFT_ACTIVE_COMPILATION_CONDITIONS = DEBUG;
				SWIFT_OPTIMIZATION_LEVEL = "-Onone";
			};
			name = Debug;
		};
		D8AE174A2814E97300E74CB8 /* Release */ = {
			isa = XCBuildConfiguration;
			buildSettings = {
				ALWAYS_SEARCH_USER_PATHS = NO;
				CLANG_ANALYZER_NONNULL = YES;
				CLANG_ANALYZER_NUMBER_OBJECT_CONVERSION = YES_AGGRESSIVE;
				CLANG_CXX_LANGUAGE_STANDARD = "gnu++17";
				CLANG_ENABLE_MODULES = YES;
				CLANG_ENABLE_OBJC_ARC = YES;
				CLANG_ENABLE_OBJC_WEAK = YES;
				CLANG_WARN_BLOCK_CAPTURE_AUTORELEASING = YES;
				CLANG_WARN_BOOL_CONVERSION = YES;
				CLANG_WARN_COMMA = YES;
				CLANG_WARN_CONSTANT_CONVERSION = YES;
				CLANG_WARN_DEPRECATED_OBJC_IMPLEMENTATIONS = YES;
				CLANG_WARN_DIRECT_OBJC_ISA_USAGE = YES_ERROR;
				CLANG_WARN_DOCUMENTATION_COMMENTS = YES;
				CLANG_WARN_EMPTY_BODY = YES;
				CLANG_WARN_ENUM_CONVERSION = YES;
				CLANG_WARN_INFINITE_RECURSION = YES;
				CLANG_WARN_INT_CONVERSION = YES;
				CLANG_WARN_NON_LITERAL_NULL_CONVERSION = YES;
				CLANG_WARN_OBJC_IMPLICIT_RETAIN_SELF = YES;
				CLANG_WARN_OBJC_LITERAL_CONVERSION = YES;
				CLANG_WARN_OBJC_ROOT_CLASS = YES_ERROR;
				CLANG_WARN_QUOTED_INCLUDE_IN_FRAMEWORK_HEADER = YES;
				CLANG_WARN_RANGE_LOOP_ANALYSIS = YES;
				CLANG_WARN_STRICT_PROTOTYPES = YES;
				CLANG_WARN_SUSPICIOUS_MOVE = YES;
				CLANG_WARN_UNGUARDED_AVAILABILITY = YES_AGGRESSIVE;
				CLANG_WARN_UNREACHABLE_CODE = YES;
				CLANG_WARN__DUPLICATE_METHOD_MATCH = YES;
				COPY_PHASE_STRIP = NO;
				DEBUG_INFORMATION_FORMAT = "dwarf-with-dsym";
				ENABLE_NS_ASSERTIONS = NO;
				ENABLE_STRICT_OBJC_MSGSEND = YES;
				GCC_C_LANGUAGE_STANDARD = gnu11;
				GCC_NO_COMMON_BLOCKS = YES;
				GCC_WARN_64_TO_32_BIT_CONVERSION = YES;
				GCC_WARN_ABOUT_RETURN_TYPE = YES_ERROR;
				GCC_WARN_UNDECLARED_SELECTOR = YES;
				GCC_WARN_UNINITIALIZED_AUTOS = YES_AGGRESSIVE;
				GCC_WARN_UNUSED_FUNCTION = YES;
				GCC_WARN_UNUSED_VARIABLE = YES;
				IPHONEOS_DEPLOYMENT_TARGET = 15.4;
				MTL_ENABLE_DEBUG_INFO = NO;
				MTL_FAST_MATH = YES;
				SDKROOT = iphoneos;
				SWIFT_COMPILATION_MODE = wholemodule;
				SWIFT_OPTIMIZATION_LEVEL = "-O";
				VALIDATE_PRODUCT = YES;
			};
			name = Release;
		};
		D8AE174C2814E97300E74CB8 /* Debug */ = {
			isa = XCBuildConfiguration;
			buildSettings = {
				ASSETCATALOG_COMPILER_APPICON_NAME = AppIcon;
				ASSETCATALOG_COMPILER_GLOBAL_ACCENT_COLOR_NAME = AccentColor;
				CLANG_ENABLE_MODULES = YES;
				CODE_SIGN_ENTITLEMENTS = Aexels/Global/Aexels.entitlements;
				CODE_SIGN_STYLE = Automatic;
				CURRENT_PROJECT_VERSION = 25;
				DEVELOPMENT_TEAM = Z6PFG8RC6V;
				GENERATE_INFOPLIST_FILE = YES;
				INFOPLIST_FILE = Aexels/Global/Info.plist;
				INFOPLIST_KEY_LSApplicationCategoryType = "public.app-category.entertainment";
				INFOPLIST_KEY_UIApplicationSupportsIndirectInputEvents = YES;
				INFOPLIST_KEY_UISupportedInterfaceOrientations = UIInterfaceOrientationPortrait;
				INFOPLIST_KEY_UISupportedInterfaceOrientations_iPad = "UIInterfaceOrientationLandscapeLeft UIInterfaceOrientationLandscapeRight";
				INFOPLIST_KEY_UISupportedInterfaceOrientations_iPhone = "UIInterfaceOrientationPortrait UIInterfaceOrientationLandscapeLeft UIInterfaceOrientationLandscapeRight";
				IPHONEOS_DEPLOYMENT_TARGET = 13.0;
				"IPHONEOS_DEPLOYMENT_TARGET[sdk=macosx*]" = 14.2;
				LD_RUNPATH_SEARCH_PATHS = (
					"$(inherited)",
					"@executable_path/Frameworks",
				);
				MARKETING_VERSION = 2.5.3;
				PRODUCT_BUNDLE_IDENTIFIER = com.aepryus.aexels;
				PRODUCT_NAME = "$(TARGET_NAME)";
				SUPPORTS_MACCATALYST = YES;
				SUPPORTS_MAC_DESIGNED_FOR_IPHONE_IPAD = NO;
				SWIFT_EMIT_LOC_STRINGS = YES;
				SWIFT_OBJC_BRIDGING_HEADER = "Aexels/Global/Aexels-Bridging-Header.h";
				SWIFT_OPTIMIZATION_LEVEL = "-Onone";
				SWIFT_VERSION = 5.0;
				TARGETED_DEVICE_FAMILY = "1,2,6";
			};
			name = Debug;
		};
		D8AE174D2814E97300E74CB8 /* Release */ = {
			isa = XCBuildConfiguration;
			buildSettings = {
				ASSETCATALOG_COMPILER_APPICON_NAME = AppIcon;
				ASSETCATALOG_COMPILER_GLOBAL_ACCENT_COLOR_NAME = AccentColor;
				CLANG_ENABLE_MODULES = YES;
				CODE_SIGN_ENTITLEMENTS = Aexels/Global/Aexels.entitlements;
				CODE_SIGN_STYLE = Automatic;
				CURRENT_PROJECT_VERSION = 25;
				DEVELOPMENT_TEAM = Z6PFG8RC6V;
				GENERATE_INFOPLIST_FILE = YES;
				INFOPLIST_FILE = Aexels/Global/Info.plist;
				INFOPLIST_KEY_LSApplicationCategoryType = "public.app-category.entertainment";
				INFOPLIST_KEY_UIApplicationSupportsIndirectInputEvents = YES;
				INFOPLIST_KEY_UISupportedInterfaceOrientations = UIInterfaceOrientationPortrait;
				INFOPLIST_KEY_UISupportedInterfaceOrientations_iPad = "UIInterfaceOrientationLandscapeLeft UIInterfaceOrientationLandscapeRight";
				INFOPLIST_KEY_UISupportedInterfaceOrientations_iPhone = "UIInterfaceOrientationPortrait UIInterfaceOrientationLandscapeLeft UIInterfaceOrientationLandscapeRight";
				IPHONEOS_DEPLOYMENT_TARGET = 13.0;
				"IPHONEOS_DEPLOYMENT_TARGET[sdk=macosx*]" = 14.2;
				LD_RUNPATH_SEARCH_PATHS = (
					"$(inherited)",
					"@executable_path/Frameworks",
				);
				MARKETING_VERSION = 2.5.3;
				PRODUCT_BUNDLE_IDENTIFIER = com.aepryus.aexels;
				PRODUCT_NAME = "$(TARGET_NAME)";
				SUPPORTS_MACCATALYST = YES;
				SUPPORTS_MAC_DESIGNED_FOR_IPHONE_IPAD = NO;
				SWIFT_EMIT_LOC_STRINGS = YES;
				SWIFT_OBJC_BRIDGING_HEADER = "Aexels/Global/Aexels-Bridging-Header.h";
				SWIFT_VERSION = 5.0;
				TARGETED_DEVICE_FAMILY = "1,2,6";
			};
			name = Release;
		};
/* End XCBuildConfiguration section */

/* Begin XCConfigurationList section */
		D8AE17322814E97200E74CB8 /* Build configuration list for PBXProject "Aexels" */ = {
			isa = XCConfigurationList;
			buildConfigurations = (
				D8AE17492814E97300E74CB8 /* Debug */,
				D8AE174A2814E97300E74CB8 /* Release */,
			);
			defaultConfigurationIsVisible = 0;
			defaultConfigurationName = Release;
		};
		D8AE174B2814E97300E74CB8 /* Build configuration list for PBXNativeTarget "Aexels" */ = {
			isa = XCConfigurationList;
			buildConfigurations = (
				D8AE174C2814E97300E74CB8 /* Debug */,
				D8AE174D2814E97300E74CB8 /* Release */,
			);
			defaultConfigurationIsVisible = 0;
			defaultConfigurationName = Release;
		};
/* End XCConfigurationList section */

/* Begin XCRemoteSwiftPackageReference section */
		D829BCEB28152FBA005B3461 /* XCRemoteSwiftPackageReference "OoviumKit" */ = {
			isa = XCRemoteSwiftPackageReference;
			repositoryURL = "https://github.com/aepryus/OoviumKit";
			requirement = {
				branch = master;
				kind = branch;
			};
		};
/* End XCRemoteSwiftPackageReference section */

/* Begin XCSwiftPackageProductDependency section */
		D804561B281534BF0018223B /* Acheron */ = {
			isa = XCSwiftPackageProductDependency;
			productName = Acheron;
		};
		D804561D281534BF0018223B /* OoviumEngine */ = {
			isa = XCSwiftPackageProductDependency;
			productName = OoviumEngine;
		};
		D829BCEC28152FBA005B3461 /* OoviumKit */ = {
			isa = XCSwiftPackageProductDependency;
			package = D829BCEB28152FBA005B3461 /* XCRemoteSwiftPackageReference "OoviumKit" */;
			productName = OoviumKit;
		};
/* End XCSwiftPackageProductDependency section */
	};
	rootObject = D8AE172F2814E97200E74CB8 /* Project object */;
}
