// !$*UTF8*$!
{
	archiveVersion = 1;
	classes = {
	};
	objectVersion = 55;
	objects = {

/* Begin PBXBuildFile section */
		D8042F11293AEB0200453B8E /* DilationView.swift in Sources */ = {isa = PBXBuildFile; fileRef = D8042F10293AEB0200453B8E /* DilationView.swift */; };
		D8042F15293B085500453B8E /* Thracian.c in Sources */ = {isa = PBXBuildFile; fileRef = D8042F14293B085500453B8E /* Thracian.c */; };
		D804561C281534BF0018223B /* Acheron in Frameworks */ = {isa = PBXBuildFile; productRef = D804561B281534BF0018223B /* Acheron */; };
		D804561E281534BF0018223B /* OoviumEngine in Frameworks */ = {isa = PBXBuildFile; productRef = D804561D281534BF0018223B /* OoviumEngine */; };
		D80B6EDB2B766F3C00EC2536 /* Aexels3.mp3 in Resources */ = {isa = PBXBuildFile; fileRef = D80B6EDA2B766F3C00EC2536 /* Aexels3.mp3 */; };
		D80ED6AD2B679A1A00EF4F8D /* Ionian.c in Sources */ = {isa = PBXBuildFile; fileRef = D80ED6AB2B679A1A00EF4F8D /* Ionian.c */; };
		D80ED6B12B679C6A00EF4F8D /* NexusExplorer.swift in Sources */ = {isa = PBXBuildFile; fileRef = D80ED6B02B679C6A00EF4F8D /* NexusExplorer.swift */; };
		D80ED6B42B679D8000EF4F8D /* ExplorerViewController.swift in Sources */ = {isa = PBXBuildFile; fileRef = D80ED6B32B679D8000EF4F8D /* ExplorerViewController.swift */; };
		D80FB2EA2B80DFC400F7DF17 /* DistanceExplorer.swift in Sources */ = {isa = PBXBuildFile; fileRef = D80FB2E92B80DFC400F7DF17 /* DistanceExplorer.swift */; };
		D813B7692AA6B892003851AE /* GravityEngine.swift in Sources */ = {isa = PBXBuildFile; fileRef = D813B7682AA6B892003851AE /* GravityEngine.swift */; };
		D829BCED28152FBA005B3461 /* OoviumKit in Frameworks */ = {isa = PBXBuildFile; productRef = D829BCEC28152FBA005B3461 /* OoviumKit */; };
		D849E0542934E4250012D0AC /* Discrepancy.latex in Resources */ = {isa = PBXBuildFile; fileRef = D849E0532934E4250012D0AC /* Discrepancy.latex */; };
		D850F44A293EEDD60091F15A /* VSlider.swift in Sources */ = {isa = PBXBuildFile; fileRef = D850F449293EEDD60091F15A /* VSlider.swift */; };
		D850F44C293F2EB30091F15A /* DiliationEngine.swift in Sources */ = {isa = PBXBuildFile; fileRef = D850F44B293F2EB30091F15A /* DiliationEngine.swift */; };
		D8534B102A8CDA0200342F61 /* GravityExplorer.swift in Sources */ = {isa = PBXBuildFile; fileRef = D8534B0F2A8CDA0200342F61 /* GravityExplorer.swift */; };
		D8656C102A8CF7C1003FC9A3 /* Myrtoan.c in Sources */ = {isa = PBXBuildFile; fileRef = D8656C0F2A8CF7C1003FC9A3 /* Myrtoan.c */; };
		D8656C122A8CF907003FC9A3 /* GravityView.swift in Sources */ = {isa = PBXBuildFile; fileRef = D8656C112A8CF907003FC9A3 /* GravityView.swift */; };
		D87C0DD12931A7AE0005B44D /* Dilation.latex in Resources */ = {isa = PBXBuildFile; fileRef = D87C0DD02931A7AE0005B44D /* Dilation.latex */; };
		D87C0DD32931A8250005B44D /* Contraction.latex in Resources */ = {isa = PBXBuildFile; fileRef = D87C0DD22931A8250005B44D /* Contraction.latex */; };
		D881B7B9294BDED2004DE0DD /* CloseButton.swift in Sources */ = {isa = PBXBuildFile; fileRef = D881B7B8294BDED2004DE0DD /* CloseButton.swift */; };
		D88878C02B7CBAF900BB3D09 /* Interchange.swift in Sources */ = {isa = PBXBuildFile; fileRef = D88878BF2B7CBAF900BB3D09 /* Interchange.swift */; };
		D8A63A462B76D8AC00C28F93 /* GlyphsView.swift in Sources */ = {isa = PBXBuildFile; fileRef = D8A63A452B76D8AC00C28F93 /* GlyphsView.swift */; };
		D8A63A482B79D5B800C28F93 /* ArticleView.swift in Sources */ = {isa = PBXBuildFile; fileRef = D8A63A472B79D5B800C28F93 /* ArticleView.swift */; };
		D8AA5A512B7AEFD700282522 /* Article.swift in Sources */ = {isa = PBXBuildFile; fileRef = D8AA5A502B7AEFD700282522 /* Article.swift */; };
		D8AE17442814E97300E74CB8 /* Assets.xcassets in Resources */ = {isa = PBXBuildFile; fileRef = D8AE17432814E97300E74CB8 /* Assets.xcassets */; };
		D8AE17612814F06E00E74CB8 /* UIFont+Aexels.swift in Sources */ = {isa = PBXBuildFile; fileRef = D8AE17602814F06E00E74CB8 /* UIFont+Aexels.swift */; };
		D8AE17652814F08400E74CB8 /* Simulation.swift in Sources */ = {isa = PBXBuildFile; fileRef = D8AE17632814F08400E74CB8 /* Simulation.swift */; };
		D8AE17912814F0D300E74CB8 /* Localizable.strings in Resources */ = {isa = PBXBuildFile; fileRef = D8AE17672814F0D300E74CB8 /* Localizable.strings */; };
		D8AE17932814F0D300E74CB8 /* Day & Night.oo in Resources */ = {isa = PBXBuildFile; fileRef = D8AE176A2814F0D300E74CB8 /* Day & Night.oo */; };
		D8AE17942814F0D300E74CB8 /* Sweetness.oo in Resources */ = {isa = PBXBuildFile; fileRef = D8AE176B2814F0D300E74CB8 /* Sweetness.oo */; };
		D8AE17972814F0D300E74CB8 /* Game of Life.oo in Resources */ = {isa = PBXBuildFile; fileRef = D8AE176E2814F0D300E74CB8 /* Game of Life.oo */; };
		D8AE17982814F0D300E74CB8 /* Demons.oo in Resources */ = {isa = PBXBuildFile; fileRef = D8AE176F2814F0D300E74CB8 /* Demons.oo */; };
		D8AE17992814F0D300E74CB8 /* ChicagoFLF.ttf in Resources */ = {isa = PBXBuildFile; fileRef = D8AE17702814F0D300E74CB8 /* ChicagoFLF.ttf */; };
		D8AE179C2814F0D300E74CB8 /* WalledCities iP.oo in Resources */ = {isa = PBXBuildFile; fileRef = D8AE17732814F0D300E74CB8 /* WalledCities iP.oo */; };
		D8AE179E2814F0D300E74CB8 /* WalledCities.oo in Resources */ = {isa = PBXBuildFile; fileRef = D8AE17752814F0D300E74CB8 /* WalledCities.oo */; };
		D8AE17A42814F0D300E74CB8 /* Sweetness iP.oo in Resources */ = {isa = PBXBuildFile; fileRef = D8AE177B2814F0D300E74CB8 /* Sweetness iP.oo */; };
		D8AE17A62814F0D300E74CB8 /* Move.oo in Resources */ = {isa = PBXBuildFile; fileRef = D8AE177D2814F0D300E74CB8 /* Move.oo */; };
		D8AE17AE2814F0D300E74CB8 /* Day & Night iP.oo in Resources */ = {isa = PBXBuildFile; fileRef = D8AE17852814F0D300E74CB8 /* Day & Night iP.oo */; };
		D8AE17B12814F0D300E74CB8 /* Demons iP.oo in Resources */ = {isa = PBXBuildFile; fileRef = D8AE17882814F0D300E74CB8 /* Demons iP.oo */; };
		D8AE17B42814F0D300E74CB8 /* TrajanPro-Regular.otf in Resources */ = {isa = PBXBuildFile; fileRef = D8AE178B2814F0D300E74CB8 /* TrajanPro-Regular.otf */; };
		D8AE17B52814F0D300E74CB8 /* Move iP.oo in Resources */ = {isa = PBXBuildFile; fileRef = D8AE178C2814F0D300E74CB8 /* Move iP.oo */; };
		D8AE17B72814F0D300E74CB8 /* TrajanPro-Bold.ttf in Resources */ = {isa = PBXBuildFile; fileRef = D8AE178E2814F0D300E74CB8 /* TrajanPro-Bold.ttf */; };
		D8AE17B82814F0D300E74CB8 /* Game of Life iP.oo in Resources */ = {isa = PBXBuildFile; fileRef = D8AE178F2814F0D300E74CB8 /* Game of Life iP.oo */; };
		D8AE17C12814F1AF00E74CB8 /* Aexels.swift in Sources */ = {isa = PBXBuildFile; fileRef = D8AE17BF2814F1AF00E74CB8 /* Aexels.swift */; };
		D8AE17C22814F1AF00E74CB8 /* AexelsDelegate.swift in Sources */ = {isa = PBXBuildFile; fileRef = D8AE17C02814F1AF00E74CB8 /* AexelsDelegate.swift */; };
		D8AE17C92814F1C700E74CB8 /* NexusLabel.swift in Sources */ = {isa = PBXBuildFile; fileRef = D8AE17C42814F1C700E74CB8 /* NexusLabel.swift */; };
		D8AE17CA2814F1C700E74CB8 /* TouchingGesture.swift in Sources */ = {isa = PBXBuildFile; fileRef = D8AE17C52814F1C700E74CB8 /* TouchingGesture.swift */; };
		D8AE17CB2814F1C700E74CB8 /* Explorer.swift in Sources */ = {isa = PBXBuildFile; fileRef = D8AE17C62814F1C700E74CB8 /* Explorer.swift */; };
		D8AE17D62814F1EC00E74CB8 /* PlayButton.swift in Sources */ = {isa = PBXBuildFile; fileRef = D8AE17CD2814F1EC00E74CB8 /* PlayButton.swift */; };
		D8AE17D72814F1EC00E74CB8 /* SwapButton.swift in Sources */ = {isa = PBXBuildFile; fileRef = D8AE17CE2814F1EC00E74CB8 /* SwapButton.swift */; };
		D8AE17D92814F1EC00E74CB8 /* LimboButton.swift in Sources */ = {isa = PBXBuildFile; fileRef = D8AE17D02814F1EC00E74CB8 /* LimboButton.swift */; };
		D8AE17DA2814F1EC00E74CB8 /* AXButton.swift in Sources */ = {isa = PBXBuildFile; fileRef = D8AE17D12814F1EC00E74CB8 /* AXButton.swift */; };
		D8AE17DB2814F1EC00E74CB8 /* MaskView.swift in Sources */ = {isa = PBXBuildFile; fileRef = D8AE17D22814F1EC00E74CB8 /* MaskView.swift */; };
		D8AE17DC2814F1EC00E74CB8 /* ContentLimbo.swift in Sources */ = {isa = PBXBuildFile; fileRef = D8AE17D32814F1EC00E74CB8 /* ContentLimbo.swift */; };
		D8AE17DD2814F1EC00E74CB8 /* Limbo.swift in Sources */ = {isa = PBXBuildFile; fileRef = D8AE17D42814F1EC00E74CB8 /* Limbo.swift */; };
		D8AE17DE2814F1EC00E74CB8 /* SliderView.swift in Sources */ = {isa = PBXBuildFile; fileRef = D8AE17D52814F1EC00E74CB8 /* SliderView.swift */; };
		D8AE17E72814F20500E74CB8 /* CellularExplorer.swift in Sources */ = {isa = PBXBuildFile; fileRef = D8AE17E12814F20500E74CB8 /* CellularExplorer.swift */; };
		D8AE17E82814F20500E74CB8 /* CellularView.swift in Sources */ = {isa = PBXBuildFile; fileRef = D8AE17E22814F20500E74CB8 /* CellularView.swift */; };
		D8AE17E92814F20500E74CB8 /* DilatorView.swift in Sources */ = {isa = PBXBuildFile; fileRef = D8AE17E32814F20500E74CB8 /* DilatorView.swift */; };
		D8AE17EA2814F20500E74CB8 /* CellularEngine.swift in Sources */ = {isa = PBXBuildFile; fileRef = D8AE17E42814F20500E74CB8 /* CellularEngine.swift */; };
		D8AE17EB2814F20500E74CB8 /* ResetButton.swift in Sources */ = {isa = PBXBuildFile; fileRef = D8AE17E52814F20500E74CB8 /* ResetButton.swift */; };
		D8AE17EC2814F20500E74CB8 /* GuideButton.swift in Sources */ = {isa = PBXBuildFile; fileRef = D8AE17E62814F20500E74CB8 /* GuideButton.swift */; };
		D8AE17F32814F20E00E74CB8 /* NewtonianView.swift in Sources */ = {isa = PBXBuildFile; fileRef = D8AE17ED2814F20E00E74CB8 /* NewtonianView.swift */; };
		D8AE17F42814F20E00E74CB8 /* VectorView.swift in Sources */ = {isa = PBXBuildFile; fileRef = D8AE17EE2814F20E00E74CB8 /* VectorView.swift */; };
		D8AE17F52814F20E00E74CB8 /* KinematicsView.swift in Sources */ = {isa = PBXBuildFile; fileRef = D8AE17EF2814F20E00E74CB8 /* KinematicsView.swift */; };
		D8AE17F62814F20E00E74CB8 /* ExpButton.swift in Sources */ = {isa = PBXBuildFile; fileRef = D8AE17F02814F20E00E74CB8 /* ExpButton.swift */; };
		D8AE17F72814F20E00E74CB8 /* NetButton.swift in Sources */ = {isa = PBXBuildFile; fileRef = D8AE17F12814F20E00E74CB8 /* NetButton.swift */; };
		D8AE17F82814F20E00E74CB8 /* KinematicsExplorer.swift in Sources */ = {isa = PBXBuildFile; fileRef = D8AE17F22814F20E00E74CB8 /* KinematicsExplorer.swift */; };
		D8AE17FE2814F21F00E74CB8 /* DilationExplorer.swift in Sources */ = {isa = PBXBuildFile; fileRef = D8AE17FD2814F21F00E74CB8 /* DilationExplorer.swift */; };
		D8AE18002814F22700E74CB8 /* ContractionExplorer.swift in Sources */ = {isa = PBXBuildFile; fileRef = D8AE17FF2814F22700E74CB8 /* ContractionExplorer.swift */; };
		D8AFFA9F2B74B30C00588196 /* VisionBar.swift in Sources */ = {isa = PBXBuildFile; fileRef = D8AFFA9E2B74B30C00588196 /* VisionBar.swift */; };
		D8C1CC0B293D76D9001881F5 /* CSlider.swift in Sources */ = {isa = PBXBuildFile; fileRef = D8C1CC0A293D76D9001881F5 /* CSlider.swift */; };
		D8D2E1262944592900EC1719 /* PulseButton.swift in Sources */ = {isa = PBXBuildFile; fileRef = D8D2E1252944592900EC1719 /* PulseButton.swift */; };
		D8D2E1282944BC4E00EC1719 /* BoolButton.swift in Sources */ = {isa = PBXBuildFile; fileRef = D8D2E1272944BC4E00EC1719 /* BoolButton.swift */; };
		D8DA98BB2B690DDF00A4AA8F /* Cyto.swift in Sources */ = {isa = PBXBuildFile; fileRef = D8DA98BA2B690DDF00A4AA8F /* Cyto.swift */; };
		D8DA98C22B69384300A4AA8F /* LaunchScreen.storyboard in Resources */ = {isa = PBXBuildFile; fileRef = D8DA98C02B69384300A4AA8F /* LaunchScreen.storyboard */; };
		D8DA98C62B6F3C4E00A4AA8F /* LimboCell.swift in Sources */ = {isa = PBXBuildFile; fileRef = D8DA98C52B6F3C4E00A4AA8F /* LimboCell.swift */; };
		D8DA98C82B6F40BB00A4AA8F /* MaskCell.swift in Sources */ = {isa = PBXBuildFile; fileRef = D8DA98C72B6F40BB00A4AA8F /* MaskCell.swift */; };
		D8DDAC6F2A8C35BC00100633 /* AetherExplorer.swift in Sources */ = {isa = PBXBuildFile; fileRef = D8DDAC6D2A8C35BC00100633 /* AetherExplorer.swift */; };
		D8DDAC702A8C35BC00100633 /* AexelsView.swift in Sources */ = {isa = PBXBuildFile; fileRef = D8DDAC6E2A8C35BC00100633 /* AexelsView.swift */; };
		D8FB29842B73ED53003E89E5 /* OoviumView.swift in Sources */ = {isa = PBXBuildFile; fileRef = D8FB29832B73ED53003E89E5 /* OoviumView.swift */; };
/* End PBXBuildFile section */

/* Begin PBXFileReference section */
		D8042F10293AEB0200453B8E /* DilationView.swift */ = {isa = PBXFileReference; lastKnownFileType = sourcecode.swift; path = DilationView.swift; sourceTree = "<group>"; };
		D8042F13293B085500453B8E /* Thracian.h */ = {isa = PBXFileReference; lastKnownFileType = sourcecode.c.h; path = Thracian.h; sourceTree = "<group>"; };
		D8042F14293B085500453B8E /* Thracian.c */ = {isa = PBXFileReference; lastKnownFileType = sourcecode.c.c; path = Thracian.c; sourceTree = "<group>"; };
		D80B6EDA2B766F3C00EC2536 /* Aexels3.mp3 */ = {isa = PBXFileReference; lastKnownFileType = audio.mp3; path = Aexels3.mp3; sourceTree = "<group>"; };
		D80ED6AB2B679A1A00EF4F8D /* Ionian.c */ = {isa = PBXFileReference; fileEncoding = 4; lastKnownFileType = sourcecode.c.c; path = Ionian.c; sourceTree = "<group>"; };
		D80ED6AC2B679A1A00EF4F8D /* Ionian.h */ = {isa = PBXFileReference; fileEncoding = 4; lastKnownFileType = sourcecode.c.h; path = Ionian.h; sourceTree = "<group>"; };
		D80ED6B02B679C6A00EF4F8D /* NexusExplorer.swift */ = {isa = PBXFileReference; lastKnownFileType = sourcecode.swift; path = NexusExplorer.swift; sourceTree = "<group>"; };
		D80ED6B32B679D8000EF4F8D /* ExplorerViewController.swift */ = {isa = PBXFileReference; lastKnownFileType = sourcecode.swift; path = ExplorerViewController.swift; sourceTree = "<group>"; };
		D80FB2E92B80DFC400F7DF17 /* DistanceExplorer.swift */ = {isa = PBXFileReference; lastKnownFileType = sourcecode.swift; path = DistanceExplorer.swift; sourceTree = "<group>"; };
		D813B7682AA6B892003851AE /* GravityEngine.swift */ = {isa = PBXFileReference; lastKnownFileType = sourcecode.swift; path = GravityEngine.swift; sourceTree = "<group>"; };
		D849E0532934E4250012D0AC /* Discrepancy.latex */ = {isa = PBXFileReference; lastKnownFileType = text; path = Discrepancy.latex; sourceTree = "<group>"; };
		D850F449293EEDD60091F15A /* VSlider.swift */ = {isa = PBXFileReference; lastKnownFileType = sourcecode.swift; path = VSlider.swift; sourceTree = "<group>"; };
		D850F44B293F2EB30091F15A /* DiliationEngine.swift */ = {isa = PBXFileReference; lastKnownFileType = sourcecode.swift; path = DiliationEngine.swift; sourceTree = "<group>"; };
		D8534B0F2A8CDA0200342F61 /* GravityExplorer.swift */ = {isa = PBXFileReference; lastKnownFileType = sourcecode.swift; path = GravityExplorer.swift; sourceTree = "<group>"; };
		D8656C0E2A8CF7C1003FC9A3 /* Myrtoan.h */ = {isa = PBXFileReference; lastKnownFileType = sourcecode.c.h; path = Myrtoan.h; sourceTree = "<group>"; };
		D8656C0F2A8CF7C1003FC9A3 /* Myrtoan.c */ = {isa = PBXFileReference; lastKnownFileType = sourcecode.c.c; path = Myrtoan.c; sourceTree = "<group>"; };
		D8656C112A8CF907003FC9A3 /* GravityView.swift */ = {isa = PBXFileReference; lastKnownFileType = sourcecode.swift; path = GravityView.swift; sourceTree = "<group>"; };
		D87C0DD02931A7AE0005B44D /* Dilation.latex */ = {isa = PBXFileReference; lastKnownFileType = text; path = Dilation.latex; sourceTree = "<group>"; };
		D87C0DD22931A8250005B44D /* Contraction.latex */ = {isa = PBXFileReference; lastKnownFileType = text; path = Contraction.latex; sourceTree = "<group>"; };
		D881B7B8294BDED2004DE0DD /* CloseButton.swift */ = {isa = PBXFileReference; lastKnownFileType = sourcecode.swift; path = CloseButton.swift; sourceTree = "<group>"; };
		D88878BF2B7CBAF900BB3D09 /* Interchange.swift */ = {isa = PBXFileReference; lastKnownFileType = sourcecode.swift; path = Interchange.swift; sourceTree = "<group>"; };
		D8A63A452B76D8AC00C28F93 /* GlyphsView.swift */ = {isa = PBXFileReference; lastKnownFileType = sourcecode.swift; path = GlyphsView.swift; sourceTree = "<group>"; };
		D8A63A472B79D5B800C28F93 /* ArticleView.swift */ = {isa = PBXFileReference; lastKnownFileType = sourcecode.swift; path = ArticleView.swift; sourceTree = "<group>"; };
		D8AA5A502B7AEFD700282522 /* Article.swift */ = {isa = PBXFileReference; lastKnownFileType = sourcecode.swift; path = Article.swift; sourceTree = "<group>"; };
		D8AE17372814E97200E74CB8 /* Aexels.app */ = {isa = PBXFileReference; explicitFileType = wrapper.application; includeInIndex = 0; path = Aexels.app; sourceTree = BUILT_PRODUCTS_DIR; };
		D8AE17432814E97300E74CB8 /* Assets.xcassets */ = {isa = PBXFileReference; lastKnownFileType = folder.assetcatalog; path = Assets.xcassets; sourceTree = "<group>"; };
		D8AE17602814F06E00E74CB8 /* UIFont+Aexels.swift */ = {isa = PBXFileReference; fileEncoding = 4; lastKnownFileType = sourcecode.swift; path = "UIFont+Aexels.swift"; sourceTree = "<group>"; };
		D8AE17632814F08400E74CB8 /* Simulation.swift */ = {isa = PBXFileReference; fileEncoding = 4; lastKnownFileType = sourcecode.swift; path = Simulation.swift; sourceTree = "<group>"; };
		D8AE17682814F0D300E74CB8 /* en */ = {isa = PBXFileReference; lastKnownFileType = text.plist.strings; name = en; path = Localizable.strings; sourceTree = "<group>"; };
		D8AE176A2814F0D300E74CB8 /* Day & Night.oo */ = {isa = PBXFileReference; explicitFileType = text.json; fileEncoding = 4; path = "Day & Night.oo"; sourceTree = "<group>"; };
		D8AE176B2814F0D300E74CB8 /* Sweetness.oo */ = {isa = PBXFileReference; explicitFileType = text.json; fileEncoding = 4; path = Sweetness.oo; sourceTree = "<group>"; };
		D8AE176E2814F0D300E74CB8 /* Game of Life.oo */ = {isa = PBXFileReference; explicitFileType = text.json; fileEncoding = 4; path = "Game of Life.oo"; sourceTree = "<group>"; };
		D8AE176F2814F0D300E74CB8 /* Demons.oo */ = {isa = PBXFileReference; explicitFileType = text.json; fileEncoding = 4; path = Demons.oo; sourceTree = "<group>"; };
		D8AE17702814F0D300E74CB8 /* ChicagoFLF.ttf */ = {isa = PBXFileReference; lastKnownFileType = file; path = ChicagoFLF.ttf; sourceTree = "<group>"; };
		D8AE17732814F0D300E74CB8 /* WalledCities iP.oo */ = {isa = PBXFileReference; explicitFileType = text.json; fileEncoding = 4; path = "WalledCities iP.oo"; sourceTree = "<group>"; };
		D8AE17752814F0D300E74CB8 /* WalledCities.oo */ = {isa = PBXFileReference; explicitFileType = text.json; fileEncoding = 4; path = WalledCities.oo; sourceTree = "<group>"; };
		D8AE177B2814F0D300E74CB8 /* Sweetness iP.oo */ = {isa = PBXFileReference; explicitFileType = text.json; fileEncoding = 4; path = "Sweetness iP.oo"; sourceTree = "<group>"; };
		D8AE177D2814F0D300E74CB8 /* Move.oo */ = {isa = PBXFileReference; explicitFileType = text.json; fileEncoding = 4; path = Move.oo; sourceTree = "<group>"; };
		D8AE17852814F0D300E74CB8 /* Day & Night iP.oo */ = {isa = PBXFileReference; explicitFileType = text.json; fileEncoding = 4; path = "Day & Night iP.oo"; sourceTree = "<group>"; };
		D8AE17882814F0D300E74CB8 /* Demons iP.oo */ = {isa = PBXFileReference; explicitFileType = text.json; fileEncoding = 4; path = "Demons iP.oo"; sourceTree = "<group>"; };
		D8AE178B2814F0D300E74CB8 /* TrajanPro-Regular.otf */ = {isa = PBXFileReference; lastKnownFileType = file; path = "TrajanPro-Regular.otf"; sourceTree = "<group>"; };
		D8AE178C2814F0D300E74CB8 /* Move iP.oo */ = {isa = PBXFileReference; explicitFileType = text.json; fileEncoding = 4; path = "Move iP.oo"; sourceTree = "<group>"; };
		D8AE178E2814F0D300E74CB8 /* TrajanPro-Bold.ttf */ = {isa = PBXFileReference; lastKnownFileType = file; path = "TrajanPro-Bold.ttf"; sourceTree = "<group>"; };
		D8AE178F2814F0D300E74CB8 /* Game of Life iP.oo */ = {isa = PBXFileReference; explicitFileType = text.json; fileEncoding = 4; path = "Game of Life iP.oo"; sourceTree = "<group>"; };
		D8AE17BD2814F1A600E74CB8 /* Info.plist */ = {isa = PBXFileReference; fileEncoding = 4; lastKnownFileType = text.plist.xml; path = Info.plist; sourceTree = "<group>"; };
		D8AE17BF2814F1AF00E74CB8 /* Aexels.swift */ = {isa = PBXFileReference; fileEncoding = 4; lastKnownFileType = sourcecode.swift; path = Aexels.swift; sourceTree = "<group>"; };
		D8AE17C02814F1AF00E74CB8 /* AexelsDelegate.swift */ = {isa = PBXFileReference; fileEncoding = 4; lastKnownFileType = sourcecode.swift; path = AexelsDelegate.swift; sourceTree = "<group>"; };
		D8AE17C42814F1C700E74CB8 /* NexusLabel.swift */ = {isa = PBXFileReference; fileEncoding = 4; lastKnownFileType = sourcecode.swift; path = NexusLabel.swift; sourceTree = "<group>"; };
		D8AE17C52814F1C700E74CB8 /* TouchingGesture.swift */ = {isa = PBXFileReference; fileEncoding = 4; lastKnownFileType = sourcecode.swift; path = TouchingGesture.swift; sourceTree = "<group>"; };
		D8AE17C62814F1C700E74CB8 /* Explorer.swift */ = {isa = PBXFileReference; fileEncoding = 4; lastKnownFileType = sourcecode.swift; path = Explorer.swift; sourceTree = "<group>"; };
		D8AE17CD2814F1EC00E74CB8 /* PlayButton.swift */ = {isa = PBXFileReference; fileEncoding = 4; lastKnownFileType = sourcecode.swift; path = PlayButton.swift; sourceTree = "<group>"; };
		D8AE17CE2814F1EC00E74CB8 /* SwapButton.swift */ = {isa = PBXFileReference; fileEncoding = 4; lastKnownFileType = sourcecode.swift; path = SwapButton.swift; sourceTree = "<group>"; };
		D8AE17D02814F1EC00E74CB8 /* LimboButton.swift */ = {isa = PBXFileReference; fileEncoding = 4; lastKnownFileType = sourcecode.swift; path = LimboButton.swift; sourceTree = "<group>"; };
		D8AE17D12814F1EC00E74CB8 /* AXButton.swift */ = {isa = PBXFileReference; fileEncoding = 4; lastKnownFileType = sourcecode.swift; path = AXButton.swift; sourceTree = "<group>"; };
		D8AE17D22814F1EC00E74CB8 /* MaskView.swift */ = {isa = PBXFileReference; fileEncoding = 4; lastKnownFileType = sourcecode.swift; path = MaskView.swift; sourceTree = "<group>"; };
		D8AE17D32814F1EC00E74CB8 /* ContentLimbo.swift */ = {isa = PBXFileReference; fileEncoding = 4; lastKnownFileType = sourcecode.swift; path = ContentLimbo.swift; sourceTree = "<group>"; };
		D8AE17D42814F1EC00E74CB8 /* Limbo.swift */ = {isa = PBXFileReference; fileEncoding = 4; lastKnownFileType = sourcecode.swift; path = Limbo.swift; sourceTree = "<group>"; };
		D8AE17D52814F1EC00E74CB8 /* SliderView.swift */ = {isa = PBXFileReference; fileEncoding = 4; lastKnownFileType = sourcecode.swift; path = SliderView.swift; sourceTree = "<group>"; };
		D8AE17E12814F20500E74CB8 /* CellularExplorer.swift */ = {isa = PBXFileReference; fileEncoding = 4; lastKnownFileType = sourcecode.swift; path = CellularExplorer.swift; sourceTree = "<group>"; };
		D8AE17E22814F20500E74CB8 /* CellularView.swift */ = {isa = PBXFileReference; fileEncoding = 4; lastKnownFileType = sourcecode.swift; path = CellularView.swift; sourceTree = "<group>"; };
		D8AE17E32814F20500E74CB8 /* DilatorView.swift */ = {isa = PBXFileReference; fileEncoding = 4; lastKnownFileType = sourcecode.swift; path = DilatorView.swift; sourceTree = "<group>"; };
		D8AE17E42814F20500E74CB8 /* CellularEngine.swift */ = {isa = PBXFileReference; fileEncoding = 4; lastKnownFileType = sourcecode.swift; path = CellularEngine.swift; sourceTree = "<group>"; };
		D8AE17E52814F20500E74CB8 /* ResetButton.swift */ = {isa = PBXFileReference; fileEncoding = 4; lastKnownFileType = sourcecode.swift; path = ResetButton.swift; sourceTree = "<group>"; };
		D8AE17E62814F20500E74CB8 /* GuideButton.swift */ = {isa = PBXFileReference; fileEncoding = 4; lastKnownFileType = sourcecode.swift; path = GuideButton.swift; sourceTree = "<group>"; };
		D8AE17ED2814F20E00E74CB8 /* NewtonianView.swift */ = {isa = PBXFileReference; fileEncoding = 4; lastKnownFileType = sourcecode.swift; path = NewtonianView.swift; sourceTree = "<group>"; };
		D8AE17EE2814F20E00E74CB8 /* VectorView.swift */ = {isa = PBXFileReference; fileEncoding = 4; lastKnownFileType = sourcecode.swift; path = VectorView.swift; sourceTree = "<group>"; };
		D8AE17EF2814F20E00E74CB8 /* KinematicsView.swift */ = {isa = PBXFileReference; fileEncoding = 4; lastKnownFileType = sourcecode.swift; path = KinematicsView.swift; sourceTree = "<group>"; };
		D8AE17F02814F20E00E74CB8 /* ExpButton.swift */ = {isa = PBXFileReference; fileEncoding = 4; lastKnownFileType = sourcecode.swift; path = ExpButton.swift; sourceTree = "<group>"; };
		D8AE17F12814F20E00E74CB8 /* NetButton.swift */ = {isa = PBXFileReference; fileEncoding = 4; lastKnownFileType = sourcecode.swift; path = NetButton.swift; sourceTree = "<group>"; };
		D8AE17F22814F20E00E74CB8 /* KinematicsExplorer.swift */ = {isa = PBXFileReference; fileEncoding = 4; lastKnownFileType = sourcecode.swift; path = KinematicsExplorer.swift; sourceTree = "<group>"; };
		D8AE17FD2814F21F00E74CB8 /* DilationExplorer.swift */ = {isa = PBXFileReference; fileEncoding = 4; lastKnownFileType = sourcecode.swift; path = DilationExplorer.swift; sourceTree = "<group>"; };
		D8AE17FF2814F22700E74CB8 /* ContractionExplorer.swift */ = {isa = PBXFileReference; fileEncoding = 4; lastKnownFileType = sourcecode.swift; path = ContractionExplorer.swift; sourceTree = "<group>"; };
		D8AE18122814F59D00E74CB8 /* Aexels-Bridging-Header.h */ = {isa = PBXFileReference; lastKnownFileType = sourcecode.c.h; path = "Aexels-Bridging-Header.h"; sourceTree = "<group>"; };
		D8AFFA9E2B74B30C00588196 /* VisionBar.swift */ = {isa = PBXFileReference; lastKnownFileType = sourcecode.swift; path = VisionBar.swift; sourceTree = "<group>"; };
		D8C1CC0A293D76D9001881F5 /* CSlider.swift */ = {isa = PBXFileReference; lastKnownFileType = sourcecode.swift; path = CSlider.swift; sourceTree = "<group>"; };
		D8D2E1252944592900EC1719 /* PulseButton.swift */ = {isa = PBXFileReference; lastKnownFileType = sourcecode.swift; path = PulseButton.swift; sourceTree = "<group>"; };
		D8D2E1272944BC4E00EC1719 /* BoolButton.swift */ = {isa = PBXFileReference; lastKnownFileType = sourcecode.swift; path = BoolButton.swift; sourceTree = "<group>"; };
		D8DA98BA2B690DDF00A4AA8F /* Cyto.swift */ = {isa = PBXFileReference; lastKnownFileType = sourcecode.swift; path = Cyto.swift; sourceTree = "<group>"; };
		D8DA98C12B69384300A4AA8F /* Base */ = {isa = PBXFileReference; lastKnownFileType = file.storyboard; name = Base; path = Base.lproj/LaunchScreen.storyboard; sourceTree = "<group>"; };
		D8DA98C52B6F3C4E00A4AA8F /* LimboCell.swift */ = {isa = PBXFileReference; lastKnownFileType = sourcecode.swift; path = LimboCell.swift; sourceTree = "<group>"; };
		D8DA98C72B6F40BB00A4AA8F /* MaskCell.swift */ = {isa = PBXFileReference; lastKnownFileType = sourcecode.swift; path = MaskCell.swift; sourceTree = "<group>"; };
		D8DDAC6D2A8C35BC00100633 /* AetherExplorer.swift */ = {isa = PBXFileReference; fileEncoding = 4; lastKnownFileType = sourcecode.swift; path = AetherExplorer.swift; sourceTree = "<group>"; };
		D8DDAC6E2A8C35BC00100633 /* AexelsView.swift */ = {isa = PBXFileReference; fileEncoding = 4; lastKnownFileType = sourcecode.swift; path = AexelsView.swift; sourceTree = "<group>"; };
		D8E154D028162E650074A59B /* Aexels.entitlements */ = {isa = PBXFileReference; lastKnownFileType = text.plist.entitlements; path = Aexels.entitlements; sourceTree = "<group>"; };
		D8FB29832B73ED53003E89E5 /* OoviumView.swift */ = {isa = PBXFileReference; lastKnownFileType = sourcecode.swift; path = OoviumView.swift; sourceTree = "<group>"; };
/* End PBXFileReference section */

/* Begin PBXFrameworksBuildPhase section */
		D8AE17342814E97200E74CB8 /* Frameworks */ = {
			isa = PBXFrameworksBuildPhase;
			buildActionMask = 2147483647;
			files = (
				D829BCED28152FBA005B3461 /* OoviumKit in Frameworks */,
				D804561C281534BF0018223B /* Acheron in Frameworks */,
				D804561E281534BF0018223B /* OoviumEngine in Frameworks */,
			);
			runOnlyForDeploymentPostprocessing = 0;
		};
/* End PBXFrameworksBuildPhase section */

/* Begin PBXGroup section */
		D8042F12293B06A800453B8E /* Thracian */ = {
			isa = PBXGroup;
			children = (
				D8042F13293B085500453B8E /* Thracian.h */,
				D8042F14293B085500453B8E /* Thracian.c */,
			);
			path = Thracian;
			sourceTree = "<group>";
		};
		D80B6ED52B75186F00EC2536 /* Music */ = {
			isa = PBXGroup;
			children = (
				D80B6EDA2B766F3C00EC2536 /* Aexels3.mp3 */,
			);
			path = Music;
			sourceTree = "<group>";
		};
		D80ED6AE2B679A4100EF4F8D /* Engines */ = {
			isa = PBXGroup;
			children = (
				D8656C0C2A8CF6F7003FC9A3 /* Ionian */,
				D8656C0D2A8CF74F003FC9A3 /* Myrtoan */,
				D8042F12293B06A800453B8E /* Thracian */,
				D8AE17E42814F20500E74CB8 /* CellularEngine.swift */,
				D850F44B293F2EB30091F15A /* DiliationEngine.swift */,
				D813B7682AA6B892003851AE /* GravityEngine.swift */,
			);
			path = Engines;
			sourceTree = "<group>";
		};
		D80ED6AF2B679B4A00EF4F8D /* Views */ = {
			isa = PBXGroup;
			children = (
				D8AE17532814EAFD00E74CB8 /* Shared */,
				D8AE17552814EB0D00E74CB8 /* Nexus */,
				D8DDAC6C2A8C345100100633 /* Aether */,
				D8AE17572814EB2300E74CB8 /* Cellular Automata */,
				D8AE17582814EB2F00E74CB8 /* Kinematics */,
				D8AE17592814EB3600E74CB8 /* Gravity */,
				D8AE175A2814EB3E00E74CB8 /* Dilation */,
			);
			path = Views;
			sourceTree = "<group>";
		};
		D8656C0C2A8CF6F7003FC9A3 /* Ionian */ = {
			isa = PBXGroup;
			children = (
				D80ED6AC2B679A1A00EF4F8D /* Ionian.h */,
				D80ED6AB2B679A1A00EF4F8D /* Ionian.c */,
			);
			path = Ionian;
			sourceTree = "<group>";
		};
		D8656C0D2A8CF74F003FC9A3 /* Myrtoan */ = {
			isa = PBXGroup;
			children = (
				D8656C0E2A8CF7C1003FC9A3 /* Myrtoan.h */,
				D8656C0F2A8CF7C1003FC9A3 /* Myrtoan.c */,
			);
			path = Myrtoan;
			sourceTree = "<group>";
		};
		D87C0DCF2931A7720005B44D /* LaTeX */ = {
			isa = PBXGroup;
			children = (
				D87C0DD22931A8250005B44D /* Contraction.latex */,
				D87C0DD02931A7AE0005B44D /* Dilation.latex */,
				D849E0532934E4250012D0AC /* Discrepancy.latex */,
			);
			path = LaTeX;
			sourceTree = "<group>";
		};
		D8AA5A4F2B7AEFC200282522 /* Domain */ = {
			isa = PBXGroup;
			children = (
				D8AA5A502B7AEFD700282522 /* Article.swift */,
			);
			path = Domain;
			sourceTree = "<group>";
		};
		D8AE172E2814E97200E74CB8 = {
			isa = PBXGroup;
			children = (
				D8AE17392814E97200E74CB8 /* Source */,
				D8AE174E2814EA5A00E74CB8 /* Resources */,
				D8AE17382814E97200E74CB8 /* Products */,
			);
			sourceTree = "<group>";
		};
		D8AE17382814E97200E74CB8 /* Products */ = {
			isa = PBXGroup;
			children = (
				D8AE17372814E97200E74CB8 /* Aexels.app */,
			);
			name = Products;
			sourceTree = "<group>";
		};
		D8AE17392814E97200E74CB8 /* Source */ = {
			isa = PBXGroup;
			children = (
				D8AE174F2814EACC00E74CB8 /* Extensions */,
				D80ED6AE2B679A4100EF4F8D /* Engines */,
				D8AA5A4F2B7AEFC200282522 /* Domain */,
				D8AE17522814EAED00E74CB8 /* Interface */,
				D8AE17512814EADC00E74CB8 /* Global */,
			);
			path = Source;
			sourceTree = "<group>";
		};
		D8AE174E2814EA5A00E74CB8 /* Resources */ = {
			isa = PBXGroup;
			children = (
				D8E154D028162E650074A59B /* Aexels.entitlements */,
				D8AE17432814E97300E74CB8 /* Assets.xcassets */,
				D8DA98C02B69384300A4AA8F /* LaunchScreen.storyboard */,
				D8AE17BD2814F1A600E74CB8 /* Info.plist */,
				D8AE17662814F0D300E74CB8 /* en.lproj */,
				D80B6ED52B75186F00EC2536 /* Music */,
				D8AE17BB2814F11900E74CB8 /* Fonts */,
				D8AE17BA2814F10000E74CB8 /* Aethers */,
				D87C0DCF2931A7720005B44D /* LaTeX */,
			);
			path = Resources;
			sourceTree = "<group>";
		};
		D8AE174F2814EACC00E74CB8 /* Extensions */ = {
			isa = PBXGroup;
			children = (
				D8AE17602814F06E00E74CB8 /* UIFont+Aexels.swift */,
			);
			path = Extensions;
			sourceTree = "<group>";
		};
		D8AE17512814EADC00E74CB8 /* Global */ = {
			isa = PBXGroup;
			children = (
				D8AE18122814F59D00E74CB8 /* Aexels-Bridging-Header.h */,
				D8AE17C02814F1AF00E74CB8 /* AexelsDelegate.swift */,
				D8AE17BF2814F1AF00E74CB8 /* Aexels.swift */,
			);
			path = Global;
			sourceTree = "<group>";
		};
		D8AE17522814EAED00E74CB8 /* Interface */ = {
			isa = PBXGroup;
			children = (
				D80ED6AF2B679B4A00EF4F8D /* Views */,
				D8AE17542814EB0400E74CB8 /* Explorers */,
				D80ED6B32B679D8000EF4F8D /* ExplorerViewController.swift */,
			);
			path = Interface;
			sourceTree = "<group>";
		};
		D8AE17532814EAFD00E74CB8 /* Shared */ = {
			isa = PBXGroup;
			children = (
				D8DA98CB2B71DE0700A4AA8F /* Cells */,
				D8AE17D12814F1EC00E74CB8 /* AXButton.swift */,
				D881B7B8294BDED2004DE0DD /* CloseButton.swift */,
				D8AE17D32814F1EC00E74CB8 /* ContentLimbo.swift */,
				D8AE17E32814F20500E74CB8 /* DilatorView.swift */,
				D8AE17E62814F20500E74CB8 /* GuideButton.swift */,
				D8AE17D42814F1EC00E74CB8 /* Limbo.swift */,
				D8AE17D02814F1EC00E74CB8 /* LimboButton.swift */,
				D8AE17D22814F1EC00E74CB8 /* MaskView.swift */,
				D8AE17CD2814F1EC00E74CB8 /* PlayButton.swift */,
				D8AE17E52814F20500E74CB8 /* ResetButton.swift */,
				D8AE17632814F08400E74CB8 /* Simulation.swift */,
				D8AE17D52814F1EC00E74CB8 /* SliderView.swift */,
				D8AE17CE2814F1EC00E74CB8 /* SwapButton.swift */,
				D8A63A472B79D5B800C28F93 /* ArticleView.swift */,
			);
			path = Shared;
			sourceTree = "<group>";
		};
		D8AE17542814EB0400E74CB8 /* Explorers */ = {
			isa = PBXGroup;
			children = (
				D8AE17C62814F1C700E74CB8 /* Explorer.swift */,
				D80ED6B02B679C6A00EF4F8D /* NexusExplorer.swift */,
				D8DDAC6D2A8C35BC00100633 /* AetherExplorer.swift */,
				D8AE17E12814F20500E74CB8 /* CellularExplorer.swift */,
				D8AE17F22814F20E00E74CB8 /* KinematicsExplorer.swift */,
				D80FB2E92B80DFC400F7DF17 /* DistanceExplorer.swift */,
				D8534B0F2A8CDA0200342F61 /* GravityExplorer.swift */,
				D8AE17FD2814F21F00E74CB8 /* DilationExplorer.swift */,
				D8AE17FF2814F22700E74CB8 /* ContractionExplorer.swift */,
			);
			path = Explorers;
			sourceTree = "<group>";
		};
		D8AE17552814EB0D00E74CB8 /* Nexus */ = {
			isa = PBXGroup;
			children = (
				D8AE17C52814F1C700E74CB8 /* TouchingGesture.swift */,
				D8AE17C42814F1C700E74CB8 /* NexusLabel.swift */,
				D8AFFA9E2B74B30C00588196 /* VisionBar.swift */,
				D8A63A452B76D8AC00C28F93 /* GlyphsView.swift */,
				D88878BF2B7CBAF900BB3D09 /* Interchange.swift */,
			);
			path = Nexus;
			sourceTree = "<group>";
		};
		D8AE17572814EB2300E74CB8 /* Cellular Automata */ = {
			isa = PBXGroup;
			children = (
				D8FB29832B73ED53003E89E5 /* OoviumView.swift */,
				D8AE17E22814F20500E74CB8 /* CellularView.swift */,
			);
			path = "Cellular Automata";
			sourceTree = "<group>";
		};
		D8AE17582814EB2F00E74CB8 /* Kinematics */ = {
			isa = PBXGroup;
			children = (
				D8C1CC08293D7669001881F5 /* Widgets */,
				D8AE17ED2814F20E00E74CB8 /* NewtonianView.swift */,
				D8AE17EE2814F20E00E74CB8 /* VectorView.swift */,
				D8AE17EF2814F20E00E74CB8 /* KinematicsView.swift */,
			);
			path = Kinematics;
			sourceTree = "<group>";
		};
		D8AE17592814EB3600E74CB8 /* Gravity */ = {
			isa = PBXGroup;
			children = (
				D8656C112A8CF907003FC9A3 /* GravityView.swift */,
			);
			path = Gravity;
			sourceTree = "<group>";
		};
		D8AE175A2814EB3E00E74CB8 /* Dilation */ = {
			isa = PBXGroup;
			children = (
				D8C1CC07293D7654001881F5 /* Widgets */,
				D8042F10293AEB0200453B8E /* DilationView.swift */,
			);
			path = Dilation;
			sourceTree = "<group>";
		};
		D8AE17662814F0D300E74CB8 /* en.lproj */ = {
			isa = PBXGroup;
			children = (
				D8AE17672814F0D300E74CB8 /* Localizable.strings */,
			);
			path = en.lproj;
			sourceTree = "<group>";
		};
		D8AE17BA2814F10000E74CB8 /* Aethers */ = {
			isa = PBXGroup;
			children = (
				D8AE17852814F0D300E74CB8 /* Day & Night iP.oo */,
				D8AE176A2814F0D300E74CB8 /* Day & Night.oo */,
				D8AE17882814F0D300E74CB8 /* Demons iP.oo */,
				D8AE176F2814F0D300E74CB8 /* Demons.oo */,
				D8AE178F2814F0D300E74CB8 /* Game of Life iP.oo */,
				D8AE176E2814F0D300E74CB8 /* Game of Life.oo */,
				D8AE178C2814F0D300E74CB8 /* Move iP.oo */,
				D8AE177D2814F0D300E74CB8 /* Move.oo */,
				D8AE177B2814F0D300E74CB8 /* Sweetness iP.oo */,
				D8AE176B2814F0D300E74CB8 /* Sweetness.oo */,
				D8AE17732814F0D300E74CB8 /* WalledCities iP.oo */,
				D8AE17752814F0D300E74CB8 /* WalledCities.oo */,
			);
			path = Aethers;
			sourceTree = "<group>";
		};
		D8AE17BB2814F11900E74CB8 /* Fonts */ = {
			isa = PBXGroup;
			children = (
				D8AE17702814F0D300E74CB8 /* ChicagoFLF.ttf */,
				D8AE178E2814F0D300E74CB8 /* TrajanPro-Bold.ttf */,
				D8AE178B2814F0D300E74CB8 /* TrajanPro-Regular.otf */,
			);
			path = Fonts;
			sourceTree = "<group>";
		};
		D8C1CC07293D7654001881F5 /* Widgets */ = {
			isa = PBXGroup;
			children = (
				D8C1CC0A293D76D9001881F5 /* CSlider.swift */,
				D850F449293EEDD60091F15A /* VSlider.swift */,
				D8D2E1252944592900EC1719 /* PulseButton.swift */,
				D8D2E1272944BC4E00EC1719 /* BoolButton.swift */,
			);
			path = Widgets;
			sourceTree = "<group>";
		};
		D8C1CC08293D7669001881F5 /* Widgets */ = {
			isa = PBXGroup;
			children = (
				D8AE17F02814F20E00E74CB8 /* ExpButton.swift */,
				D8AE17F12814F20E00E74CB8 /* NetButton.swift */,
			);
			path = Widgets;
			sourceTree = "<group>";
		};
		D8DA98CB2B71DE0700A4AA8F /* Cells */ = {
			isa = PBXGroup;
			children = (
				D8DA98BA2B690DDF00A4AA8F /* Cyto.swift */,
				D8DA98C52B6F3C4E00A4AA8F /* LimboCell.swift */,
				D8DA98C72B6F40BB00A4AA8F /* MaskCell.swift */,
			);
			path = Cells;
			sourceTree = "<group>";
		};
		D8DDAC6C2A8C345100100633 /* Aether */ = {
			isa = PBXGroup;
			children = (
				D8DDAC6E2A8C35BC00100633 /* AexelsView.swift */,
			);
			path = Aether;
			sourceTree = "<group>";
		};
/* End PBXGroup section */

/* Begin PBXNativeTarget section */
		D8AE17362814E97200E74CB8 /* Aexels */ = {
			isa = PBXNativeTarget;
			buildConfigurationList = D8AE174B2814E97300E74CB8 /* Build configuration list for PBXNativeTarget "Aexels" */;
			buildPhases = (
				D8AE17332814E97200E74CB8 /* Sources */,
				D8AE17342814E97200E74CB8 /* Frameworks */,
				D8AE17352814E97200E74CB8 /* Resources */,
			);
			buildRules = (
			);
			dependencies = (
			);
			name = Aexels;
			packageProductDependencies = (
				D829BCEC28152FBA005B3461 /* OoviumKit */,
				D804561B281534BF0018223B /* Acheron */,
				D804561D281534BF0018223B /* OoviumEngine */,
			);
			productName = Aexels;
			productReference = D8AE17372814E97200E74CB8 /* Aexels.app */;
			productType = "com.apple.product-type.application";
		};
/* End PBXNativeTarget section */

/* Begin PBXProject section */
		D8AE172F2814E97200E74CB8 /* Project object */ = {
			isa = PBXProject;
			attributes = {
				BuildIndependentTargetsInParallel = 1;
				CLASSPREFIX = AX;
				LastSwiftUpdateCheck = 1330;
				LastUpgradeCheck = 1520;
				ORGANIZATIONNAME = "Aepryus Software";
				TargetAttributes = {
					D8AE17362814E97200E74CB8 = {
						CreatedOnToolsVersion = 13.3.1;
						LastSwiftMigration = 1330;
					};
				};
			};
			buildConfigurationList = D8AE17322814E97200E74CB8 /* Build configuration list for PBXProject "Aexels" */;
			compatibilityVersion = "Xcode 13.0";
			developmentRegion = en;
			hasScannedForEncodings = 0;
			knownRegions = (
				en,
				Base,
			);
			mainGroup = D8AE172E2814E97200E74CB8;
			packageReferences = (
				D829BCEB28152FBA005B3461 /* XCRemoteSwiftPackageReference "OoviumKit" */,
			);
			productRefGroup = D8AE17382814E97200E74CB8 /* Products */;
			projectDirPath = "";
			projectRoot = "";
			targets = (
				D8AE17362814E97200E74CB8 /* Aexels */,
			);
		};
/* End PBXProject section */

/* Begin PBXResourcesBuildPhase section */
		D8AE17352814E97200E74CB8 /* Resources */ = {
			isa = PBXResourcesBuildPhase;
			buildActionMask = 2147483647;
			files = (
				D8AE17942814F0D300E74CB8 /* Sweetness.oo in Resources */,
				D8AE17B82814F0D300E74CB8 /* Game of Life iP.oo in Resources */,
				D8AE179C2814F0D300E74CB8 /* WalledCities iP.oo in Resources */,
				D8AE17932814F0D300E74CB8 /* Day & Night.oo in Resources */,
				D8AE17A62814F0D300E74CB8 /* Move.oo in Resources */,
				D8AE17972814F0D300E74CB8 /* Game of Life.oo in Resources */,
				D8AE17442814E97300E74CB8 /* Assets.xcassets in Resources */,
				D8AE17AE2814F0D300E74CB8 /* Day & Night iP.oo in Resources */,
				D8AE17982814F0D300E74CB8 /* Demons.oo in Resources */,
				D849E0542934E4250012D0AC /* Discrepancy.latex in Resources */,
				D8AE17B12814F0D300E74CB8 /* Demons iP.oo in Resources */,
				D8AE179E2814F0D300E74CB8 /* WalledCities.oo in Resources */,
				D8AE17992814F0D300E74CB8 /* ChicagoFLF.ttf in Resources */,
				D87C0DD32931A8250005B44D /* Contraction.latex in Resources */,
				D87C0DD12931A7AE0005B44D /* Dilation.latex in Resources */,
				D8AE17912814F0D300E74CB8 /* Localizable.strings in Resources */,
				D8AE17A42814F0D300E74CB8 /* Sweetness iP.oo in Resources */,
				D8AE17B42814F0D300E74CB8 /* TrajanPro-Regular.otf in Resources */,
				D80B6EDB2B766F3C00EC2536 /* Aexels3.mp3 in Resources */,
				D8DA98C22B69384300A4AA8F /* LaunchScreen.storyboard in Resources */,
				D8AE17B52814F0D300E74CB8 /* Move iP.oo in Resources */,
				D8AE17B72814F0D300E74CB8 /* TrajanPro-Bold.ttf in Resources */,
			);
			runOnlyForDeploymentPostprocessing = 0;
		};
/* End PBXResourcesBuildPhase section */

/* Begin PBXSourcesBuildPhase section */
		D8AE17332814E97200E74CB8 /* Sources */ = {
			isa = PBXSourcesBuildPhase;
			buildActionMask = 2147483647;
			files = (
				D8AFFA9F2B74B30C00588196 /* VisionBar.swift in Sources */,
				D8042F11293AEB0200453B8E /* DilationView.swift in Sources */,
				D8AE17DB2814F1EC00E74CB8 /* MaskView.swift in Sources */,
				D850F44C293F2EB30091F15A /* DiliationEngine.swift in Sources */,
				D8AE17CA2814F1C700E74CB8 /* TouchingGesture.swift in Sources */,
				D8C1CC0B293D76D9001881F5 /* CSlider.swift in Sources */,
				D881B7B9294BDED2004DE0DD /* CloseButton.swift in Sources */,
				D8AE17612814F06E00E74CB8 /* UIFont+Aexels.swift in Sources */,
				D8AE17C22814F1AF00E74CB8 /* AexelsDelegate.swift in Sources */,
				D850F44A293EEDD60091F15A /* VSlider.swift in Sources */,
				D8AE17E82814F20500E74CB8 /* CellularView.swift in Sources */,
				D8AE17C12814F1AF00E74CB8 /* Aexels.swift in Sources */,
				D8AE17F62814F20E00E74CB8 /* ExpButton.swift in Sources */,
				D80FB2EA2B80DFC400F7DF17 /* DistanceExplorer.swift in Sources */,
				D8AE17DA2814F1EC00E74CB8 /* AXButton.swift in Sources */,
				D8AE17D62814F1EC00E74CB8 /* PlayButton.swift in Sources */,
				D8AE17FE2814F21F00E74CB8 /* DilationExplorer.swift in Sources */,
				D8AE17F32814F20E00E74CB8 /* NewtonianView.swift in Sources */,
				D813B7692AA6B892003851AE /* GravityEngine.swift in Sources */,
				D8FB29842B73ED53003E89E5 /* OoviumView.swift in Sources */,
				D88878C02B7CBAF900BB3D09 /* Interchange.swift in Sources */,
				D80ED6B42B679D8000EF4F8D /* ExplorerViewController.swift in Sources */,
				D8D2E1262944592900EC1719 /* PulseButton.swift in Sources */,
				D8A63A462B76D8AC00C28F93 /* GlyphsView.swift in Sources */,
				D8AE17F82814F20E00E74CB8 /* KinematicsExplorer.swift in Sources */,
				D8DA98C62B6F3C4E00A4AA8F /* LimboCell.swift in Sources */,
				D8A63A482B79D5B800C28F93 /* ArticleView.swift in Sources */,
				D8DA98C82B6F40BB00A4AA8F /* MaskCell.swift in Sources */,
				D8AA5A512B7AEFD700282522 /* Article.swift in Sources */,
				D8534B102A8CDA0200342F61 /* GravityExplorer.swift in Sources */,
				D80ED6B12B679C6A00EF4F8D /* NexusExplorer.swift in Sources */,
				D8AE17D92814F1EC00E74CB8 /* LimboButton.swift in Sources */,
				D8DA98BB2B690DDF00A4AA8F /* Cyto.swift in Sources */,
				D8AE17E72814F20500E74CB8 /* CellularExplorer.swift in Sources */,
				D8AE17C92814F1C700E74CB8 /* NexusLabel.swift in Sources */,
				D8DDAC702A8C35BC00100633 /* AexelsView.swift in Sources */,
				D8AE17DD2814F1EC00E74CB8 /* Limbo.swift in Sources */,
				D8D2E1282944BC4E00EC1719 /* BoolButton.swift in Sources */,
				D8DDAC6F2A8C35BC00100633 /* AetherExplorer.swift in Sources */,
				D8AE17DC2814F1EC00E74CB8 /* ContentLimbo.swift in Sources */,
				D8656C122A8CF907003FC9A3 /* GravityView.swift in Sources */,
				D8AE17CB2814F1C700E74CB8 /* Explorer.swift in Sources */,
				D8AE17EA2814F20500E74CB8 /* CellularEngine.swift in Sources */,
				D8AE17652814F08400E74CB8 /* Simulation.swift in Sources */,
				D8AE17D72814F1EC00E74CB8 /* SwapButton.swift in Sources */,
				D8AE17EB2814F20500E74CB8 /* ResetButton.swift in Sources */,
				D80ED6AD2B679A1A00EF4F8D /* Ionian.c in Sources */,
				D8AE17E92814F20500E74CB8 /* DilatorView.swift in Sources */,
				D8656C102A8CF7C1003FC9A3 /* Myrtoan.c in Sources */,
				D8AE17F42814F20E00E74CB8 /* VectorView.swift in Sources */,
				D8042F15293B085500453B8E /* Thracian.c in Sources */,
				D8AE17EC2814F20500E74CB8 /* GuideButton.swift in Sources */,
				D8AE17F52814F20E00E74CB8 /* KinematicsView.swift in Sources */,
				D8AE18002814F22700E74CB8 /* ContractionExplorer.swift in Sources */,
				D8AE17DE2814F1EC00E74CB8 /* SliderView.swift in Sources */,
				D8AE17F72814F20E00E74CB8 /* NetButton.swift in Sources */,
			);
			runOnlyForDeploymentPostprocessing = 0;
		};
/* End PBXSourcesBuildPhase section */

/* Begin PBXVariantGroup section */
		D8AE17672814F0D300E74CB8 /* Localizable.strings */ = {
			isa = PBXVariantGroup;
			children = (
				D8AE17682814F0D300E74CB8 /* en */,
			);
			name = Localizable.strings;
			sourceTree = "<group>";
		};
		D8DA98C02B69384300A4AA8F /* LaunchScreen.storyboard */ = {
			isa = PBXVariantGroup;
			children = (
				D8DA98C12B69384300A4AA8F /* Base */,
			);
			name = LaunchScreen.storyboard;
			sourceTree = "<group>";
		};
/* End PBXVariantGroup section */

/* Begin XCBuildConfiguration section */
		D8AE17492814E97300E74CB8 /* Debug */ = {
			isa = XCBuildConfiguration;
			buildSettings = {
				ALWAYS_SEARCH_USER_PATHS = NO;
				ASSETCATALOG_COMPILER_GENERATE_SWIFT_ASSET_SYMBOL_EXTENSIONS = YES;
				CLANG_ANALYZER_NONNULL = YES;
				CLANG_ANALYZER_NUMBER_OBJECT_CONVERSION = YES_AGGRESSIVE;
				CLANG_CXX_LANGUAGE_STANDARD = "gnu++17";
				CLANG_ENABLE_MODULES = YES;
				CLANG_ENABLE_OBJC_ARC = YES;
				CLANG_ENABLE_OBJC_WEAK = YES;
				CLANG_WARN_BLOCK_CAPTURE_AUTORELEASING = YES;
				CLANG_WARN_BOOL_CONVERSION = YES;
				CLANG_WARN_COMMA = YES;
				CLANG_WARN_CONSTANT_CONVERSION = YES;
				CLANG_WARN_DEPRECATED_OBJC_IMPLEMENTATIONS = YES;
				CLANG_WARN_DIRECT_OBJC_ISA_USAGE = YES_ERROR;
				CLANG_WARN_DOCUMENTATION_COMMENTS = YES;
				CLANG_WARN_EMPTY_BODY = YES;
				CLANG_WARN_ENUM_CONVERSION = YES;
				CLANG_WARN_INFINITE_RECURSION = YES;
				CLANG_WARN_INT_CONVERSION = YES;
				CLANG_WARN_NON_LITERAL_NULL_CONVERSION = YES;
				CLANG_WARN_OBJC_IMPLICIT_RETAIN_SELF = YES;
				CLANG_WARN_OBJC_LITERAL_CONVERSION = YES;
				CLANG_WARN_OBJC_ROOT_CLASS = YES_ERROR;
				CLANG_WARN_QUOTED_INCLUDE_IN_FRAMEWORK_HEADER = YES;
				CLANG_WARN_RANGE_LOOP_ANALYSIS = YES;
				CLANG_WARN_STRICT_PROTOTYPES = YES;
				CLANG_WARN_SUSPICIOUS_MOVE = YES;
				CLANG_WARN_UNGUARDED_AVAILABILITY = YES_AGGRESSIVE;
				CLANG_WARN_UNREACHABLE_CODE = YES;
				CLANG_WARN__DUPLICATE_METHOD_MATCH = YES;
				COPY_PHASE_STRIP = NO;
				DEBUG_INFORMATION_FORMAT = dwarf;
				ENABLE_STRICT_OBJC_MSGSEND = YES;
				ENABLE_TESTABILITY = YES;
				ENABLE_USER_SCRIPT_SANDBOXING = YES;
				GCC_C_LANGUAGE_STANDARD = gnu11;
				GCC_DYNAMIC_NO_PIC = NO;
				GCC_NO_COMMON_BLOCKS = YES;
				GCC_OPTIMIZATION_LEVEL = 0;
				GCC_PREPROCESSOR_DEFINITIONS = (
					"DEBUG=1",
					"$(inherited)",
				);
				GCC_WARN_64_TO_32_BIT_CONVERSION = YES;
				GCC_WARN_ABOUT_RETURN_TYPE = YES_ERROR;
				GCC_WARN_UNDECLARED_SELECTOR = YES;
				GCC_WARN_UNINITIALIZED_AUTOS = YES_AGGRESSIVE;
				GCC_WARN_UNUSED_FUNCTION = YES;
				GCC_WARN_UNUSED_VARIABLE = YES;
				IPHONEOS_DEPLOYMENT_TARGET = 15.4;
				MTL_ENABLE_DEBUG_INFO = INCLUDE_SOURCE;
				MTL_FAST_MATH = YES;
				ONLY_ACTIVE_ARCH = YES;
				SDKROOT = iphoneos;
				SWIFT_ACTIVE_COMPILATION_CONDITIONS = DEBUG;
				SWIFT_OPTIMIZATION_LEVEL = "-Onone";
			};
			name = Debug;
		};
		D8AE174A2814E97300E74CB8 /* Release */ = {
			isa = XCBuildConfiguration;
			buildSettings = {
				ALWAYS_SEARCH_USER_PATHS = NO;
				ASSETCATALOG_COMPILER_GENERATE_SWIFT_ASSET_SYMBOL_EXTENSIONS = YES;
				CLANG_ANALYZER_NONNULL = YES;
				CLANG_ANALYZER_NUMBER_OBJECT_CONVERSION = YES_AGGRESSIVE;
				CLANG_CXX_LANGUAGE_STANDARD = "gnu++17";
				CLANG_ENABLE_MODULES = YES;
				CLANG_ENABLE_OBJC_ARC = YES;
				CLANG_ENABLE_OBJC_WEAK = YES;
				CLANG_WARN_BLOCK_CAPTURE_AUTORELEASING = YES;
				CLANG_WARN_BOOL_CONVERSION = YES;
				CLANG_WARN_COMMA = YES;
				CLANG_WARN_CONSTANT_CONVERSION = YES;
				CLANG_WARN_DEPRECATED_OBJC_IMPLEMENTATIONS = YES;
				CLANG_WARN_DIRECT_OBJC_ISA_USAGE = YES_ERROR;
				CLANG_WARN_DOCUMENTATION_COMMENTS = YES;
				CLANG_WARN_EMPTY_BODY = YES;
				CLANG_WARN_ENUM_CONVERSION = YES;
				CLANG_WARN_INFINITE_RECURSION = YES;
				CLANG_WARN_INT_CONVERSION = YES;
				CLANG_WARN_NON_LITERAL_NULL_CONVERSION = YES;
				CLANG_WARN_OBJC_IMPLICIT_RETAIN_SELF = YES;
				CLANG_WARN_OBJC_LITERAL_CONVERSION = YES;
				CLANG_WARN_OBJC_ROOT_CLASS = YES_ERROR;
				CLANG_WARN_QUOTED_INCLUDE_IN_FRAMEWORK_HEADER = YES;
				CLANG_WARN_RANGE_LOOP_ANALYSIS = YES;
				CLANG_WARN_STRICT_PROTOTYPES = YES;
				CLANG_WARN_SUSPICIOUS_MOVE = YES;
				CLANG_WARN_UNGUARDED_AVAILABILITY = YES_AGGRESSIVE;
				CLANG_WARN_UNREACHABLE_CODE = YES;
				CLANG_WARN__DUPLICATE_METHOD_MATCH = YES;
				COPY_PHASE_STRIP = NO;
				DEBUG_INFORMATION_FORMAT = "dwarf-with-dsym";
				ENABLE_NS_ASSERTIONS = NO;
				ENABLE_STRICT_OBJC_MSGSEND = YES;
				ENABLE_USER_SCRIPT_SANDBOXING = YES;
				GCC_C_LANGUAGE_STANDARD = gnu11;
				GCC_NO_COMMON_BLOCKS = YES;
				GCC_WARN_64_TO_32_BIT_CONVERSION = YES;
				GCC_WARN_ABOUT_RETURN_TYPE = YES_ERROR;
				GCC_WARN_UNDECLARED_SELECTOR = YES;
				GCC_WARN_UNINITIALIZED_AUTOS = YES_AGGRESSIVE;
				GCC_WARN_UNUSED_FUNCTION = YES;
				GCC_WARN_UNUSED_VARIABLE = YES;
				IPHONEOS_DEPLOYMENT_TARGET = 15.4;
				MTL_ENABLE_DEBUG_INFO = NO;
				MTL_FAST_MATH = YES;
				SDKROOT = iphoneos;
				SWIFT_COMPILATION_MODE = wholemodule;
				SWIFT_OPTIMIZATION_LEVEL = "-O";
				VALIDATE_PRODUCT = YES;
			};
			name = Release;
		};
		D8AE174C2814E97300E74CB8 /* Debug */ = {
			isa = XCBuildConfiguration;
			buildSettings = {
				ASSETCATALOG_COMPILER_APPICON_NAME = AppIcon;
				ASSETCATALOG_COMPILER_GLOBAL_ACCENT_COLOR_NAME = AccentColor;
				CLANG_ENABLE_MODULES = YES;
				CODE_SIGN_ENTITLEMENTS = Resources/Aexels.entitlements;
				CODE_SIGN_STYLE = Automatic;
				CURRENT_PROJECT_VERSION = 34;
				DEVELOPMENT_TEAM = Z6PFG8RC6V;
				GENERATE_INFOPLIST_FILE = YES;
				INFOPLIST_FILE = Resources/Info.plist;
				INFOPLIST_KEY_LSApplicationCategoryType = "public.app-category.entertainment";
				INFOPLIST_KEY_UIApplicationSupportsIndirectInputEvents = YES;
				INFOPLIST_KEY_UILaunchStoryboardName = LaunchScreen.storyboard;
				INFOPLIST_KEY_UIRequiresFullScreen = YES;
				INFOPLIST_KEY_UISupportedInterfaceOrientations_iPad = "UIInterfaceOrientationLandscapeLeft UIInterfaceOrientationLandscapeRight";
				INFOPLIST_KEY_UISupportedInterfaceOrientations_iPhone = UIInterfaceOrientationPortrait;
				IPHONEOS_DEPLOYMENT_TARGET = 14.2;
				LD_RUNPATH_SEARCH_PATHS = (
					"$(inherited)",
					"@executable_path/Frameworks",
				);
				MARKETING_VERSION = 4.0;
				PRODUCT_BUNDLE_IDENTIFIER = com.aepryus.aexels;
				PRODUCT_NAME = "$(TARGET_NAME)";
				SUPPORTS_MACCATALYST = YES;
				SUPPORTS_MAC_DESIGNED_FOR_IPHONE_IPAD = NO;
				SWIFT_EMIT_LOC_STRINGS = YES;
				SWIFT_OBJC_BRIDGING_HEADER = "Source/Global/Aexels-Bridging-Header.h";
				SWIFT_OPTIMIZATION_LEVEL = "-Onone";
				SWIFT_VERSION = 5.0;
				TARGETED_DEVICE_FAMILY = "1,2,6";
			};
			name = Debug;
		};
		D8AE174D2814E97300E74CB8 /* Release */ = {
			isa = XCBuildConfiguration;
			buildSettings = {
				ASSETCATALOG_COMPILER_APPICON_NAME = AppIcon;
				ASSETCATALOG_COMPILER_GLOBAL_ACCENT_COLOR_NAME = AccentColor;
				CLANG_ENABLE_MODULES = YES;
				CODE_SIGN_ENTITLEMENTS = Resources/Aexels.entitlements;
				CODE_SIGN_STYLE = Automatic;
				CURRENT_PROJECT_VERSION = 34;
				DEVELOPMENT_TEAM = Z6PFG8RC6V;
				GENERATE_INFOPLIST_FILE = YES;
				INFOPLIST_FILE = Resources/Info.plist;
				INFOPLIST_KEY_LSApplicationCategoryType = "public.app-category.entertainment";
				INFOPLIST_KEY_UIApplicationSupportsIndirectInputEvents = YES;
				INFOPLIST_KEY_UILaunchStoryboardName = LaunchScreen.storyboard;
				INFOPLIST_KEY_UIRequiresFullScreen = YES;
				INFOPLIST_KEY_UISupportedInterfaceOrientations_iPad = "UIInterfaceOrientationLandscapeLeft UIInterfaceOrientationLandscapeRight";
				INFOPLIST_KEY_UISupportedInterfaceOrientations_iPhone = UIInterfaceOrientationPortrait;
				IPHONEOS_DEPLOYMENT_TARGET = 14.2;
				LD_RUNPATH_SEARCH_PATHS = (
					"$(inherited)",
					"@executable_path/Frameworks",
				);
				MARKETING_VERSION = 4.0;
				PRODUCT_BUNDLE_IDENTIFIER = com.aepryus.aexels;
				PRODUCT_NAME = "$(TARGET_NAME)";
				SUPPORTS_MACCATALYST = YES;
				SUPPORTS_MAC_DESIGNED_FOR_IPHONE_IPAD = NO;
				SWIFT_EMIT_LOC_STRINGS = YES;
				SWIFT_OBJC_BRIDGING_HEADER = "Source/Global/Aexels-Bridging-Header.h";
				SWIFT_VERSION = 5.0;
				TARGETED_DEVICE_FAMILY = "1,2,6";
			};
			name = Release;
		};
/* End XCBuildConfiguration section */

/* Begin XCConfigurationList section */
		D8AE17322814E97200E74CB8 /* Build configuration list for PBXProject "Aexels" */ = {
			isa = XCConfigurationList;
			buildConfigurations = (
				D8AE17492814E97300E74CB8 /* Debug */,
				D8AE174A2814E97300E74CB8 /* Release */,
			);
			defaultConfigurationIsVisible = 0;
			defaultConfigurationName = Release;
		};
		D8AE174B2814E97300E74CB8 /* Build configuration list for PBXNativeTarget "Aexels" */ = {
			isa = XCConfigurationList;
			buildConfigurations = (
				D8AE174C2814E97300E74CB8 /* Debug */,
				D8AE174D2814E97300E74CB8 /* Release */,
			);
			defaultConfigurationIsVisible = 0;
			defaultConfigurationName = Release;
		};
/* End XCConfigurationList section */

/* Begin XCRemoteSwiftPackageReference section */
		D829BCEB28152FBA005B3461 /* XCRemoteSwiftPackageReference "OoviumKit" */ = {
			isa = XCRemoteSwiftPackageReference;
			repositoryURL = "https://github.com/aepryus/OoviumKit";
			requirement = {
				branch = master;
				kind = branch;
			};
		};
/* End XCRemoteSwiftPackageReference section */

/* Begin XCSwiftPackageProductDependency section */
		D804561B281534BF0018223B /* Acheron */ = {
			isa = XCSwiftPackageProductDependency;
			productName = Acheron;
		};
		D804561D281534BF0018223B /* OoviumEngine */ = {
			isa = XCSwiftPackageProductDependency;
			productName = OoviumEngine;
		};
		D829BCEC28152FBA005B3461 /* OoviumKit */ = {
			isa = XCSwiftPackageProductDependency;
			package = D829BCEB28152FBA005B3461 /* XCRemoteSwiftPackageReference "OoviumKit" */;
			productName = OoviumKit;
		};
/* End XCSwiftPackageProductDependency section */
	};
	rootObject = D8AE172F2814E97200E74CB8 /* Project object */;
}
